Microsoft Visual Studio Solution File, Format Version 12.00
# Visual Studio Version 16
VisualStudioVersion = 16.0.28809.33
MinimumVisualStudioVersion = 10.0.40219.1
Project("{FAE04EC0-301F-11D3-BF4B-00C04F79EFBC}") = "TsinghuaNet.XF.UWP", "TsinghuaNet.XF\TsinghuaNet.XF.UWP\TsinghuaNet.XF.UWP.csproj", "{A3D46666-50D0-4371-BBA7-AB41842AC56C}"
EndProject
Project("{FAE04EC0-301F-11D3-BF4B-00C04F79EFBC}") = "TsinghuaNet.XF.Android", "TsinghuaNet.XF\TsinghuaNet.XF.Android\TsinghuaNet.XF.Android.csproj", "{29CCD298-C693-44CA-9AD8-B787B2413322}"
EndProject
Project("{FAE04EC0-301F-11D3-BF4B-00C04F79EFBC}") = "TsinghuaNet.XF.iOS", "TsinghuaNet.XF\TsinghuaNet.XF.iOS\TsinghuaNet.XF.iOS.csproj", "{EBA72185-F1F1-4DDB-BE81-A249D4A7BD21}"
EndProject
Project("{9A19103F-16F7-4668-BE54-9A1E7A4F7556}") = "TsinghuaNet.XF", "TsinghuaNet.XF\TsinghuaNet.XF\TsinghuaNet.XF.csproj", "{7EE8356F-FE16-4CDC-82D0-02D10804DCDC}"
EndProject
Project("{FAE04EC0-301F-11D3-BF4B-00C04F79EFBC}") = "TsinghuaNet.XF.UWP.Background", "TsinghuaNet.XF\TsinghuaNet.XF.UWP.Background\TsinghuaNet.XF.UWP.Background.csproj", "{EE8D2350-DBF1-4F68-8C6F-4009144EF402}"
EndProject
Project("{FAE04EC0-301F-11D3-BF4B-00C04F79EFBC}") = "TsinghuaNet.XF.UWP.Helpers", "TsinghuaNet.XF\TsinghuaNet.XF.UWP.Helpers\TsinghuaNet.XF.UWP.Helpers.csproj", "{5635431E-131A-446F-A70B-9256AC859D54}"
EndProject
Project("{9A19103F-16F7-4668-BE54-9A1E7A4F7556}") = "TsinghuaNet.Standard", "TsinghuaNet\TsinghuaNet.Standard.csproj", "{4845EBCF-2090-499D-91B0-6E653BEA37C4}"
EndProject
Global
	GlobalSection(SolutionConfigurationPlatforms) = preSolution
		Ad-Hoc|Any CPU = Ad-Hoc|Any CPU
		Ad-Hoc|ARM = Ad-Hoc|ARM
		Ad-Hoc|ARM64 = Ad-Hoc|ARM64
		Ad-Hoc|iPhone = Ad-Hoc|iPhone
		Ad-Hoc|iPhoneSimulator = Ad-Hoc|iPhoneSimulator
		Ad-Hoc|x64 = Ad-Hoc|x64
		Ad-Hoc|x86 = Ad-Hoc|x86
		AppStore|Any CPU = AppStore|Any CPU
		AppStore|ARM = AppStore|ARM
		AppStore|ARM64 = AppStore|ARM64
		AppStore|iPhone = AppStore|iPhone
		AppStore|iPhoneSimulator = AppStore|iPhoneSimulator
		AppStore|x64 = AppStore|x64
		AppStore|x86 = AppStore|x86
		Debug|Any CPU = Debug|Any CPU
		Debug|ARM = Debug|ARM
		Debug|ARM64 = Debug|ARM64
		Debug|iPhone = Debug|iPhone
		Debug|iPhoneSimulator = Debug|iPhoneSimulator
		Debug|x64 = Debug|x64
		Debug|x86 = Debug|x86
		Release|Any CPU = Release|Any CPU
		Release|ARM = Release|ARM
		Release|ARM64 = Release|ARM64
		Release|iPhone = Release|iPhone
		Release|iPhoneSimulator = Release|iPhoneSimulator
		Release|x64 = Release|x64
		Release|x86 = Release|x86
	EndGlobalSection
	GlobalSection(ProjectConfigurationPlatforms) = postSolution
		{A3D46666-50D0-4371-BBA7-AB41842AC56C}.Ad-Hoc|Any CPU.ActiveCfg = Release|x86
		{A3D46666-50D0-4371-BBA7-AB41842AC56C}.Ad-Hoc|Any CPU.Build.0 = Release|x86
		{A3D46666-50D0-4371-BBA7-AB41842AC56C}.Ad-Hoc|Any CPU.Deploy.0 = Release|x86
		{A3D46666-50D0-4371-BBA7-AB41842AC56C}.Ad-Hoc|ARM.ActiveCfg = Release|ARM
		{A3D46666-50D0-4371-BBA7-AB41842AC56C}.Ad-Hoc|ARM.Build.0 = Release|ARM
		{A3D46666-50D0-4371-BBA7-AB41842AC56C}.Ad-Hoc|ARM.Deploy.0 = Release|ARM
		{A3D46666-50D0-4371-BBA7-AB41842AC56C}.Ad-Hoc|ARM64.ActiveCfg = Release|x86
		{A3D46666-50D0-4371-BBA7-AB41842AC56C}.Ad-Hoc|ARM64.Build.0 = Release|x86
		{A3D46666-50D0-4371-BBA7-AB41842AC56C}.Ad-Hoc|ARM64.Deploy.0 = Release|x86
		{A3D46666-50D0-4371-BBA7-AB41842AC56C}.Ad-Hoc|iPhone.ActiveCfg = Release|x86
		{A3D46666-50D0-4371-BBA7-AB41842AC56C}.Ad-Hoc|iPhone.Build.0 = Release|x86
		{A3D46666-50D0-4371-BBA7-AB41842AC56C}.Ad-Hoc|iPhone.Deploy.0 = Release|x86
		{A3D46666-50D0-4371-BBA7-AB41842AC56C}.Ad-Hoc|iPhoneSimulator.ActiveCfg = Release|x86
		{A3D46666-50D0-4371-BBA7-AB41842AC56C}.Ad-Hoc|iPhoneSimulator.Build.0 = Release|x86
		{A3D46666-50D0-4371-BBA7-AB41842AC56C}.Ad-Hoc|iPhoneSimulator.Deploy.0 = Release|x86
		{A3D46666-50D0-4371-BBA7-AB41842AC56C}.Ad-Hoc|x64.ActiveCfg = Release|x64
		{A3D46666-50D0-4371-BBA7-AB41842AC56C}.Ad-Hoc|x64.Build.0 = Release|x64
		{A3D46666-50D0-4371-BBA7-AB41842AC56C}.Ad-Hoc|x64.Deploy.0 = Release|x64
		{A3D46666-50D0-4371-BBA7-AB41842AC56C}.Ad-Hoc|x86.ActiveCfg = Release|x86
		{A3D46666-50D0-4371-BBA7-AB41842AC56C}.Ad-Hoc|x86.Build.0 = Release|x86
		{A3D46666-50D0-4371-BBA7-AB41842AC56C}.Ad-Hoc|x86.Deploy.0 = Release|x86
		{A3D46666-50D0-4371-BBA7-AB41842AC56C}.AppStore|Any CPU.ActiveCfg = Release|x86
		{A3D46666-50D0-4371-BBA7-AB41842AC56C}.AppStore|Any CPU.Build.0 = Release|x86
		{A3D46666-50D0-4371-BBA7-AB41842AC56C}.AppStore|Any CPU.Deploy.0 = Release|x86
		{A3D46666-50D0-4371-BBA7-AB41842AC56C}.AppStore|ARM.ActiveCfg = Release|ARM
		{A3D46666-50D0-4371-BBA7-AB41842AC56C}.AppStore|ARM.Build.0 = Release|ARM
		{A3D46666-50D0-4371-BBA7-AB41842AC56C}.AppStore|ARM.Deploy.0 = Release|ARM
		{A3D46666-50D0-4371-BBA7-AB41842AC56C}.AppStore|ARM64.ActiveCfg = Release|x86
		{A3D46666-50D0-4371-BBA7-AB41842AC56C}.AppStore|ARM64.Build.0 = Release|x86
		{A3D46666-50D0-4371-BBA7-AB41842AC56C}.AppStore|ARM64.Deploy.0 = Release|x86
		{A3D46666-50D0-4371-BBA7-AB41842AC56C}.AppStore|iPhone.ActiveCfg = Release|x86
		{A3D46666-50D0-4371-BBA7-AB41842AC56C}.AppStore|iPhone.Build.0 = Release|x86
		{A3D46666-50D0-4371-BBA7-AB41842AC56C}.AppStore|iPhone.Deploy.0 = Release|x86
		{A3D46666-50D0-4371-BBA7-AB41842AC56C}.AppStore|iPhoneSimulator.ActiveCfg = Release|x86
		{A3D46666-50D0-4371-BBA7-AB41842AC56C}.AppStore|iPhoneSimulator.Build.0 = Release|x86
		{A3D46666-50D0-4371-BBA7-AB41842AC56C}.AppStore|iPhoneSimulator.Deploy.0 = Release|x86
		{A3D46666-50D0-4371-BBA7-AB41842AC56C}.AppStore|x64.ActiveCfg = Release|x64
		{A3D46666-50D0-4371-BBA7-AB41842AC56C}.AppStore|x64.Build.0 = Release|x64
		{A3D46666-50D0-4371-BBA7-AB41842AC56C}.AppStore|x64.Deploy.0 = Release|x64
		{A3D46666-50D0-4371-BBA7-AB41842AC56C}.AppStore|x86.ActiveCfg = Release|x86
		{A3D46666-50D0-4371-BBA7-AB41842AC56C}.AppStore|x86.Build.0 = Release|x86
		{A3D46666-50D0-4371-BBA7-AB41842AC56C}.AppStore|x86.Deploy.0 = Release|x86
		{A3D46666-50D0-4371-BBA7-AB41842AC56C}.Debug|Any CPU.ActiveCfg = Debug|x86
		{A3D46666-50D0-4371-BBA7-AB41842AC56C}.Debug|ARM.ActiveCfg = Debug|ARM
		{A3D46666-50D0-4371-BBA7-AB41842AC56C}.Debug|ARM.Build.0 = Debug|ARM
		{A3D46666-50D0-4371-BBA7-AB41842AC56C}.Debug|ARM.Deploy.0 = Debug|ARM
		{A3D46666-50D0-4371-BBA7-AB41842AC56C}.Debug|ARM64.ActiveCfg = Debug|x86
		{A3D46666-50D0-4371-BBA7-AB41842AC56C}.Debug|iPhone.ActiveCfg = Debug|x86
		{A3D46666-50D0-4371-BBA7-AB41842AC56C}.Debug|iPhoneSimulator.ActiveCfg = Debug|x86
		{A3D46666-50D0-4371-BBA7-AB41842AC56C}.Debug|x64.ActiveCfg = Debug|x64
		{A3D46666-50D0-4371-BBA7-AB41842AC56C}.Debug|x64.Build.0 = Debug|x64
		{A3D46666-50D0-4371-BBA7-AB41842AC56C}.Debug|x64.Deploy.0 = Debug|x64
		{A3D46666-50D0-4371-BBA7-AB41842AC56C}.Debug|x86.ActiveCfg = Debug|x86
		{A3D46666-50D0-4371-BBA7-AB41842AC56C}.Debug|x86.Build.0 = Debug|x86
		{A3D46666-50D0-4371-BBA7-AB41842AC56C}.Debug|x86.Deploy.0 = Debug|x86
		{A3D46666-50D0-4371-BBA7-AB41842AC56C}.Release|Any CPU.ActiveCfg = Release|x86
		{A3D46666-50D0-4371-BBA7-AB41842AC56C}.Release|ARM.ActiveCfg = Release|ARM
		{A3D46666-50D0-4371-BBA7-AB41842AC56C}.Release|ARM.Build.0 = Release|ARM
		{A3D46666-50D0-4371-BBA7-AB41842AC56C}.Release|ARM.Deploy.0 = Release|ARM
		{A3D46666-50D0-4371-BBA7-AB41842AC56C}.Release|ARM64.ActiveCfg = Release|x86
		{A3D46666-50D0-4371-BBA7-AB41842AC56C}.Release|iPhone.ActiveCfg = Release|x86
		{A3D46666-50D0-4371-BBA7-AB41842AC56C}.Release|iPhoneSimulator.ActiveCfg = Release|x86
		{A3D46666-50D0-4371-BBA7-AB41842AC56C}.Release|x64.ActiveCfg = Release|x64
		{A3D46666-50D0-4371-BBA7-AB41842AC56C}.Release|x64.Build.0 = Release|x64
		{A3D46666-50D0-4371-BBA7-AB41842AC56C}.Release|x64.Deploy.0 = Release|x64
		{A3D46666-50D0-4371-BBA7-AB41842AC56C}.Release|x86.ActiveCfg = Release|x86
		{A3D46666-50D0-4371-BBA7-AB41842AC56C}.Release|x86.Build.0 = Release|x86
		{A3D46666-50D0-4371-BBA7-AB41842AC56C}.Release|x86.Deploy.0 = Release|x86
		{29CCD298-C693-44CA-9AD8-B787B2413322}.Ad-Hoc|Any CPU.ActiveCfg = Release|Any CPU
		{29CCD298-C693-44CA-9AD8-B787B2413322}.Ad-Hoc|Any CPU.Build.0 = Release|Any CPU
		{29CCD298-C693-44CA-9AD8-B787B2413322}.Ad-Hoc|Any CPU.Deploy.0 = Release|Any CPU
		{29CCD298-C693-44CA-9AD8-B787B2413322}.Ad-Hoc|ARM.ActiveCfg = Release|Any CPU
		{29CCD298-C693-44CA-9AD8-B787B2413322}.Ad-Hoc|ARM.Build.0 = Release|Any CPU
		{29CCD298-C693-44CA-9AD8-B787B2413322}.Ad-Hoc|ARM.Deploy.0 = Release|Any CPU
		{29CCD298-C693-44CA-9AD8-B787B2413322}.Ad-Hoc|ARM64.ActiveCfg = Release|Any CPU
		{29CCD298-C693-44CA-9AD8-B787B2413322}.Ad-Hoc|ARM64.Build.0 = Release|Any CPU
		{29CCD298-C693-44CA-9AD8-B787B2413322}.Ad-Hoc|ARM64.Deploy.0 = Release|Any CPU
		{29CCD298-C693-44CA-9AD8-B787B2413322}.Ad-Hoc|iPhone.ActiveCfg = Release|Any CPU
		{29CCD298-C693-44CA-9AD8-B787B2413322}.Ad-Hoc|iPhone.Build.0 = Release|Any CPU
		{29CCD298-C693-44CA-9AD8-B787B2413322}.Ad-Hoc|iPhone.Deploy.0 = Release|Any CPU
		{29CCD298-C693-44CA-9AD8-B787B2413322}.Ad-Hoc|iPhoneSimulator.ActiveCfg = Release|Any CPU
		{29CCD298-C693-44CA-9AD8-B787B2413322}.Ad-Hoc|iPhoneSimulator.Build.0 = Release|Any CPU
		{29CCD298-C693-44CA-9AD8-B787B2413322}.Ad-Hoc|iPhoneSimulator.Deploy.0 = Release|Any CPU
		{29CCD298-C693-44CA-9AD8-B787B2413322}.Ad-Hoc|x64.ActiveCfg = Release|Any CPU
		{29CCD298-C693-44CA-9AD8-B787B2413322}.Ad-Hoc|x64.Build.0 = Release|Any CPU
		{29CCD298-C693-44CA-9AD8-B787B2413322}.Ad-Hoc|x64.Deploy.0 = Release|Any CPU
		{29CCD298-C693-44CA-9AD8-B787B2413322}.Ad-Hoc|x86.ActiveCfg = Release|Any CPU
		{29CCD298-C693-44CA-9AD8-B787B2413322}.Ad-Hoc|x86.Build.0 = Release|Any CPU
		{29CCD298-C693-44CA-9AD8-B787B2413322}.Ad-Hoc|x86.Deploy.0 = Release|Any CPU
		{29CCD298-C693-44CA-9AD8-B787B2413322}.AppStore|Any CPU.ActiveCfg = Release|Any CPU
		{29CCD298-C693-44CA-9AD8-B787B2413322}.AppStore|Any CPU.Build.0 = Release|Any CPU
		{29CCD298-C693-44CA-9AD8-B787B2413322}.AppStore|Any CPU.Deploy.0 = Release|Any CPU
		{29CCD298-C693-44CA-9AD8-B787B2413322}.AppStore|ARM.ActiveCfg = Release|Any CPU
		{29CCD298-C693-44CA-9AD8-B787B2413322}.AppStore|ARM.Build.0 = Release|Any CPU
		{29CCD298-C693-44CA-9AD8-B787B2413322}.AppStore|ARM.Deploy.0 = Release|Any CPU
		{29CCD298-C693-44CA-9AD8-B787B2413322}.AppStore|ARM64.ActiveCfg = Release|Any CPU
		{29CCD298-C693-44CA-9AD8-B787B2413322}.AppStore|ARM64.Build.0 = Release|Any CPU
		{29CCD298-C693-44CA-9AD8-B787B2413322}.AppStore|ARM64.Deploy.0 = Release|Any CPU
		{29CCD298-C693-44CA-9AD8-B787B2413322}.AppStore|iPhone.ActiveCfg = Release|Any CPU
		{29CCD298-C693-44CA-9AD8-B787B2413322}.AppStore|iPhone.Build.0 = Release|Any CPU
		{29CCD298-C693-44CA-9AD8-B787B2413322}.AppStore|iPhone.Deploy.0 = Release|Any CPU
		{29CCD298-C693-44CA-9AD8-B787B2413322}.AppStore|iPhoneSimulator.ActiveCfg = Release|Any CPU
		{29CCD298-C693-44CA-9AD8-B787B2413322}.AppStore|iPhoneSimulator.Build.0 = Release|Any CPU
		{29CCD298-C693-44CA-9AD8-B787B2413322}.AppStore|iPhoneSimulator.Deploy.0 = Release|Any CPU
		{29CCD298-C693-44CA-9AD8-B787B2413322}.AppStore|x64.ActiveCfg = Release|Any CPU
		{29CCD298-C693-44CA-9AD8-B787B2413322}.AppStore|x64.Build.0 = Release|Any CPU
		{29CCD298-C693-44CA-9AD8-B787B2413322}.AppStore|x64.Deploy.0 = Release|Any CPU
		{29CCD298-C693-44CA-9AD8-B787B2413322}.AppStore|x86.ActiveCfg = Release|Any CPU
		{29CCD298-C693-44CA-9AD8-B787B2413322}.AppStore|x86.Build.0 = Release|Any CPU
		{29CCD298-C693-44CA-9AD8-B787B2413322}.AppStore|x86.Deploy.0 = Release|Any CPU
		{29CCD298-C693-44CA-9AD8-B787B2413322}.Debug|Any CPU.ActiveCfg = Debug|Any CPU
		{29CCD298-C693-44CA-9AD8-B787B2413322}.Debug|Any CPU.Build.0 = Debug|Any CPU
		{29CCD298-C693-44CA-9AD8-B787B2413322}.Debug|Any CPU.Deploy.0 = Debug|Any CPU
		{29CCD298-C693-44CA-9AD8-B787B2413322}.Debug|ARM.ActiveCfg = Debug|Any CPU
		{29CCD298-C693-44CA-9AD8-B787B2413322}.Debug|ARM.Build.0 = Debug|Any CPU
		{29CCD298-C693-44CA-9AD8-B787B2413322}.Debug|ARM.Deploy.0 = Debug|Any CPU
		{29CCD298-C693-44CA-9AD8-B787B2413322}.Debug|ARM64.ActiveCfg = Debug|Any CPU
		{29CCD298-C693-44CA-9AD8-B787B2413322}.Debug|ARM64.Build.0 = Debug|Any CPU
		{29CCD298-C693-44CA-9AD8-B787B2413322}.Debug|ARM64.Deploy.0 = Debug|Any CPU
		{29CCD298-C693-44CA-9AD8-B787B2413322}.Debug|iPhone.ActiveCfg = Debug|Any CPU
		{29CCD298-C693-44CA-9AD8-B787B2413322}.Debug|iPhone.Build.0 = Debug|Any CPU
		{29CCD298-C693-44CA-9AD8-B787B2413322}.Debug|iPhone.Deploy.0 = Debug|Any CPU
		{29CCD298-C693-44CA-9AD8-B787B2413322}.Debug|iPhoneSimulator.ActiveCfg = Debug|Any CPU
		{29CCD298-C693-44CA-9AD8-B787B2413322}.Debug|iPhoneSimulator.Build.0 = Debug|Any CPU
		{29CCD298-C693-44CA-9AD8-B787B2413322}.Debug|iPhoneSimulator.Deploy.0 = Debug|Any CPU
		{29CCD298-C693-44CA-9AD8-B787B2413322}.Debug|x64.ActiveCfg = Debug|Any CPU
		{29CCD298-C693-44CA-9AD8-B787B2413322}.Debug|x64.Build.0 = Debug|Any CPU
		{29CCD298-C693-44CA-9AD8-B787B2413322}.Debug|x64.Deploy.0 = Debug|Any CPU
		{29CCD298-C693-44CA-9AD8-B787B2413322}.Debug|x86.ActiveCfg = Debug|Any CPU
		{29CCD298-C693-44CA-9AD8-B787B2413322}.Debug|x86.Build.0 = Debug|Any CPU
		{29CCD298-C693-44CA-9AD8-B787B2413322}.Debug|x86.Deploy.0 = Debug|Any CPU
		{29CCD298-C693-44CA-9AD8-B787B2413322}.Release|Any CPU.ActiveCfg = Release|Any CPU
		{29CCD298-C693-44CA-9AD8-B787B2413322}.Release|Any CPU.Build.0 = Release|Any CPU
		{29CCD298-C693-44CA-9AD8-B787B2413322}.Release|Any CPU.Deploy.0 = Release|Any CPU
		{29CCD298-C693-44CA-9AD8-B787B2413322}.Release|ARM.ActiveCfg = Release|Any CPU
		{29CCD298-C693-44CA-9AD8-B787B2413322}.Release|ARM.Build.0 = Release|Any CPU
		{29CCD298-C693-44CA-9AD8-B787B2413322}.Release|ARM.Deploy.0 = Release|Any CPU
		{29CCD298-C693-44CA-9AD8-B787B2413322}.Release|ARM64.ActiveCfg = Release|Any CPU
		{29CCD298-C693-44CA-9AD8-B787B2413322}.Release|ARM64.Build.0 = Release|Any CPU
		{29CCD298-C693-44CA-9AD8-B787B2413322}.Release|ARM64.Deploy.0 = Release|Any CPU
		{29CCD298-C693-44CA-9AD8-B787B2413322}.Release|iPhone.ActiveCfg = Release|Any CPU
		{29CCD298-C693-44CA-9AD8-B787B2413322}.Release|iPhone.Build.0 = Release|Any CPU
		{29CCD298-C693-44CA-9AD8-B787B2413322}.Release|iPhone.Deploy.0 = Release|Any CPU
		{29CCD298-C693-44CA-9AD8-B787B2413322}.Release|iPhoneSimulator.ActiveCfg = Release|Any CPU
		{29CCD298-C693-44CA-9AD8-B787B2413322}.Release|iPhoneSimulator.Build.0 = Release|Any CPU
		{29CCD298-C693-44CA-9AD8-B787B2413322}.Release|iPhoneSimulator.Deploy.0 = Release|Any CPU
		{29CCD298-C693-44CA-9AD8-B787B2413322}.Release|x64.ActiveCfg = Release|Any CPU
		{29CCD298-C693-44CA-9AD8-B787B2413322}.Release|x64.Build.0 = Release|Any CPU
		{29CCD298-C693-44CA-9AD8-B787B2413322}.Release|x64.Deploy.0 = Release|Any CPU
		{29CCD298-C693-44CA-9AD8-B787B2413322}.Release|x86.ActiveCfg = Release|Any CPU
		{29CCD298-C693-44CA-9AD8-B787B2413322}.Release|x86.Build.0 = Release|Any CPU
		{29CCD298-C693-44CA-9AD8-B787B2413322}.Release|x86.Deploy.0 = Release|Any CPU
		{EBA72185-F1F1-4DDB-BE81-A249D4A7BD21}.Ad-Hoc|Any CPU.ActiveCfg = Release|iPhone
		{EBA72185-F1F1-4DDB-BE81-A249D4A7BD21}.Ad-Hoc|Any CPU.Build.0 = Release|iPhone
		{EBA72185-F1F1-4DDB-BE81-A249D4A7BD21}.Ad-Hoc|ARM.ActiveCfg = Release|iPhone
		{EBA72185-F1F1-4DDB-BE81-A249D4A7BD21}.Ad-Hoc|ARM.Build.0 = Release|iPhone
		{EBA72185-F1F1-4DDB-BE81-A249D4A7BD21}.Ad-Hoc|ARM64.ActiveCfg = Release|iPhone
		{EBA72185-F1F1-4DDB-BE81-A249D4A7BD21}.Ad-Hoc|ARM64.Build.0 = Release|iPhone
		{EBA72185-F1F1-4DDB-BE81-A249D4A7BD21}.Ad-Hoc|iPhone.ActiveCfg = Release|iPhone
		{EBA72185-F1F1-4DDB-BE81-A249D4A7BD21}.Ad-Hoc|iPhone.Build.0 = Release|iPhone
		{EBA72185-F1F1-4DDB-BE81-A249D4A7BD21}.Ad-Hoc|iPhoneSimulator.ActiveCfg = Release|iPhoneSimulator
		{EBA72185-F1F1-4DDB-BE81-A249D4A7BD21}.Ad-Hoc|iPhoneSimulator.Build.0 = Release|iPhoneSimulator
		{EBA72185-F1F1-4DDB-BE81-A249D4A7BD21}.Ad-Hoc|x64.ActiveCfg = Release|iPhone
		{EBA72185-F1F1-4DDB-BE81-A249D4A7BD21}.Ad-Hoc|x64.Build.0 = Release|iPhone
		{EBA72185-F1F1-4DDB-BE81-A249D4A7BD21}.Ad-Hoc|x86.ActiveCfg = Release|iPhone
		{EBA72185-F1F1-4DDB-BE81-A249D4A7BD21}.Ad-Hoc|x86.Build.0 = Release|iPhone
		{EBA72185-F1F1-4DDB-BE81-A249D4A7BD21}.AppStore|Any CPU.ActiveCfg = Release|iPhone
		{EBA72185-F1F1-4DDB-BE81-A249D4A7BD21}.AppStore|Any CPU.Build.0 = Release|iPhone
		{EBA72185-F1F1-4DDB-BE81-A249D4A7BD21}.AppStore|ARM.ActiveCfg = Release|iPhone
		{EBA72185-F1F1-4DDB-BE81-A249D4A7BD21}.AppStore|ARM.Build.0 = Release|iPhone
		{EBA72185-F1F1-4DDB-BE81-A249D4A7BD21}.AppStore|ARM64.ActiveCfg = Release|iPhone
		{EBA72185-F1F1-4DDB-BE81-A249D4A7BD21}.AppStore|ARM64.Build.0 = Release|iPhone
		{EBA72185-F1F1-4DDB-BE81-A249D4A7BD21}.AppStore|iPhone.ActiveCfg = Release|iPhone
		{EBA72185-F1F1-4DDB-BE81-A249D4A7BD21}.AppStore|iPhone.Build.0 = Release|iPhone
		{EBA72185-F1F1-4DDB-BE81-A249D4A7BD21}.AppStore|iPhoneSimulator.ActiveCfg = Release|iPhoneSimulator
		{EBA72185-F1F1-4DDB-BE81-A249D4A7BD21}.AppStore|iPhoneSimulator.Build.0 = Release|iPhoneSimulator
		{EBA72185-F1F1-4DDB-BE81-A249D4A7BD21}.AppStore|x64.ActiveCfg = Release|iPhone
		{EBA72185-F1F1-4DDB-BE81-A249D4A7BD21}.AppStore|x64.Build.0 = Release|iPhone
		{EBA72185-F1F1-4DDB-BE81-A249D4A7BD21}.AppStore|x86.ActiveCfg = Release|iPhone
		{EBA72185-F1F1-4DDB-BE81-A249D4A7BD21}.AppStore|x86.Build.0 = Release|iPhone
		{EBA72185-F1F1-4DDB-BE81-A249D4A7BD21}.Debug|Any CPU.ActiveCfg = Debug|iPhone
		{EBA72185-F1F1-4DDB-BE81-A249D4A7BD21}.Debug|ARM.ActiveCfg = Debug|iPhone
		{EBA72185-F1F1-4DDB-BE81-A249D4A7BD21}.Debug|ARM64.ActiveCfg = Debug|iPhone
		{EBA72185-F1F1-4DDB-BE81-A249D4A7BD21}.Debug|iPhone.ActiveCfg = Debug|iPhone
		{EBA72185-F1F1-4DDB-BE81-A249D4A7BD21}.Debug|iPhone.Build.0 = Debug|iPhone
		{EBA72185-F1F1-4DDB-BE81-A249D4A7BD21}.Debug|iPhoneSimulator.ActiveCfg = Debug|iPhoneSimulator
		{EBA72185-F1F1-4DDB-BE81-A249D4A7BD21}.Debug|iPhoneSimulator.Build.0 = Debug|iPhoneSimulator
		{EBA72185-F1F1-4DDB-BE81-A249D4A7BD21}.Debug|x64.ActiveCfg = Debug|iPhone
		{EBA72185-F1F1-4DDB-BE81-A249D4A7BD21}.Debug|x86.ActiveCfg = Debug|iPhone
		{EBA72185-F1F1-4DDB-BE81-A249D4A7BD21}.Release|Any CPU.ActiveCfg = Release|iPhone
		{EBA72185-F1F1-4DDB-BE81-A249D4A7BD21}.Release|ARM.ActiveCfg = Release|iPhone
		{EBA72185-F1F1-4DDB-BE81-A249D4A7BD21}.Release|ARM64.ActiveCfg = Release|iPhone
		{EBA72185-F1F1-4DDB-BE81-A249D4A7BD21}.Release|iPhone.ActiveCfg = Release|iPhone
		{EBA72185-F1F1-4DDB-BE81-A249D4A7BD21}.Release|iPhone.Build.0 = Release|iPhone
		{EBA72185-F1F1-4DDB-BE81-A249D4A7BD21}.Release|iPhoneSimulator.ActiveCfg = Release|iPhoneSimulator
		{EBA72185-F1F1-4DDB-BE81-A249D4A7BD21}.Release|iPhoneSimulator.Build.0 = Release|iPhoneSimulator
		{EBA72185-F1F1-4DDB-BE81-A249D4A7BD21}.Release|x64.ActiveCfg = Release|iPhone
		{EBA72185-F1F1-4DDB-BE81-A249D4A7BD21}.Release|x86.ActiveCfg = Release|iPhone
		{7EE8356F-FE16-4CDC-82D0-02D10804DCDC}.Ad-Hoc|Any CPU.ActiveCfg = Debug|Any CPU
		{7EE8356F-FE16-4CDC-82D0-02D10804DCDC}.Ad-Hoc|Any CPU.Build.0 = Debug|Any CPU
		{7EE8356F-FE16-4CDC-82D0-02D10804DCDC}.Ad-Hoc|ARM.ActiveCfg = Debug|Any CPU
		{7EE8356F-FE16-4CDC-82D0-02D10804DCDC}.Ad-Hoc|ARM.Build.0 = Debug|Any CPU
		{7EE8356F-FE16-4CDC-82D0-02D10804DCDC}.Ad-Hoc|ARM64.ActiveCfg = Debug|Any CPU
		{7EE8356F-FE16-4CDC-82D0-02D10804DCDC}.Ad-Hoc|ARM64.Build.0 = Debug|Any CPU
		{7EE8356F-FE16-4CDC-82D0-02D10804DCDC}.Ad-Hoc|iPhone.ActiveCfg = Debug|Any CPU
		{7EE8356F-FE16-4CDC-82D0-02D10804DCDC}.Ad-Hoc|iPhone.Build.0 = Debug|Any CPU
		{7EE8356F-FE16-4CDC-82D0-02D10804DCDC}.Ad-Hoc|iPhoneSimulator.ActiveCfg = Debug|Any CPU
		{7EE8356F-FE16-4CDC-82D0-02D10804DCDC}.Ad-Hoc|iPhoneSimulator.Build.0 = Debug|Any CPU
		{7EE8356F-FE16-4CDC-82D0-02D10804DCDC}.Ad-Hoc|x64.ActiveCfg = Debug|Any CPU
		{7EE8356F-FE16-4CDC-82D0-02D10804DCDC}.Ad-Hoc|x64.Build.0 = Debug|Any CPU
		{7EE8356F-FE16-4CDC-82D0-02D10804DCDC}.Ad-Hoc|x86.ActiveCfg = Debug|Any CPU
		{7EE8356F-FE16-4CDC-82D0-02D10804DCDC}.Ad-Hoc|x86.Build.0 = Debug|Any CPU
		{7EE8356F-FE16-4CDC-82D0-02D10804DCDC}.AppStore|Any CPU.ActiveCfg = Debug|Any CPU
		{7EE8356F-FE16-4CDC-82D0-02D10804DCDC}.AppStore|Any CPU.Build.0 = Debug|Any CPU
		{7EE8356F-FE16-4CDC-82D0-02D10804DCDC}.AppStore|ARM.ActiveCfg = Debug|Any CPU
		{7EE8356F-FE16-4CDC-82D0-02D10804DCDC}.AppStore|ARM.Build.0 = Debug|Any CPU
		{7EE8356F-FE16-4CDC-82D0-02D10804DCDC}.AppStore|ARM64.ActiveCfg = Debug|Any CPU
		{7EE8356F-FE16-4CDC-82D0-02D10804DCDC}.AppStore|ARM64.Build.0 = Debug|Any CPU
		{7EE8356F-FE16-4CDC-82D0-02D10804DCDC}.AppStore|iPhone.ActiveCfg = Debug|Any CPU
		{7EE8356F-FE16-4CDC-82D0-02D10804DCDC}.AppStore|iPhone.Build.0 = Debug|Any CPU
		{7EE8356F-FE16-4CDC-82D0-02D10804DCDC}.AppStore|iPhoneSimulator.ActiveCfg = Debug|Any CPU
		{7EE8356F-FE16-4CDC-82D0-02D10804DCDC}.AppStore|iPhoneSimulator.Build.0 = Debug|Any CPU
		{7EE8356F-FE16-4CDC-82D0-02D10804DCDC}.AppStore|x64.ActiveCfg = Debug|Any CPU
		{7EE8356F-FE16-4CDC-82D0-02D10804DCDC}.AppStore|x64.Build.0 = Debug|Any CPU
		{7EE8356F-FE16-4CDC-82D0-02D10804DCDC}.AppStore|x86.ActiveCfg = Debug|Any CPU
		{7EE8356F-FE16-4CDC-82D0-02D10804DCDC}.AppStore|x86.Build.0 = Debug|Any CPU
		{7EE8356F-FE16-4CDC-82D0-02D10804DCDC}.Debug|Any CPU.ActiveCfg = Debug|Any CPU
		{7EE8356F-FE16-4CDC-82D0-02D10804DCDC}.Debug|Any CPU.Build.0 = Debug|Any CPU
		{7EE8356F-FE16-4CDC-82D0-02D10804DCDC}.Debug|ARM.ActiveCfg = Debug|Any CPU
		{7EE8356F-FE16-4CDC-82D0-02D10804DCDC}.Debug|ARM.Build.0 = Debug|Any CPU
		{7EE8356F-FE16-4CDC-82D0-02D10804DCDC}.Debug|ARM64.ActiveCfg = Debug|Any CPU
		{7EE8356F-FE16-4CDC-82D0-02D10804DCDC}.Debug|ARM64.Build.0 = Debug|Any CPU
		{7EE8356F-FE16-4CDC-82D0-02D10804DCDC}.Debug|iPhone.ActiveCfg = Debug|Any CPU
		{7EE8356F-FE16-4CDC-82D0-02D10804DCDC}.Debug|iPhone.Build.0 = Debug|Any CPU
		{7EE8356F-FE16-4CDC-82D0-02D10804DCDC}.Debug|iPhoneSimulator.ActiveCfg = Debug|Any CPU
		{7EE8356F-FE16-4CDC-82D0-02D10804DCDC}.Debug|iPhoneSimulator.Build.0 = Debug|Any CPU
		{7EE8356F-FE16-4CDC-82D0-02D10804DCDC}.Debug|x64.ActiveCfg = Debug|Any CPU
		{7EE8356F-FE16-4CDC-82D0-02D10804DCDC}.Debug|x64.Build.0 = Debug|Any CPU
		{7EE8356F-FE16-4CDC-82D0-02D10804DCDC}.Debug|x86.ActiveCfg = Debug|Any CPU
		{7EE8356F-FE16-4CDC-82D0-02D10804DCDC}.Debug|x86.Build.0 = Debug|Any CPU
		{7EE8356F-FE16-4CDC-82D0-02D10804DCDC}.Release|Any CPU.ActiveCfg = Release|Any CPU
		{7EE8356F-FE16-4CDC-82D0-02D10804DCDC}.Release|Any CPU.Build.0 = Release|Any CPU
		{7EE8356F-FE16-4CDC-82D0-02D10804DCDC}.Release|ARM.ActiveCfg = Release|Any CPU
		{7EE8356F-FE16-4CDC-82D0-02D10804DCDC}.Release|ARM.Build.0 = Release|Any CPU
		{7EE8356F-FE16-4CDC-82D0-02D10804DCDC}.Release|ARM64.ActiveCfg = Release|Any CPU
		{7EE8356F-FE16-4CDC-82D0-02D10804DCDC}.Release|ARM64.Build.0 = Release|Any CPU
		{7EE8356F-FE16-4CDC-82D0-02D10804DCDC}.Release|iPhone.ActiveCfg = Release|Any CPU
		{7EE8356F-FE16-4CDC-82D0-02D10804DCDC}.Release|iPhone.Build.0 = Release|Any CPU
		{7EE8356F-FE16-4CDC-82D0-02D10804DCDC}.Release|iPhoneSimulator.ActiveCfg = Release|Any CPU
		{7EE8356F-FE16-4CDC-82D0-02D10804DCDC}.Release|iPhoneSimulator.Build.0 = Release|Any CPU
		{7EE8356F-FE16-4CDC-82D0-02D10804DCDC}.Release|x64.ActiveCfg = Release|Any CPU
		{7EE8356F-FE16-4CDC-82D0-02D10804DCDC}.Release|x64.Build.0 = Release|Any CPU
		{7EE8356F-FE16-4CDC-82D0-02D10804DCDC}.Release|x86.ActiveCfg = Release|Any CPU
		{7EE8356F-FE16-4CDC-82D0-02D10804DCDC}.Release|x86.Build.0 = Release|Any CPU
		{EE8D2350-DBF1-4F68-8C6F-4009144EF402}.Ad-Hoc|Any CPU.ActiveCfg = Release|Any CPU
		{EE8D2350-DBF1-4F68-8C6F-4009144EF402}.Ad-Hoc|Any CPU.Build.0 = Release|Any CPU
		{EE8D2350-DBF1-4F68-8C6F-4009144EF402}.Ad-Hoc|ARM.ActiveCfg = Release|ARM
		{EE8D2350-DBF1-4F68-8C6F-4009144EF402}.Ad-Hoc|ARM.Build.0 = Release|ARM
		{EE8D2350-DBF1-4F68-8C6F-4009144EF402}.Ad-Hoc|ARM64.ActiveCfg = Release|ARM64
		{EE8D2350-DBF1-4F68-8C6F-4009144EF402}.Ad-Hoc|ARM64.Build.0 = Release|ARM64
		{EE8D2350-DBF1-4F68-8C6F-4009144EF402}.Ad-Hoc|iPhone.ActiveCfg = Release|Any CPU
		{EE8D2350-DBF1-4F68-8C6F-4009144EF402}.Ad-Hoc|iPhone.Build.0 = Release|Any CPU
		{EE8D2350-DBF1-4F68-8C6F-4009144EF402}.Ad-Hoc|iPhoneSimulator.ActiveCfg = Release|Any CPU
		{EE8D2350-DBF1-4F68-8C6F-4009144EF402}.Ad-Hoc|iPhoneSimulator.Build.0 = Release|Any CPU
		{EE8D2350-DBF1-4F68-8C6F-4009144EF402}.Ad-Hoc|x64.ActiveCfg = Release|x64
		{EE8D2350-DBF1-4F68-8C6F-4009144EF402}.Ad-Hoc|x64.Build.0 = Release|x64
		{EE8D2350-DBF1-4F68-8C6F-4009144EF402}.Ad-Hoc|x86.ActiveCfg = Release|x86
		{EE8D2350-DBF1-4F68-8C6F-4009144EF402}.Ad-Hoc|x86.Build.0 = Release|x86
		{EE8D2350-DBF1-4F68-8C6F-4009144EF402}.AppStore|Any CPU.ActiveCfg = Release|Any CPU
		{EE8D2350-DBF1-4F68-8C6F-4009144EF402}.AppStore|Any CPU.Build.0 = Release|Any CPU
		{EE8D2350-DBF1-4F68-8C6F-4009144EF402}.AppStore|ARM.ActiveCfg = Release|ARM
		{EE8D2350-DBF1-4F68-8C6F-4009144EF402}.AppStore|ARM.Build.0 = Release|ARM
		{EE8D2350-DBF1-4F68-8C6F-4009144EF402}.AppStore|ARM64.ActiveCfg = Release|ARM64
		{EE8D2350-DBF1-4F68-8C6F-4009144EF402}.AppStore|ARM64.Build.0 = Release|ARM64
		{EE8D2350-DBF1-4F68-8C6F-4009144EF402}.AppStore|iPhone.ActiveCfg = Release|Any CPU
		{EE8D2350-DBF1-4F68-8C6F-4009144EF402}.AppStore|iPhone.Build.0 = Release|Any CPU
		{EE8D2350-DBF1-4F68-8C6F-4009144EF402}.AppStore|iPhoneSimulator.ActiveCfg = Release|Any CPU
		{EE8D2350-DBF1-4F68-8C6F-4009144EF402}.AppStore|iPhoneSimulator.Build.0 = Release|Any CPU
		{EE8D2350-DBF1-4F68-8C6F-4009144EF402}.AppStore|x64.ActiveCfg = Release|x64
		{EE8D2350-DBF1-4F68-8C6F-4009144EF402}.AppStore|x64.Build.0 = Release|x64
		{EE8D2350-DBF1-4F68-8C6F-4009144EF402}.AppStore|x86.ActiveCfg = Release|x86
		{EE8D2350-DBF1-4F68-8C6F-4009144EF402}.AppStore|x86.Build.0 = Release|x86
		{EE8D2350-DBF1-4F68-8C6F-4009144EF402}.Debug|Any CPU.ActiveCfg = Debug|Any CPU
		{EE8D2350-DBF1-4F68-8C6F-4009144EF402}.Debug|Any CPU.Build.0 = Debug|Any CPU
		{EE8D2350-DBF1-4F68-8C6F-4009144EF402}.Debug|ARM.ActiveCfg = Debug|ARM
		{EE8D2350-DBF1-4F68-8C6F-4009144EF402}.Debug|ARM.Build.0 = Debug|ARM
		{EE8D2350-DBF1-4F68-8C6F-4009144EF402}.Debug|ARM64.ActiveCfg = Debug|ARM64
		{EE8D2350-DBF1-4F68-8C6F-4009144EF402}.Debug|ARM64.Build.0 = Debug|ARM64
		{EE8D2350-DBF1-4F68-8C6F-4009144EF402}.Debug|iPhone.ActiveCfg = Debug|Any CPU
		{EE8D2350-DBF1-4F68-8C6F-4009144EF402}.Debug|iPhone.Build.0 = Debug|Any CPU
		{EE8D2350-DBF1-4F68-8C6F-4009144EF402}.Debug|iPhoneSimulator.ActiveCfg = Debug|Any CPU
		{EE8D2350-DBF1-4F68-8C6F-4009144EF402}.Debug|iPhoneSimulator.Build.0 = Debug|Any CPU
		{EE8D2350-DBF1-4F68-8C6F-4009144EF402}.Debug|x64.ActiveCfg = Debug|x64
		{EE8D2350-DBF1-4F68-8C6F-4009144EF402}.Debug|x64.Build.0 = Debug|x64
		{EE8D2350-DBF1-4F68-8C6F-4009144EF402}.Debug|x86.ActiveCfg = Debug|x86
		{EE8D2350-DBF1-4F68-8C6F-4009144EF402}.Debug|x86.Build.0 = Debug|x86
		{EE8D2350-DBF1-4F68-8C6F-4009144EF402}.Release|Any CPU.ActiveCfg = Release|Any CPU
		{EE8D2350-DBF1-4F68-8C6F-4009144EF402}.Release|Any CPU.Build.0 = Release|Any CPU
		{EE8D2350-DBF1-4F68-8C6F-4009144EF402}.Release|ARM.ActiveCfg = Release|ARM
		{EE8D2350-DBF1-4F68-8C6F-4009144EF402}.Release|ARM.Build.0 = Release|ARM
		{EE8D2350-DBF1-4F68-8C6F-4009144EF402}.Release|ARM64.ActiveCfg = Release|ARM64
		{EE8D2350-DBF1-4F68-8C6F-4009144EF402}.Release|ARM64.Build.0 = Release|ARM64
		{EE8D2350-DBF1-4F68-8C6F-4009144EF402}.Release|iPhone.ActiveCfg = Release|Any CPU
		{EE8D2350-DBF1-4F68-8C6F-4009144EF402}.Release|iPhone.Build.0 = Release|Any CPU
		{EE8D2350-DBF1-4F68-8C6F-4009144EF402}.Release|iPhoneSimulator.ActiveCfg = Release|Any CPU
		{EE8D2350-DBF1-4F68-8C6F-4009144EF402}.Release|iPhoneSimulator.Build.0 = Release|Any CPU
		{EE8D2350-DBF1-4F68-8C6F-4009144EF402}.Release|x64.ActiveCfg = Release|x64
		{EE8D2350-DBF1-4F68-8C6F-4009144EF402}.Release|x64.Build.0 = Release|x64
		{EE8D2350-DBF1-4F68-8C6F-4009144EF402}.Release|x86.ActiveCfg = Release|x86
		{EE8D2350-DBF1-4F68-8C6F-4009144EF402}.Release|x86.Build.0 = Release|x86
		{5635431E-131A-446F-A70B-9256AC859D54}.Ad-Hoc|Any CPU.ActiveCfg = Release|Any CPU
		{5635431E-131A-446F-A70B-9256AC859D54}.Ad-Hoc|Any CPU.Build.0 = Release|Any CPU
		{5635431E-131A-446F-A70B-9256AC859D54}.Ad-Hoc|ARM.ActiveCfg = Release|ARM
		{5635431E-131A-446F-A70B-9256AC859D54}.Ad-Hoc|ARM.Build.0 = Release|ARM
		{5635431E-131A-446F-A70B-9256AC859D54}.Ad-Hoc|ARM64.ActiveCfg = Release|ARM64
		{5635431E-131A-446F-A70B-9256AC859D54}.Ad-Hoc|ARM64.Build.0 = Release|ARM64
		{5635431E-131A-446F-A70B-9256AC859D54}.Ad-Hoc|iPhone.ActiveCfg = Release|Any CPU
		{5635431E-131A-446F-A70B-9256AC859D54}.Ad-Hoc|iPhone.Build.0 = Release|Any CPU
		{5635431E-131A-446F-A70B-9256AC859D54}.Ad-Hoc|iPhoneSimulator.ActiveCfg = Release|Any CPU
		{5635431E-131A-446F-A70B-9256AC859D54}.Ad-Hoc|iPhoneSimulator.Build.0 = Release|Any CPU
		{5635431E-131A-446F-A70B-9256AC859D54}.Ad-Hoc|x64.ActiveCfg = Release|x64
		{5635431E-131A-446F-A70B-9256AC859D54}.Ad-Hoc|x64.Build.0 = Release|x64
		{5635431E-131A-446F-A70B-9256AC859D54}.Ad-Hoc|x86.ActiveCfg = Release|x86
		{5635431E-131A-446F-A70B-9256AC859D54}.Ad-Hoc|x86.Build.0 = Release|x86
		{5635431E-131A-446F-A70B-9256AC859D54}.AppStore|Any CPU.ActiveCfg = Release|Any CPU
		{5635431E-131A-446F-A70B-9256AC859D54}.AppStore|Any CPU.Build.0 = Release|Any CPU
		{5635431E-131A-446F-A70B-9256AC859D54}.AppStore|ARM.ActiveCfg = Release|ARM
		{5635431E-131A-446F-A70B-9256AC859D54}.AppStore|ARM.Build.0 = Release|ARM
		{5635431E-131A-446F-A70B-9256AC859D54}.AppStore|ARM64.ActiveCfg = Release|ARM64
		{5635431E-131A-446F-A70B-9256AC859D54}.AppStore|ARM64.Build.0 = Release|ARM64
		{5635431E-131A-446F-A70B-9256AC859D54}.AppStore|iPhone.ActiveCfg = Release|Any CPU
		{5635431E-131A-446F-A70B-9256AC859D54}.AppStore|iPhone.Build.0 = Release|Any CPU
		{5635431E-131A-446F-A70B-9256AC859D54}.AppStore|iPhoneSimulator.ActiveCfg = Release|Any CPU
		{5635431E-131A-446F-A70B-9256AC859D54}.AppStore|iPhoneSimulator.Build.0 = Release|Any CPU
		{5635431E-131A-446F-A70B-9256AC859D54}.AppStore|x64.ActiveCfg = Release|x64
		{5635431E-131A-446F-A70B-9256AC859D54}.AppStore|x64.Build.0 = Release|x64
		{5635431E-131A-446F-A70B-9256AC859D54}.AppStore|x86.ActiveCfg = Release|x86
		{5635431E-131A-446F-A70B-9256AC859D54}.AppStore|x86.Build.0 = Release|x86
		{5635431E-131A-446F-A70B-9256AC859D54}.Debug|Any CPU.ActiveCfg = Debug|Any CPU
		{5635431E-131A-446F-A70B-9256AC859D54}.Debug|Any CPU.Build.0 = Debug|Any CPU
		{5635431E-131A-446F-A70B-9256AC859D54}.Debug|ARM.ActiveCfg = Debug|ARM
		{5635431E-131A-446F-A70B-9256AC859D54}.Debug|ARM.Build.0 = Debug|ARM
		{5635431E-131A-446F-A70B-9256AC859D54}.Debug|ARM64.ActiveCfg = Debug|ARM64
		{5635431E-131A-446F-A70B-9256AC859D54}.Debug|ARM64.Build.0 = Debug|ARM64
		{5635431E-131A-446F-A70B-9256AC859D54}.Debug|iPhone.ActiveCfg = Debug|Any CPU
		{5635431E-131A-446F-A70B-9256AC859D54}.Debug|iPhone.Build.0 = Debug|Any CPU
		{5635431E-131A-446F-A70B-9256AC859D54}.Debug|iPhoneSimulator.ActiveCfg = Debug|Any CPU
		{5635431E-131A-446F-A70B-9256AC859D54}.Debug|iPhoneSimulator.Build.0 = Debug|Any CPU
		{5635431E-131A-446F-A70B-9256AC859D54}.Debug|x64.ActiveCfg = Debug|x64
		{5635431E-131A-446F-A70B-9256AC859D54}.Debug|x64.Build.0 = Debug|x64
		{5635431E-131A-446F-A70B-9256AC859D54}.Debug|x86.ActiveCfg = Debug|x86
		{5635431E-131A-446F-A70B-9256AC859D54}.Debug|x86.Build.0 = Debug|x86
		{5635431E-131A-446F-A70B-9256AC859D54}.Release|Any CPU.ActiveCfg = Release|Any CPU
		{5635431E-131A-446F-A70B-9256AC859D54}.Release|Any CPU.Build.0 = Release|Any CPU
		{5635431E-131A-446F-A70B-9256AC859D54}.Release|ARM.ActiveCfg = Release|ARM
		{5635431E-131A-446F-A70B-9256AC859D54}.Release|ARM.Build.0 = Release|ARM
		{5635431E-131A-446F-A70B-9256AC859D54}.Release|ARM64.ActiveCfg = Release|ARM64
		{5635431E-131A-446F-A70B-9256AC859D54}.Release|ARM64.Build.0 = Release|ARM64
		{5635431E-131A-446F-A70B-9256AC859D54}.Release|iPhone.ActiveCfg = Release|Any CPU
		{5635431E-131A-446F-A70B-9256AC859D54}.Release|iPhone.Build.0 = Release|Any CPU
		{5635431E-131A-446F-A70B-9256AC859D54}.Release|iPhoneSimulator.ActiveCfg = Release|Any CPU
		{5635431E-131A-446F-A70B-9256AC859D54}.Release|iPhoneSimulator.Build.0 = Release|Any CPU
		{5635431E-131A-446F-A70B-9256AC859D54}.Release|x64.ActiveCfg = Release|x64
		{5635431E-131A-446F-A70B-9256AC859D54}.Release|x64.Build.0 = Release|x64
		{5635431E-131A-446F-A70B-9256AC859D54}.Release|x86.ActiveCfg = Release|x86
		{5635431E-131A-446F-A70B-9256AC859D54}.Release|x86.Build.0 = Release|x86
		{4845EBCF-2090-499D-91B0-6E653BEA37C4}.Ad-Hoc|Any CPU.ActiveCfg = Debug|Any CPU
		{4845EBCF-2090-499D-91B0-6E653BEA37C4}.Ad-Hoc|Any CPU.Build.0 = Debug|Any CPU
		{4845EBCF-2090-499D-91B0-6E653BEA37C4}.Ad-Hoc|ARM.ActiveCfg = Debug|Any CPU
		{4845EBCF-2090-499D-91B0-6E653BEA37C4}.Ad-Hoc|ARM.Build.0 = Debug|Any CPU
		{4845EBCF-2090-499D-91B0-6E653BEA37C4}.Ad-Hoc|ARM64.ActiveCfg = Debug|Any CPU
		{4845EBCF-2090-499D-91B0-6E653BEA37C4}.Ad-Hoc|ARM64.Build.0 = Debug|Any CPU
		{4845EBCF-2090-499D-91B0-6E653BEA37C4}.Ad-Hoc|iPhone.ActiveCfg = Debug|Any CPU
		{4845EBCF-2090-499D-91B0-6E653BEA37C4}.Ad-Hoc|iPhone.Build.0 = Debug|Any CPU
		{4845EBCF-2090-499D-91B0-6E653BEA37C4}.Ad-Hoc|iPhoneSimulator.ActiveCfg = Debug|Any CPU
		{4845EBCF-2090-499D-91B0-6E653BEA37C4}.Ad-Hoc|iPhoneSimulator.Build.0 = Debug|Any CPU
		{4845EBCF-2090-499D-91B0-6E653BEA37C4}.Ad-Hoc|x64.ActiveCfg = Debug|Any CPU
		{4845EBCF-2090-499D-91B0-6E653BEA37C4}.Ad-Hoc|x64.Build.0 = Debug|Any CPU
		{4845EBCF-2090-499D-91B0-6E653BEA37C4}.Ad-Hoc|x86.ActiveCfg = Debug|Any CPU
		{4845EBCF-2090-499D-91B0-6E653BEA37C4}.Ad-Hoc|x86.Build.0 = Debug|Any CPU
		{4845EBCF-2090-499D-91B0-6E653BEA37C4}.AppStore|Any CPU.ActiveCfg = Debug|Any CPU
		{4845EBCF-2090-499D-91B0-6E653BEA37C4}.AppStore|Any CPU.Build.0 = Debug|Any CPU
		{4845EBCF-2090-499D-91B0-6E653BEA37C4}.AppStore|ARM.ActiveCfg = Debug|Any CPU
		{4845EBCF-2090-499D-91B0-6E653BEA37C4}.AppStore|ARM.Build.0 = Debug|Any CPU
		{4845EBCF-2090-499D-91B0-6E653BEA37C4}.AppStore|ARM64.ActiveCfg = Debug|Any CPU
		{4845EBCF-2090-499D-91B0-6E653BEA37C4}.AppStore|ARM64.Build.0 = Debug|Any CPU
		{4845EBCF-2090-499D-91B0-6E653BEA37C4}.AppStore|iPhone.ActiveCfg = Debug|Any CPU
		{4845EBCF-2090-499D-91B0-6E653BEA37C4}.AppStore|iPhone.Build.0 = Debug|Any CPU
		{4845EBCF-2090-499D-91B0-6E653BEA37C4}.AppStore|iPhoneSimulator.ActiveCfg = Debug|Any CPU
		{4845EBCF-2090-499D-91B0-6E653BEA37C4}.AppStore|iPhoneSimulator.Build.0 = Debug|Any CPU
		{4845EBCF-2090-499D-91B0-6E653BEA37C4}.AppStore|x64.ActiveCfg = Debug|Any CPU
		{4845EBCF-2090-499D-91B0-6E653BEA37C4}.AppStore|x64.Build.0 = Debug|Any CPU
		{4845EBCF-2090-499D-91B0-6E653BEA37C4}.AppStore|x86.ActiveCfg = Debug|Any CPU
		{4845EBCF-2090-499D-91B0-6E653BEA37C4}.AppStore|x86.Build.0 = Debug|Any CPU
		{4845EBCF-2090-499D-91B0-6E653BEA37C4}.Debug|Any CPU.ActiveCfg = Debug|Any CPU
		{4845EBCF-2090-499D-91B0-6E653BEA37C4}.Debug|Any CPU.Build.0 = Debug|Any CPU
		{4845EBCF-2090-499D-91B0-6E653BEA37C4}.Debug|ARM.ActiveCfg = Debug|Any CPU
		{4845EBCF-2090-499D-91B0-6E653BEA37C4}.Debug|ARM.Build.0 = Debug|Any CPU
		{4845EBCF-2090-499D-91B0-6E653BEA37C4}.Debug|ARM64.ActiveCfg = Debug|Any CPU
		{4845EBCF-2090-499D-91B0-6E653BEA37C4}.Debug|ARM64.Build.0 = Debug|Any CPU
		{4845EBCF-2090-499D-91B0-6E653BEA37C4}.Debug|iPhone.ActiveCfg = Debug|Any CPU
		{4845EBCF-2090-499D-91B0-6E653BEA37C4}.Debug|iPhone.Build.0 = Debug|Any CPU
		{4845EBCF-2090-499D-91B0-6E653BEA37C4}.Debug|iPhoneSimulator.ActiveCfg = Debug|Any CPU
		{4845EBCF-2090-499D-91B0-6E653BEA37C4}.Debug|iPhoneSimulator.Build.0 = Debug|Any CPU
		{4845EBCF-2090-499D-91B0-6E653BEA37C4}.Debug|x64.ActiveCfg = Debug|Any CPU
		{4845EBCF-2090-499D-91B0-6E653BEA37C4}.Debug|x64.Build.0 = Debug|Any CPU
		{4845EBCF-2090-499D-91B0-6E653BEA37C4}.Debug|x86.ActiveCfg = Debug|Any CPU
		{4845EBCF-2090-499D-91B0-6E653BEA37C4}.Debug|x86.Build.0 = Debug|Any CPU
		{4845EBCF-2090-499D-91B0-6E653BEA37C4}.Release|Any CPU.ActiveCfg = Release|Any CPU
		{4845EBCF-2090-499D-91B0-6E653BEA37C4}.Release|Any CPU.Build.0 = Release|Any CPU
		{4845EBCF-2090-499D-91B0-6E653BEA37C4}.Release|ARM.ActiveCfg = Release|Any CPU
		{4845EBCF-2090-499D-91B0-6E653BEA37C4}.Release|ARM.Build.0 = Release|Any CPU
		{4845EBCF-2090-499D-91B0-6E653BEA37C4}.Release|ARM64.ActiveCfg = Release|Any CPU
		{4845EBCF-2090-499D-91B0-6E653BEA37C4}.Release|ARM64.Build.0 = Release|Any CPU
		{4845EBCF-2090-499D-91B0-6E653BEA37C4}.Release|iPhone.ActiveCfg = Release|Any CPU
		{4845EBCF-2090-499D-91B0-6E653BEA37C4}.Release|iPhone.Build.0 = Release|Any CPU
		{4845EBCF-2090-499D-91B0-6E653BEA37C4}.Release|iPhoneSimulator.ActiveCfg = Release|Any CPU
		{4845EBCF-2090-499D-91B0-6E653BEA37C4}.Release|iPhoneSimulator.Build.0 = Release|Any CPU
		{4845EBCF-2090-499D-91B0-6E653BEA37C4}.Release|x64.ActiveCfg = Release|Any CPU
		{4845EBCF-2090-499D-91B0-6E653BEA37C4}.Release|x64.Build.0 = Release|Any CPU
		{4845EBCF-2090-499D-91B0-6E653BEA37C4}.Release|x86.ActiveCfg = Release|Any CPU
		{4845EBCF-2090-499D-91B0-6E653BEA37C4}.Release|x86.Build.0 = Release|Any CPU
	EndGlobalSection
	GlobalSection(SolutionProperties) = preSolution
		HideSolutionNode = FALSE
	EndGlobalSection
	GlobalSection(ExtensibilityGlobals) = postSolution
		SolutionGuid = {4B7D9EEC-41DE-46CC-89D2-AF8D0941880A}
	EndGlobalSection
EndGlobal
