
Microsoft Visual Studio Solution File, Format Version 12.00
# Visual Studio Version 16
VisualStudioVersion = 16.0.28809.33
MinimumVisualStudioVersion = 10.0.40219.1
Project("{F184B08F-C81C-45F6-A57F-5ABD9991F28F}") = "TsinghuaNet.UWP", "TsinghuaNet.UWP\TsinghuaNet.UWP.vbproj", "{6CE1F174-BEDA-49C3-843D-B45CF3F24003}"
EndProject
Project("{F184B08F-C81C-45F6-A57F-5ABD9991F28F}") = "TsinghuaNet.UWP.Background", "TsinghuaNet.UWP.Background\TsinghuaNet.UWP.Background.vbproj", "{5C3C6116-A8A1-4AFE-8549-3C925A173211}"
EndProject
Project("{F184B08F-C81C-45F6-A57F-5ABD9991F28F}") = "TsinghuaNet.UWP.Helper", "TsinghuaNet.UWP.Helper\TsinghuaNet.UWP.Helper.vbproj", "{074F8459-BAB7-492F-979F-20EE1EA3B3E7}"
EndProject
Project("{9A19103F-16F7-4668-BE54-9A1E7A4F7556}") = "TsinghuaNet", "TsinghuaNet\TsinghuaNet.csproj", "{198A7897-55A9-43DC-9455-84270A46960F}"
EndProject
Project("{F184B08F-C81C-45F6-A57F-5ABD9991F28F}") = "TsinghuaNet.CLI", "TsinghuaNet.CLI\TsinghuaNet.CLI.vbproj", "{DAED6770-EC0D-47B3-95B2-60FC9B559073}"
EndProject
Project("{F184B08F-C81C-45F6-A57F-5ABD9991F28F}") = "TsinghuaNet.Avalonia", "TsinghuaNet.Avalonia\TsinghuaNet.Avalonia.vbproj", "{F6516399-8399-4A50-AFCE-FA88305D8FD8}"
EndProject
Project("{F184B08F-C81C-45F6-A57F-5ABD9991F28F}") = "TsinghuaNet.Helper", "TsinghuaNet.Helper\TsinghuaNet.Helper.vbproj", "{28ACFD31-7997-4362-AC8E-2F74D425B121}"
EndProject
Project("{FAE04EC0-301F-11D3-BF4B-00C04F79EFBC}") = "TsinghuaNet.CrossPlatform.iOS", "TsinghuaNet.CrossPlatform\TsinghuaNet.CrossPlatform.iOS\TsinghuaNet.CrossPlatform.iOS.csproj", "{88A70EB7-B929-4C6C-98A1-FCC68048B202}"
EndProject
Project("{FAE04EC0-301F-11D3-BF4B-00C04F79EFBC}") = "TsinghuaNet.CrossPlatform", "TsinghuaNet.CrossPlatform\TsinghuaNet.CrossPlatform\TsinghuaNet.CrossPlatform.csproj", "{8219A318-8A10-40D2-901A-5604C713DA43}"
EndProject
Project("{F184B08F-C81C-45F6-A57F-5ABD9991F28F}") = "TsinghuaNet.CrossPlatform.Wpf", "TsinghuaNet.CrossPlatform\TsinghuaNet.CrossPlatform.Wpf\TsinghuaNet.CrossPlatform.Wpf.vbproj", "{3A36C9A6-47D5-4487-927D-492D7E560EE6}"
EndProject
Project("{FAE04EC0-301F-11D3-BF4B-00C04F79EFBC}") = "TsinghuaNet.CrossPlatform.MacOS", "TsinghuaNet.CrossPlatform\TsinghuaNet.CrossPlatform.MacOS\TsinghuaNet.CrossPlatform.MacOS.csproj", "{5407A906-0362-41F7-BADD-841C8F4E0D68}"
EndProject
Global
	GlobalSection(SolutionConfigurationPlatforms) = preSolution
		Debug|Any CPU = Debug|Any CPU
		Debug|ARM = Debug|ARM
		Debug|ARM64 = Debug|ARM64
		Debug|iPhone = Debug|iPhone
		Debug|iPhoneSimulator = Debug|iPhoneSimulator
		Debug|x64 = Debug|x64
		Debug|x86 = Debug|x86
		Release|Any CPU = Release|Any CPU
		Release|ARM = Release|ARM
		Release|ARM64 = Release|ARM64
		Release|iPhone = Release|iPhone
		Release|iPhoneSimulator = Release|iPhoneSimulator
		Release|x64 = Release|x64
		Release|x86 = Release|x86
	EndGlobalSection
	GlobalSection(ProjectConfigurationPlatforms) = postSolution
		{6CE1F174-BEDA-49C3-843D-B45CF3F24003}.Debug|Any CPU.ActiveCfg = Debug|x64
		{6CE1F174-BEDA-49C3-843D-B45CF3F24003}.Debug|Any CPU.Build.0 = Debug|x64
		{6CE1F174-BEDA-49C3-843D-B45CF3F24003}.Debug|Any CPU.Deploy.0 = Debug|x64
		{6CE1F174-BEDA-49C3-843D-B45CF3F24003}.Debug|ARM.ActiveCfg = Debug|ARM
		{6CE1F174-BEDA-49C3-843D-B45CF3F24003}.Debug|ARM.Build.0 = Debug|ARM
		{6CE1F174-BEDA-49C3-843D-B45CF3F24003}.Debug|ARM.Deploy.0 = Debug|ARM
		{6CE1F174-BEDA-49C3-843D-B45CF3F24003}.Debug|ARM64.ActiveCfg = Debug|ARM64
		{6CE1F174-BEDA-49C3-843D-B45CF3F24003}.Debug|ARM64.Build.0 = Debug|ARM64
		{6CE1F174-BEDA-49C3-843D-B45CF3F24003}.Debug|ARM64.Deploy.0 = Debug|ARM64
		{6CE1F174-BEDA-49C3-843D-B45CF3F24003}.Debug|iPhone.ActiveCfg = Debug|x86
		{6CE1F174-BEDA-49C3-843D-B45CF3F24003}.Debug|iPhoneSimulator.ActiveCfg = Debug|x86
		{6CE1F174-BEDA-49C3-843D-B45CF3F24003}.Debug|x64.ActiveCfg = Debug|x64
		{6CE1F174-BEDA-49C3-843D-B45CF3F24003}.Debug|x64.Build.0 = Debug|x64
		{6CE1F174-BEDA-49C3-843D-B45CF3F24003}.Debug|x64.Deploy.0 = Debug|x64
		{6CE1F174-BEDA-49C3-843D-B45CF3F24003}.Debug|x86.ActiveCfg = Debug|x86
		{6CE1F174-BEDA-49C3-843D-B45CF3F24003}.Debug|x86.Build.0 = Debug|x86
		{6CE1F174-BEDA-49C3-843D-B45CF3F24003}.Debug|x86.Deploy.0 = Debug|x86
		{6CE1F174-BEDA-49C3-843D-B45CF3F24003}.Release|Any CPU.ActiveCfg = Release|x86
		{6CE1F174-BEDA-49C3-843D-B45CF3F24003}.Release|ARM.ActiveCfg = Release|ARM
		{6CE1F174-BEDA-49C3-843D-B45CF3F24003}.Release|ARM.Build.0 = Release|ARM
		{6CE1F174-BEDA-49C3-843D-B45CF3F24003}.Release|ARM.Deploy.0 = Release|ARM
		{6CE1F174-BEDA-49C3-843D-B45CF3F24003}.Release|ARM64.ActiveCfg = Release|ARM64
		{6CE1F174-BEDA-49C3-843D-B45CF3F24003}.Release|ARM64.Build.0 = Release|ARM64
		{6CE1F174-BEDA-49C3-843D-B45CF3F24003}.Release|ARM64.Deploy.0 = Release|ARM64
		{6CE1F174-BEDA-49C3-843D-B45CF3F24003}.Release|iPhone.ActiveCfg = Release|x86
		{6CE1F174-BEDA-49C3-843D-B45CF3F24003}.Release|iPhoneSimulator.ActiveCfg = Release|x86
		{6CE1F174-BEDA-49C3-843D-B45CF3F24003}.Release|x64.ActiveCfg = Release|x64
		{6CE1F174-BEDA-49C3-843D-B45CF3F24003}.Release|x64.Build.0 = Release|x64
		{6CE1F174-BEDA-49C3-843D-B45CF3F24003}.Release|x64.Deploy.0 = Release|x64
		{6CE1F174-BEDA-49C3-843D-B45CF3F24003}.Release|x86.ActiveCfg = Release|x86
		{6CE1F174-BEDA-49C3-843D-B45CF3F24003}.Release|x86.Build.0 = Release|x86
		{6CE1F174-BEDA-49C3-843D-B45CF3F24003}.Release|x86.Deploy.0 = Release|x86
		{5C3C6116-A8A1-4AFE-8549-3C925A173211}.Debug|Any CPU.ActiveCfg = Debug|Any CPU
		{5C3C6116-A8A1-4AFE-8549-3C925A173211}.Debug|Any CPU.Build.0 = Debug|Any CPU
		{5C3C6116-A8A1-4AFE-8549-3C925A173211}.Debug|ARM.ActiveCfg = Debug|ARM
		{5C3C6116-A8A1-4AFE-8549-3C925A173211}.Debug|ARM.Build.0 = Debug|ARM
		{5C3C6116-A8A1-4AFE-8549-3C925A173211}.Debug|ARM64.ActiveCfg = Debug|ARM64
		{5C3C6116-A8A1-4AFE-8549-3C925A173211}.Debug|ARM64.Build.0 = Debug|ARM64
		{5C3C6116-A8A1-4AFE-8549-3C925A173211}.Debug|iPhone.ActiveCfg = Debug|Any CPU
		{5C3C6116-A8A1-4AFE-8549-3C925A173211}.Debug|iPhone.Build.0 = Debug|Any CPU
		{5C3C6116-A8A1-4AFE-8549-3C925A173211}.Debug|iPhoneSimulator.ActiveCfg = Debug|Any CPU
		{5C3C6116-A8A1-4AFE-8549-3C925A173211}.Debug|iPhoneSimulator.Build.0 = Debug|Any CPU
		{5C3C6116-A8A1-4AFE-8549-3C925A173211}.Debug|x64.ActiveCfg = Debug|x64
		{5C3C6116-A8A1-4AFE-8549-3C925A173211}.Debug|x64.Build.0 = Debug|x64
		{5C3C6116-A8A1-4AFE-8549-3C925A173211}.Debug|x86.ActiveCfg = Debug|x86
		{5C3C6116-A8A1-4AFE-8549-3C925A173211}.Debug|x86.Build.0 = Debug|x86
		{5C3C6116-A8A1-4AFE-8549-3C925A173211}.Release|Any CPU.ActiveCfg = Release|Any CPU
		{5C3C6116-A8A1-4AFE-8549-3C925A173211}.Release|Any CPU.Build.0 = Release|Any CPU
		{5C3C6116-A8A1-4AFE-8549-3C925A173211}.Release|ARM.ActiveCfg = Release|ARM
		{5C3C6116-A8A1-4AFE-8549-3C925A173211}.Release|ARM.Build.0 = Release|ARM
		{5C3C6116-A8A1-4AFE-8549-3C925A173211}.Release|ARM64.ActiveCfg = Release|ARM64
		{5C3C6116-A8A1-4AFE-8549-3C925A173211}.Release|ARM64.Build.0 = Release|ARM64
		{5C3C6116-A8A1-4AFE-8549-3C925A173211}.Release|iPhone.ActiveCfg = Release|Any CPU
		{5C3C6116-A8A1-4AFE-8549-3C925A173211}.Release|iPhone.Build.0 = Release|Any CPU
		{5C3C6116-A8A1-4AFE-8549-3C925A173211}.Release|iPhoneSimulator.ActiveCfg = Release|Any CPU
		{5C3C6116-A8A1-4AFE-8549-3C925A173211}.Release|iPhoneSimulator.Build.0 = Release|Any CPU
		{5C3C6116-A8A1-4AFE-8549-3C925A173211}.Release|x64.ActiveCfg = Release|x64
		{5C3C6116-A8A1-4AFE-8549-3C925A173211}.Release|x64.Build.0 = Release|x64
		{5C3C6116-A8A1-4AFE-8549-3C925A173211}.Release|x86.ActiveCfg = Release|x86
		{5C3C6116-A8A1-4AFE-8549-3C925A173211}.Release|x86.Build.0 = Release|x86
		{074F8459-BAB7-492F-979F-20EE1EA3B3E7}.Debug|Any CPU.ActiveCfg = Debug|Any CPU
		{074F8459-BAB7-492F-979F-20EE1EA3B3E7}.Debug|Any CPU.Build.0 = Debug|Any CPU
		{074F8459-BAB7-492F-979F-20EE1EA3B3E7}.Debug|ARM.ActiveCfg = Debug|ARM
		{074F8459-BAB7-492F-979F-20EE1EA3B3E7}.Debug|ARM.Build.0 = Debug|ARM
		{074F8459-BAB7-492F-979F-20EE1EA3B3E7}.Debug|ARM64.ActiveCfg = Debug|ARM64
		{074F8459-BAB7-492F-979F-20EE1EA3B3E7}.Debug|ARM64.Build.0 = Debug|ARM64
		{074F8459-BAB7-492F-979F-20EE1EA3B3E7}.Debug|iPhone.ActiveCfg = Debug|Any CPU
		{074F8459-BAB7-492F-979F-20EE1EA3B3E7}.Debug|iPhone.Build.0 = Debug|Any CPU
		{074F8459-BAB7-492F-979F-20EE1EA3B3E7}.Debug|iPhoneSimulator.ActiveCfg = Debug|Any CPU
		{074F8459-BAB7-492F-979F-20EE1EA3B3E7}.Debug|iPhoneSimulator.Build.0 = Debug|Any CPU
		{074F8459-BAB7-492F-979F-20EE1EA3B3E7}.Debug|x64.ActiveCfg = Debug|x64
		{074F8459-BAB7-492F-979F-20EE1EA3B3E7}.Debug|x64.Build.0 = Debug|x64
		{074F8459-BAB7-492F-979F-20EE1EA3B3E7}.Debug|x86.ActiveCfg = Debug|x86
		{074F8459-BAB7-492F-979F-20EE1EA3B3E7}.Debug|x86.Build.0 = Debug|x86
		{074F8459-BAB7-492F-979F-20EE1EA3B3E7}.Release|Any CPU.ActiveCfg = Release|Any CPU
		{074F8459-BAB7-492F-979F-20EE1EA3B3E7}.Release|Any CPU.Build.0 = Release|Any CPU
		{074F8459-BAB7-492F-979F-20EE1EA3B3E7}.Release|ARM.ActiveCfg = Release|ARM
		{074F8459-BAB7-492F-979F-20EE1EA3B3E7}.Release|ARM.Build.0 = Release|ARM
		{074F8459-BAB7-492F-979F-20EE1EA3B3E7}.Release|ARM64.ActiveCfg = Release|ARM64
		{074F8459-BAB7-492F-979F-20EE1EA3B3E7}.Release|ARM64.Build.0 = Release|ARM64
		{074F8459-BAB7-492F-979F-20EE1EA3B3E7}.Release|iPhone.ActiveCfg = Release|Any CPU
		{074F8459-BAB7-492F-979F-20EE1EA3B3E7}.Release|iPhone.Build.0 = Release|Any CPU
		{074F8459-BAB7-492F-979F-20EE1EA3B3E7}.Release|iPhoneSimulator.ActiveCfg = Release|Any CPU
		{074F8459-BAB7-492F-979F-20EE1EA3B3E7}.Release|iPhoneSimulator.Build.0 = Release|Any CPU
		{074F8459-BAB7-492F-979F-20EE1EA3B3E7}.Release|x64.ActiveCfg = Release|x64
		{074F8459-BAB7-492F-979F-20EE1EA3B3E7}.Release|x64.Build.0 = Release|x64
		{074F8459-BAB7-492F-979F-20EE1EA3B3E7}.Release|x86.ActiveCfg = Release|x86
		{074F8459-BAB7-492F-979F-20EE1EA3B3E7}.Release|x86.Build.0 = Release|x86
		{198A7897-55A9-43DC-9455-84270A46960F}.Debug|Any CPU.ActiveCfg = Debug|Any CPU
		{198A7897-55A9-43DC-9455-84270A46960F}.Debug|Any CPU.Build.0 = Debug|Any CPU
		{198A7897-55A9-43DC-9455-84270A46960F}.Debug|ARM.ActiveCfg = Debug|Any CPU
		{198A7897-55A9-43DC-9455-84270A46960F}.Debug|ARM.Build.0 = Debug|Any CPU
		{198A7897-55A9-43DC-9455-84270A46960F}.Debug|ARM64.ActiveCfg = Debug|Any CPU
		{198A7897-55A9-43DC-9455-84270A46960F}.Debug|ARM64.Build.0 = Debug|Any CPU
		{198A7897-55A9-43DC-9455-84270A46960F}.Debug|iPhone.ActiveCfg = Debug|Any CPU
		{198A7897-55A9-43DC-9455-84270A46960F}.Debug|iPhone.Build.0 = Debug|Any CPU
		{198A7897-55A9-43DC-9455-84270A46960F}.Debug|iPhoneSimulator.ActiveCfg = Debug|Any CPU
		{198A7897-55A9-43DC-9455-84270A46960F}.Debug|iPhoneSimulator.Build.0 = Debug|Any CPU
		{198A7897-55A9-43DC-9455-84270A46960F}.Debug|x64.ActiveCfg = Debug|Any CPU
		{198A7897-55A9-43DC-9455-84270A46960F}.Debug|x64.Build.0 = Debug|Any CPU
		{198A7897-55A9-43DC-9455-84270A46960F}.Debug|x86.ActiveCfg = Debug|Any CPU
		{198A7897-55A9-43DC-9455-84270A46960F}.Debug|x86.Build.0 = Debug|Any CPU
		{198A7897-55A9-43DC-9455-84270A46960F}.Release|Any CPU.ActiveCfg = Release|Any CPU
		{198A7897-55A9-43DC-9455-84270A46960F}.Release|Any CPU.Build.0 = Release|Any CPU
		{198A7897-55A9-43DC-9455-84270A46960F}.Release|ARM.ActiveCfg = Release|Any CPU
		{198A7897-55A9-43DC-9455-84270A46960F}.Release|ARM.Build.0 = Release|Any CPU
		{198A7897-55A9-43DC-9455-84270A46960F}.Release|ARM64.ActiveCfg = Release|Any CPU
		{198A7897-55A9-43DC-9455-84270A46960F}.Release|ARM64.Build.0 = Release|Any CPU
		{198A7897-55A9-43DC-9455-84270A46960F}.Release|iPhone.ActiveCfg = Release|Any CPU
		{198A7897-55A9-43DC-9455-84270A46960F}.Release|iPhone.Build.0 = Release|Any CPU
		{198A7897-55A9-43DC-9455-84270A46960F}.Release|iPhoneSimulator.ActiveCfg = Release|Any CPU
		{198A7897-55A9-43DC-9455-84270A46960F}.Release|iPhoneSimulator.Build.0 = Release|Any CPU
		{198A7897-55A9-43DC-9455-84270A46960F}.Release|x64.ActiveCfg = Release|Any CPU
		{198A7897-55A9-43DC-9455-84270A46960F}.Release|x64.Build.0 = Release|Any CPU
		{198A7897-55A9-43DC-9455-84270A46960F}.Release|x86.ActiveCfg = Release|Any CPU
		{198A7897-55A9-43DC-9455-84270A46960F}.Release|x86.Build.0 = Release|Any CPU
		{DAED6770-EC0D-47B3-95B2-60FC9B559073}.Debug|Any CPU.ActiveCfg = Debug|Any CPU
		{DAED6770-EC0D-47B3-95B2-60FC9B559073}.Debug|Any CPU.Build.0 = Debug|Any CPU
		{DAED6770-EC0D-47B3-95B2-60FC9B559073}.Debug|ARM.ActiveCfg = Debug|Any CPU
		{DAED6770-EC0D-47B3-95B2-60FC9B559073}.Debug|ARM.Build.0 = Debug|Any CPU
		{DAED6770-EC0D-47B3-95B2-60FC9B559073}.Debug|ARM64.ActiveCfg = Debug|Any CPU
		{DAED6770-EC0D-47B3-95B2-60FC9B559073}.Debug|ARM64.Build.0 = Debug|Any CPU
		{DAED6770-EC0D-47B3-95B2-60FC9B559073}.Debug|iPhone.ActiveCfg = Debug|Any CPU
		{DAED6770-EC0D-47B3-95B2-60FC9B559073}.Debug|iPhone.Build.0 = Debug|Any CPU
		{DAED6770-EC0D-47B3-95B2-60FC9B559073}.Debug|iPhoneSimulator.ActiveCfg = Debug|Any CPU
		{DAED6770-EC0D-47B3-95B2-60FC9B559073}.Debug|iPhoneSimulator.Build.0 = Debug|Any CPU
		{DAED6770-EC0D-47B3-95B2-60FC9B559073}.Debug|x64.ActiveCfg = Debug|Any CPU
		{DAED6770-EC0D-47B3-95B2-60FC9B559073}.Debug|x64.Build.0 = Debug|Any CPU
		{DAED6770-EC0D-47B3-95B2-60FC9B559073}.Debug|x86.ActiveCfg = Debug|Any CPU
		{DAED6770-EC0D-47B3-95B2-60FC9B559073}.Debug|x86.Build.0 = Debug|Any CPU
		{DAED6770-EC0D-47B3-95B2-60FC9B559073}.Release|Any CPU.ActiveCfg = Release|Any CPU
		{DAED6770-EC0D-47B3-95B2-60FC9B559073}.Release|Any CPU.Build.0 = Release|Any CPU
		{DAED6770-EC0D-47B3-95B2-60FC9B559073}.Release|ARM.ActiveCfg = Release|Any CPU
		{DAED6770-EC0D-47B3-95B2-60FC9B559073}.Release|ARM.Build.0 = Release|Any CPU
		{DAED6770-EC0D-47B3-95B2-60FC9B559073}.Release|ARM64.ActiveCfg = Release|Any CPU
		{DAED6770-EC0D-47B3-95B2-60FC9B559073}.Release|ARM64.Build.0 = Release|Any CPU
		{DAED6770-EC0D-47B3-95B2-60FC9B559073}.Release|iPhone.ActiveCfg = Release|Any CPU
		{DAED6770-EC0D-47B3-95B2-60FC9B559073}.Release|iPhone.Build.0 = Release|Any CPU
		{DAED6770-EC0D-47B3-95B2-60FC9B559073}.Release|iPhoneSimulator.ActiveCfg = Release|Any CPU
		{DAED6770-EC0D-47B3-95B2-60FC9B559073}.Release|iPhoneSimulator.Build.0 = Release|Any CPU
		{DAED6770-EC0D-47B3-95B2-60FC9B559073}.Release|x64.ActiveCfg = Release|Any CPU
		{DAED6770-EC0D-47B3-95B2-60FC9B559073}.Release|x64.Build.0 = Release|Any CPU
		{DAED6770-EC0D-47B3-95B2-60FC9B559073}.Release|x86.ActiveCfg = Release|Any CPU
		{DAED6770-EC0D-47B3-95B2-60FC9B559073}.Release|x86.Build.0 = Release|Any CPU
		{F6516399-8399-4A50-AFCE-FA88305D8FD8}.Debug|Any CPU.ActiveCfg = Debug|Any CPU
		{F6516399-8399-4A50-AFCE-FA88305D8FD8}.Debug|Any CPU.Build.0 = Debug|Any CPU
		{F6516399-8399-4A50-AFCE-FA88305D8FD8}.Debug|ARM.ActiveCfg = Debug|Any CPU
		{F6516399-8399-4A50-AFCE-FA88305D8FD8}.Debug|ARM.Build.0 = Debug|Any CPU
		{F6516399-8399-4A50-AFCE-FA88305D8FD8}.Debug|ARM64.ActiveCfg = Debug|Any CPU
		{F6516399-8399-4A50-AFCE-FA88305D8FD8}.Debug|ARM64.Build.0 = Debug|Any CPU
		{F6516399-8399-4A50-AFCE-FA88305D8FD8}.Debug|iPhone.ActiveCfg = Debug|Any CPU
		{F6516399-8399-4A50-AFCE-FA88305D8FD8}.Debug|iPhone.Build.0 = Debug|Any CPU
		{F6516399-8399-4A50-AFCE-FA88305D8FD8}.Debug|iPhoneSimulator.ActiveCfg = Debug|Any CPU
		{F6516399-8399-4A50-AFCE-FA88305D8FD8}.Debug|iPhoneSimulator.Build.0 = Debug|Any CPU
		{F6516399-8399-4A50-AFCE-FA88305D8FD8}.Debug|x64.ActiveCfg = Debug|Any CPU
		{F6516399-8399-4A50-AFCE-FA88305D8FD8}.Debug|x64.Build.0 = Debug|Any CPU
		{F6516399-8399-4A50-AFCE-FA88305D8FD8}.Debug|x86.ActiveCfg = Debug|Any CPU
		{F6516399-8399-4A50-AFCE-FA88305D8FD8}.Debug|x86.Build.0 = Debug|Any CPU
		{F6516399-8399-4A50-AFCE-FA88305D8FD8}.Release|Any CPU.ActiveCfg = Release|Any CPU
		{F6516399-8399-4A50-AFCE-FA88305D8FD8}.Release|Any CPU.Build.0 = Release|Any CPU
		{F6516399-8399-4A50-AFCE-FA88305D8FD8}.Release|ARM.ActiveCfg = Release|Any CPU
		{F6516399-8399-4A50-AFCE-FA88305D8FD8}.Release|ARM.Build.0 = Release|Any CPU
		{F6516399-8399-4A50-AFCE-FA88305D8FD8}.Release|ARM64.ActiveCfg = Release|Any CPU
		{F6516399-8399-4A50-AFCE-FA88305D8FD8}.Release|ARM64.Build.0 = Release|Any CPU
		{F6516399-8399-4A50-AFCE-FA88305D8FD8}.Release|iPhone.ActiveCfg = Release|Any CPU
		{F6516399-8399-4A50-AFCE-FA88305D8FD8}.Release|iPhone.Build.0 = Release|Any CPU
		{F6516399-8399-4A50-AFCE-FA88305D8FD8}.Release|iPhoneSimulator.ActiveCfg = Release|Any CPU
		{F6516399-8399-4A50-AFCE-FA88305D8FD8}.Release|iPhoneSimulator.Build.0 = Release|Any CPU
		{F6516399-8399-4A50-AFCE-FA88305D8FD8}.Release|x64.ActiveCfg = Release|Any CPU
		{F6516399-8399-4A50-AFCE-FA88305D8FD8}.Release|x64.Build.0 = Release|Any CPU
		{F6516399-8399-4A50-AFCE-FA88305D8FD8}.Release|x86.ActiveCfg = Release|Any CPU
		{F6516399-8399-4A50-AFCE-FA88305D8FD8}.Release|x86.Build.0 = Release|Any CPU
		{28ACFD31-7997-4362-AC8E-2F74D425B121}.Debug|Any CPU.ActiveCfg = Debug|Any CPU
		{28ACFD31-7997-4362-AC8E-2F74D425B121}.Debug|Any CPU.Build.0 = Debug|Any CPU
		{28ACFD31-7997-4362-AC8E-2F74D425B121}.Debug|ARM.ActiveCfg = Debug|Any CPU
		{28ACFD31-7997-4362-AC8E-2F74D425B121}.Debug|ARM.Build.0 = Debug|Any CPU
		{28ACFD31-7997-4362-AC8E-2F74D425B121}.Debug|ARM64.ActiveCfg = Debug|Any CPU
		{28ACFD31-7997-4362-AC8E-2F74D425B121}.Debug|ARM64.Build.0 = Debug|Any CPU
		{28ACFD31-7997-4362-AC8E-2F74D425B121}.Debug|iPhone.ActiveCfg = Debug|Any CPU
		{28ACFD31-7997-4362-AC8E-2F74D425B121}.Debug|iPhone.Build.0 = Debug|Any CPU
		{28ACFD31-7997-4362-AC8E-2F74D425B121}.Debug|iPhoneSimulator.ActiveCfg = Debug|Any CPU
		{28ACFD31-7997-4362-AC8E-2F74D425B121}.Debug|iPhoneSimulator.Build.0 = Debug|Any CPU
		{28ACFD31-7997-4362-AC8E-2F74D425B121}.Debug|x64.ActiveCfg = Debug|Any CPU
		{28ACFD31-7997-4362-AC8E-2F74D425B121}.Debug|x64.Build.0 = Debug|Any CPU
		{28ACFD31-7997-4362-AC8E-2F74D425B121}.Debug|x86.ActiveCfg = Debug|Any CPU
		{28ACFD31-7997-4362-AC8E-2F74D425B121}.Debug|x86.Build.0 = Debug|Any CPU
		{28ACFD31-7997-4362-AC8E-2F74D425B121}.Release|Any CPU.ActiveCfg = Release|Any CPU
		{28ACFD31-7997-4362-AC8E-2F74D425B121}.Release|Any CPU.Build.0 = Release|Any CPU
		{28ACFD31-7997-4362-AC8E-2F74D425B121}.Release|ARM.ActiveCfg = Release|Any CPU
		{28ACFD31-7997-4362-AC8E-2F74D425B121}.Release|ARM.Build.0 = Release|Any CPU
		{28ACFD31-7997-4362-AC8E-2F74D425B121}.Release|ARM64.ActiveCfg = Release|Any CPU
		{28ACFD31-7997-4362-AC8E-2F74D425B121}.Release|ARM64.Build.0 = Release|Any CPU
		{28ACFD31-7997-4362-AC8E-2F74D425B121}.Release|iPhone.ActiveCfg = Release|Any CPU
		{28ACFD31-7997-4362-AC8E-2F74D425B121}.Release|iPhone.Build.0 = Release|Any CPU
		{28ACFD31-7997-4362-AC8E-2F74D425B121}.Release|iPhoneSimulator.ActiveCfg = Release|Any CPU
		{28ACFD31-7997-4362-AC8E-2F74D425B121}.Release|iPhoneSimulator.Build.0 = Release|Any CPU
		{28ACFD31-7997-4362-AC8E-2F74D425B121}.Release|x64.ActiveCfg = Release|Any CPU
		{28ACFD31-7997-4362-AC8E-2F74D425B121}.Release|x64.Build.0 = Release|Any CPU
		{28ACFD31-7997-4362-AC8E-2F74D425B121}.Release|x86.ActiveCfg = Release|Any CPU
		{28ACFD31-7997-4362-AC8E-2F74D425B121}.Release|x86.Build.0 = Release|Any CPU
		{88A70EB7-B929-4C6C-98A1-FCC68048B202}.Debug|Any CPU.ActiveCfg = Debug|iPhone
		{88A70EB7-B929-4C6C-98A1-FCC68048B202}.Debug|ARM.ActiveCfg = Debug|iPhone
		{88A70EB7-B929-4C6C-98A1-FCC68048B202}.Debug|ARM64.ActiveCfg = Debug|iPhone
		{88A70EB7-B929-4C6C-98A1-FCC68048B202}.Debug|iPhone.ActiveCfg = Debug|iPhone
		{88A70EB7-B929-4C6C-98A1-FCC68048B202}.Debug|iPhone.Build.0 = Debug|iPhone
		{88A70EB7-B929-4C6C-98A1-FCC68048B202}.Debug|iPhoneSimulator.ActiveCfg = Debug|iPhoneSimulator
		{88A70EB7-B929-4C6C-98A1-FCC68048B202}.Debug|iPhoneSimulator.Build.0 = Debug|iPhoneSimulator
		{88A70EB7-B929-4C6C-98A1-FCC68048B202}.Debug|x64.ActiveCfg = Debug|iPhone
		{88A70EB7-B929-4C6C-98A1-FCC68048B202}.Debug|x86.ActiveCfg = Debug|iPhone
		{88A70EB7-B929-4C6C-98A1-FCC68048B202}.Release|Any CPU.ActiveCfg = Release|iPhone
		{88A70EB7-B929-4C6C-98A1-FCC68048B202}.Release|ARM.ActiveCfg = Release|iPhone
		{88A70EB7-B929-4C6C-98A1-FCC68048B202}.Release|ARM64.ActiveCfg = Release|iPhone
		{88A70EB7-B929-4C6C-98A1-FCC68048B202}.Release|iPhone.ActiveCfg = Release|iPhone
		{88A70EB7-B929-4C6C-98A1-FCC68048B202}.Release|iPhone.Build.0 = Release|iPhone
		{88A70EB7-B929-4C6C-98A1-FCC68048B202}.Release|iPhoneSimulator.ActiveCfg = Release|iPhoneSimulator
		{88A70EB7-B929-4C6C-98A1-FCC68048B202}.Release|iPhoneSimulator.Build.0 = Release|iPhoneSimulator
		{88A70EB7-B929-4C6C-98A1-FCC68048B202}.Release|x64.ActiveCfg = Release|iPhone
		{88A70EB7-B929-4C6C-98A1-FCC68048B202}.Release|x86.ActiveCfg = Release|iPhone
		{8219A318-8A10-40D2-901A-5604C713DA43}.Debug|Any CPU.ActiveCfg = Debug|Any CPU
		{8219A318-8A10-40D2-901A-5604C713DA43}.Debug|Any CPU.Build.0 = Debug|Any CPU
		{8219A318-8A10-40D2-901A-5604C713DA43}.Debug|ARM.ActiveCfg = Debug|Any CPU
		{8219A318-8A10-40D2-901A-5604C713DA43}.Debug|ARM.Build.0 = Debug|Any CPU
		{8219A318-8A10-40D2-901A-5604C713DA43}.Debug|ARM64.ActiveCfg = Debug|Any CPU
		{8219A318-8A10-40D2-901A-5604C713DA43}.Debug|ARM64.Build.0 = Debug|Any CPU
		{8219A318-8A10-40D2-901A-5604C713DA43}.Debug|iPhone.ActiveCfg = Debug|Any CPU
		{8219A318-8A10-40D2-901A-5604C713DA43}.Debug|iPhone.Build.0 = Debug|Any CPU
		{8219A318-8A10-40D2-901A-5604C713DA43}.Debug|iPhoneSimulator.ActiveCfg = Debug|Any CPU
		{8219A318-8A10-40D2-901A-5604C713DA43}.Debug|iPhoneSimulator.Build.0 = Debug|Any CPU
		{8219A318-8A10-40D2-901A-5604C713DA43}.Debug|x64.ActiveCfg = Debug|Any CPU
		{8219A318-8A10-40D2-901A-5604C713DA43}.Debug|x64.Build.0 = Debug|Any CPU
		{8219A318-8A10-40D2-901A-5604C713DA43}.Debug|x86.ActiveCfg = Debug|Any CPU
		{8219A318-8A10-40D2-901A-5604C713DA43}.Debug|x86.Build.0 = Debug|Any CPU
		{8219A318-8A10-40D2-901A-5604C713DA43}.Release|Any CPU.ActiveCfg = Release|Any CPU
		{8219A318-8A10-40D2-901A-5604C713DA43}.Release|Any CPU.Build.0 = Release|Any CPU
		{8219A318-8A10-40D2-901A-5604C713DA43}.Release|ARM.ActiveCfg = Release|Any CPU
		{8219A318-8A10-40D2-901A-5604C713DA43}.Release|ARM.Build.0 = Release|Any CPU
		{8219A318-8A10-40D2-901A-5604C713DA43}.Release|ARM64.ActiveCfg = Release|Any CPU
		{8219A318-8A10-40D2-901A-5604C713DA43}.Release|ARM64.Build.0 = Release|Any CPU
		{8219A318-8A10-40D2-901A-5604C713DA43}.Release|iPhone.ActiveCfg = Release|Any CPU
		{8219A318-8A10-40D2-901A-5604C713DA43}.Release|iPhone.Build.0 = Release|Any CPU
		{8219A318-8A10-40D2-901A-5604C713DA43}.Release|iPhoneSimulator.ActiveCfg = Release|Any CPU
		{8219A318-8A10-40D2-901A-5604C713DA43}.Release|iPhoneSimulator.Build.0 = Release|Any CPU
		{8219A318-8A10-40D2-901A-5604C713DA43}.Release|x64.ActiveCfg = Release|Any CPU
		{8219A318-8A10-40D2-901A-5604C713DA43}.Release|x64.Build.0 = Release|Any CPU
		{8219A318-8A10-40D2-901A-5604C713DA43}.Release|x86.ActiveCfg = Release|Any CPU
		{8219A318-8A10-40D2-901A-5604C713DA43}.Release|x86.Build.0 = Release|Any CPU
		{3A36C9A6-47D5-4487-927D-492D7E560EE6}.Debug|Any CPU.ActiveCfg = Debug|Any CPU
		{3A36C9A6-47D5-4487-927D-492D7E560EE6}.Debug|Any CPU.Build.0 = Debug|Any CPU
		{3A36C9A6-47D5-4487-927D-492D7E560EE6}.Debug|ARM.ActiveCfg = Debug|Any CPU
		{3A36C9A6-47D5-4487-927D-492D7E560EE6}.Debug|ARM.Build.0 = Debug|Any CPU
		{3A36C9A6-47D5-4487-927D-492D7E560EE6}.Debug|ARM64.ActiveCfg = Debug|Any CPU
		{3A36C9A6-47D5-4487-927D-492D7E560EE6}.Debug|ARM64.Build.0 = Debug|Any CPU
		{3A36C9A6-47D5-4487-927D-492D7E560EE6}.Debug|iPhone.ActiveCfg = Debug|Any CPU
		{3A36C9A6-47D5-4487-927D-492D7E560EE6}.Debug|iPhone.Build.0 = Debug|Any CPU
		{3A36C9A6-47D5-4487-927D-492D7E560EE6}.Debug|iPhoneSimulator.ActiveCfg = Debug|Any CPU
		{3A36C9A6-47D5-4487-927D-492D7E560EE6}.Debug|iPhoneSimulator.Build.0 = Debug|Any CPU
		{3A36C9A6-47D5-4487-927D-492D7E560EE6}.Debug|x64.ActiveCfg = Debug|Any CPU
		{3A36C9A6-47D5-4487-927D-492D7E560EE6}.Debug|x64.Build.0 = Debug|Any CPU
		{3A36C9A6-47D5-4487-927D-492D7E560EE6}.Debug|x86.ActiveCfg = Debug|Any CPU
		{3A36C9A6-47D5-4487-927D-492D7E560EE6}.Debug|x86.Build.0 = Debug|Any CPU
		{3A36C9A6-47D5-4487-927D-492D7E560EE6}.Release|Any CPU.ActiveCfg = Release|Any CPU
		{3A36C9A6-47D5-4487-927D-492D7E560EE6}.Release|Any CPU.Build.0 = Release|Any CPU
		{3A36C9A6-47D5-4487-927D-492D7E560EE6}.Release|ARM.ActiveCfg = Release|Any CPU
		{3A36C9A6-47D5-4487-927D-492D7E560EE6}.Release|ARM.Build.0 = Release|Any CPU
		{3A36C9A6-47D5-4487-927D-492D7E560EE6}.Release|ARM64.ActiveCfg = Release|Any CPU
		{3A36C9A6-47D5-4487-927D-492D7E560EE6}.Release|ARM64.Build.0 = Release|Any CPU
		{3A36C9A6-47D5-4487-927D-492D7E560EE6}.Release|iPhone.ActiveCfg = Release|Any CPU
		{3A36C9A6-47D5-4487-927D-492D7E560EE6}.Release|iPhone.Build.0 = Release|Any CPU
		{3A36C9A6-47D5-4487-927D-492D7E560EE6}.Release|iPhoneSimulator.ActiveCfg = Release|Any CPU
		{3A36C9A6-47D5-4487-927D-492D7E560EE6}.Release|iPhoneSimulator.Build.0 = Release|Any CPU
		{3A36C9A6-47D5-4487-927D-492D7E560EE6}.Release|x64.ActiveCfg = Release|Any CPU
		{3A36C9A6-47D5-4487-927D-492D7E560EE6}.Release|x64.Build.0 = Release|Any CPU
		{3A36C9A6-47D5-4487-927D-492D7E560EE6}.Release|x86.ActiveCfg = Release|Any CPU
		{3A36C9A6-47D5-4487-927D-492D7E560EE6}.Release|x86.Build.0 = Release|Any CPU
		{5407A906-0362-41F7-BADD-841C8F4E0D68}.Debug|Any CPU.ActiveCfg = Debug|Any CPU
		{5407A906-0362-41F7-BADD-841C8F4E0D68}.Debug|Any CPU.Build.0 = Debug|Any CPU
		{5407A906-0362-41F7-BADD-841C8F4E0D68}.Debug|ARM.ActiveCfg = Debug|Any CPU
		{5407A906-0362-41F7-BADD-841C8F4E0D68}.Debug|ARM.Build.0 = Debug|Any CPU
		{5407A906-0362-41F7-BADD-841C8F4E0D68}.Debug|ARM64.ActiveCfg = Debug|Any CPU
		{5407A906-0362-41F7-BADD-841C8F4E0D68}.Debug|ARM64.Build.0 = Debug|Any CPU
		{5407A906-0362-41F7-BADD-841C8F4E0D68}.Debug|iPhone.ActiveCfg = Debug|Any CPU
		{5407A906-0362-41F7-BADD-841C8F4E0D68}.Debug|iPhone.Build.0 = Debug|Any CPU
		{5407A906-0362-41F7-BADD-841C8F4E0D68}.Debug|iPhoneSimulator.ActiveCfg = Debug|Any CPU
		{5407A906-0362-41F7-BADD-841C8F4E0D68}.Debug|iPhoneSimulator.Build.0 = Debug|Any CPU
		{5407A906-0362-41F7-BADD-841C8F4E0D68}.Debug|x64.ActiveCfg = Debug|Any CPU
		{5407A906-0362-41F7-BADD-841C8F4E0D68}.Debug|x64.Build.0 = Debug|Any CPU
		{5407A906-0362-41F7-BADD-841C8F4E0D68}.Debug|x86.ActiveCfg = Debug|Any CPU
		{5407A906-0362-41F7-BADD-841C8F4E0D68}.Debug|x86.Build.0 = Debug|Any CPU
		{5407A906-0362-41F7-BADD-841C8F4E0D68}.Release|Any CPU.ActiveCfg = Release|Any CPU
		{5407A906-0362-41F7-BADD-841C8F4E0D68}.Release|Any CPU.Build.0 = Release|Any CPU
		{5407A906-0362-41F7-BADD-841C8F4E0D68}.Release|ARM.ActiveCfg = Release|Any CPU
		{5407A906-0362-41F7-BADD-841C8F4E0D68}.Release|ARM.Build.0 = Release|Any CPU
		{5407A906-0362-41F7-BADD-841C8F4E0D68}.Release|ARM64.ActiveCfg = Release|Any CPU
		{5407A906-0362-41F7-BADD-841C8F4E0D68}.Release|ARM64.Build.0 = Release|Any CPU
		{5407A906-0362-41F7-BADD-841C8F4E0D68}.Release|iPhone.ActiveCfg = Release|Any CPU
		{5407A906-0362-41F7-BADD-841C8F4E0D68}.Release|iPhone.Build.0 = Release|Any CPU
		{5407A906-0362-41F7-BADD-841C8F4E0D68}.Release|iPhoneSimulator.ActiveCfg = Release|Any CPU
		{5407A906-0362-41F7-BADD-841C8F4E0D68}.Release|iPhoneSimulator.Build.0 = Release|Any CPU
		{5407A906-0362-41F7-BADD-841C8F4E0D68}.Release|x64.ActiveCfg = Release|Any CPU
		{5407A906-0362-41F7-BADD-841C8F4E0D68}.Release|x64.Build.0 = Release|Any CPU
		{5407A906-0362-41F7-BADD-841C8F4E0D68}.Release|x86.ActiveCfg = Release|Any CPU
		{5407A906-0362-41F7-BADD-841C8F4E0D68}.Release|x86.Build.0 = Release|Any CPU
	EndGlobalSection
	GlobalSection(SolutionProperties) = preSolution
		HideSolutionNode = FALSE
	EndGlobalSection
	GlobalSection(ExtensibilityGlobals) = postSolution
		SolutionGuid = {4B7D9EEC-41DE-46CC-89D2-AF8D0941880A}
	EndGlobalSection
EndGlobal
