
Microsoft Visual Studio Solution File, Format Version 12.00
# Visual Studio Version 16
VisualStudioVersion = 16.0.28809.33
MinimumVisualStudioVersion = 10.0.40219.1
Project("{9A19103F-16F7-4668-BE54-9A1E7A4F7556}") = "TsinghuaNet", "TsinghuaNet\TsinghuaNet.csproj", "{198A7897-55A9-43DC-9455-84270A46960F}"
EndProject
Project("{778DAE3C-4631-46EA-AA77-85C1314464D9}") = "TsinghuaNet.CLI", "TsinghuaNet.CLI\TsinghuaNet.CLI.vbproj", "{DAED6770-EC0D-47B3-95B2-60FC9B559073}"
EndProject
Project("{778DAE3C-4631-46EA-AA77-85C1314464D9}") = "TsinghuaNet.Eto", "TsinghuaNet.Eto\TsinghuaNet.Eto\TsinghuaNet.Eto.vbproj", "{BC2FC763-C2AD-4CF9-BDE0-71B9ABCCBD48}"
EndProject
Project("{778DAE3C-4631-46EA-AA77-85C1314464D9}") = "TsinghuaNet.Eto.Wpf", "TsinghuaNet.Eto\TsinghuaNet.Eto.Wpf\TsinghuaNet.Eto.Wpf.vbproj", "{DB7EC886-7FD0-4D7D-A7F1-C73172EBD877}"
EndProject
Project("{778DAE3C-4631-46EA-AA77-85C1314464D9}") = "TsinghuaNet.Eto.Gtk", "TsinghuaNet.Eto\TsinghuaNet.Eto.Gtk\TsinghuaNet.Eto.Gtk.vbproj", "{9433D481-88B5-40C7-B5D9-5D8E62D4EFD3}"
EndProject
Project("{778DAE3C-4631-46EA-AA77-85C1314464D9}") = "TsinghuaNet.Eto.Mac", "TsinghuaNet.Eto\TsinghuaNet.Eto.Mac\TsinghuaNet.Eto.Mac.vbproj", "{CE0603F5-9864-45C4-8A8D-91D26ADA4AE8}"
EndProject
Project("{D954291E-2A0B-460D-934E-DC6B0785DB48}") = "TsinghuaNet.Uno.Shared", "TsinghuaNet.Uno\TsinghuaNet.Uno.Shared\TsinghuaNet.Uno.Shared.shproj", "{6279C845-92F8-4333-AB99-3D213163593C}"
EndProject
Project("{FAE04EC0-301F-11D3-BF4B-00C04F79EFBC}") = "TsinghuaNet.Uno.Droid", "TsinghuaNet.Uno\TsinghuaNet.Uno.Droid\TsinghuaNet.Uno.Droid.csproj", "{48E1A83C-4F0D-4EB8-A370-12E50110E3BE}"
EndProject
Project("{FAE04EC0-301F-11D3-BF4B-00C04F79EFBC}") = "TsinghuaNet.Uno.iOS", "TsinghuaNet.Uno\TsinghuaNet.Uno.iOS\TsinghuaNet.Uno.iOS.csproj", "{BEF9993C-CB56-4AB7-9CA3-13EC6A3E2F35}"
EndProject
Project("{FAE04EC0-301F-11D3-BF4B-00C04F79EFBC}") = "TsinghuaNet.Uno.UWP", "TsinghuaNet.Uno\TsinghuaNet.Uno.UWP\TsinghuaNet.Uno.UWP.csproj", "{6BAE1C32-631C-4587-8492-DF95C2E101F5}"
EndProject
Project("{D954291E-2A0B-460D-934E-DC6B0785DB48}") = "TsinghuaNet.Uno.Helpers.Shared", "TsinghuaNet.Uno\TsinghuaNet.Uno.Helpers.Shared\TsinghuaNet.Uno.Helpers.Shared.shproj", "{6D7D0136-6CA3-46C3-B281-36E7CC9270DC}"
EndProject
Project("{FAE04EC0-301F-11D3-BF4B-00C04F79EFBC}") = "TsinghuaNet.Uno.UWP.Background", "TsinghuaNet.Uno\TsinghuaNet.Uno.UWP.Background\TsinghuaNet.Uno.UWP.Background.csproj", "{EEA62454-4150-40DE-8BDD-271B38C1C8C2}"
EndProject
Global
	GlobalSection(SharedMSBuildProjectFiles) = preSolution
		TsinghuaNet.Uno\TsinghuaNet.Uno.Helpers.Shared\TsinghuaNet.Uno.Helpers.Shared.projitems*{48e1a83c-4f0d-4eb8-a370-12e50110e3be}*SharedItemsImports = 4
		TsinghuaNet.Uno\TsinghuaNet.Uno.Shared\TsinghuaNet.Uno.Shared.projitems*{48e1a83c-4f0d-4eb8-a370-12e50110e3be}*SharedItemsImports = 4
		TsinghuaNet.Uno\TsinghuaNet.Uno.Shared\TsinghuaNet.Uno.Shared.projitems*{6279c845-92f8-4333-ab99-3d213163593c}*SharedItemsImports = 13
		TsinghuaNet.Uno\TsinghuaNet.Uno.Helpers.Shared\TsinghuaNet.Uno.Helpers.Shared.projitems*{6bae1c32-631c-4587-8492-df95c2e101f5}*SharedItemsImports = 4
		TsinghuaNet.Uno\TsinghuaNet.Uno.Shared\TsinghuaNet.Uno.Shared.projitems*{6bae1c32-631c-4587-8492-df95c2e101f5}*SharedItemsImports = 4
		TsinghuaNet.Uno\TsinghuaNet.Uno.Helpers.Shared\TsinghuaNet.Uno.Helpers.Shared.projitems*{6d7d0136-6ca3-46c3-b281-36e7cc9270dc}*SharedItemsImports = 13
		TsinghuaNet.Uno\TsinghuaNet.Uno.Shared\TsinghuaNet.Uno.Shared.projitems*{bef9993c-cb56-4ab7-9ca3-13ec6a3e2f35}*SharedItemsImports = 4
		TsinghuaNet.Uno\TsinghuaNet.Uno.Helpers.Shared\TsinghuaNet.Uno.Helpers.Shared.projitems*{eea62454-4150-40de-8bdd-271b38c1c8c2}*SharedItemsImports = 4
	EndGlobalSection
	GlobalSection(SolutionConfigurationPlatforms) = preSolution
		Ad-Hoc|Any CPU = Ad-Hoc|Any CPU
		Ad-Hoc|ARM = Ad-Hoc|ARM
		Ad-Hoc|ARM64 = Ad-Hoc|ARM64
		Ad-Hoc|iPhone = Ad-Hoc|iPhone
		Ad-Hoc|iPhoneSimulator = Ad-Hoc|iPhoneSimulator
		Ad-Hoc|x64 = Ad-Hoc|x64
		Ad-Hoc|x86 = Ad-Hoc|x86
		AppStore|Any CPU = AppStore|Any CPU
		AppStore|ARM = AppStore|ARM
		AppStore|ARM64 = AppStore|ARM64
		AppStore|iPhone = AppStore|iPhone
		AppStore|iPhoneSimulator = AppStore|iPhoneSimulator
		AppStore|x64 = AppStore|x64
		AppStore|x86 = AppStore|x86
		Debug|Any CPU = Debug|Any CPU
		Debug|ARM = Debug|ARM
		Debug|ARM64 = Debug|ARM64
		Debug|iPhone = Debug|iPhone
		Debug|iPhoneSimulator = Debug|iPhoneSimulator
		Debug|x64 = Debug|x64
		Debug|x86 = Debug|x86
		Release|Any CPU = Release|Any CPU
		Release|ARM = Release|ARM
		Release|ARM64 = Release|ARM64
		Release|iPhone = Release|iPhone
		Release|iPhoneSimulator = Release|iPhoneSimulator
		Release|x64 = Release|x64
		Release|x86 = Release|x86
	EndGlobalSection
	GlobalSection(ProjectConfigurationPlatforms) = postSolution
		{198A7897-55A9-43DC-9455-84270A46960F}.Ad-Hoc|Any CPU.ActiveCfg = Release|Any CPU
		{198A7897-55A9-43DC-9455-84270A46960F}.Ad-Hoc|Any CPU.Build.0 = Release|Any CPU
		{198A7897-55A9-43DC-9455-84270A46960F}.Ad-Hoc|ARM.ActiveCfg = Release|Any CPU
		{198A7897-55A9-43DC-9455-84270A46960F}.Ad-Hoc|ARM.Build.0 = Release|Any CPU
		{198A7897-55A9-43DC-9455-84270A46960F}.Ad-Hoc|ARM64.ActiveCfg = Release|Any CPU
		{198A7897-55A9-43DC-9455-84270A46960F}.Ad-Hoc|ARM64.Build.0 = Release|Any CPU
		{198A7897-55A9-43DC-9455-84270A46960F}.Ad-Hoc|iPhone.ActiveCfg = Release|Any CPU
		{198A7897-55A9-43DC-9455-84270A46960F}.Ad-Hoc|iPhone.Build.0 = Release|Any CPU
		{198A7897-55A9-43DC-9455-84270A46960F}.Ad-Hoc|iPhoneSimulator.ActiveCfg = Release|Any CPU
		{198A7897-55A9-43DC-9455-84270A46960F}.Ad-Hoc|iPhoneSimulator.Build.0 = Release|Any CPU
		{198A7897-55A9-43DC-9455-84270A46960F}.Ad-Hoc|x64.ActiveCfg = Release|Any CPU
		{198A7897-55A9-43DC-9455-84270A46960F}.Ad-Hoc|x64.Build.0 = Release|Any CPU
		{198A7897-55A9-43DC-9455-84270A46960F}.Ad-Hoc|x86.ActiveCfg = Release|Any CPU
		{198A7897-55A9-43DC-9455-84270A46960F}.Ad-Hoc|x86.Build.0 = Release|Any CPU
		{198A7897-55A9-43DC-9455-84270A46960F}.AppStore|Any CPU.ActiveCfg = Release|Any CPU
		{198A7897-55A9-43DC-9455-84270A46960F}.AppStore|Any CPU.Build.0 = Release|Any CPU
		{198A7897-55A9-43DC-9455-84270A46960F}.AppStore|ARM.ActiveCfg = Release|Any CPU
		{198A7897-55A9-43DC-9455-84270A46960F}.AppStore|ARM.Build.0 = Release|Any CPU
		{198A7897-55A9-43DC-9455-84270A46960F}.AppStore|ARM64.ActiveCfg = Release|Any CPU
		{198A7897-55A9-43DC-9455-84270A46960F}.AppStore|ARM64.Build.0 = Release|Any CPU
		{198A7897-55A9-43DC-9455-84270A46960F}.AppStore|iPhone.ActiveCfg = Release|Any CPU
		{198A7897-55A9-43DC-9455-84270A46960F}.AppStore|iPhone.Build.0 = Release|Any CPU
		{198A7897-55A9-43DC-9455-84270A46960F}.AppStore|iPhoneSimulator.ActiveCfg = Release|Any CPU
		{198A7897-55A9-43DC-9455-84270A46960F}.AppStore|iPhoneSimulator.Build.0 = Release|Any CPU
		{198A7897-55A9-43DC-9455-84270A46960F}.AppStore|x64.ActiveCfg = Release|Any CPU
		{198A7897-55A9-43DC-9455-84270A46960F}.AppStore|x64.Build.0 = Release|Any CPU
		{198A7897-55A9-43DC-9455-84270A46960F}.AppStore|x86.ActiveCfg = Release|Any CPU
		{198A7897-55A9-43DC-9455-84270A46960F}.AppStore|x86.Build.0 = Release|Any CPU
		{198A7897-55A9-43DC-9455-84270A46960F}.Debug|Any CPU.ActiveCfg = Debug|Any CPU
		{198A7897-55A9-43DC-9455-84270A46960F}.Debug|Any CPU.Build.0 = Debug|Any CPU
		{198A7897-55A9-43DC-9455-84270A46960F}.Debug|ARM.ActiveCfg = Debug|Any CPU
		{198A7897-55A9-43DC-9455-84270A46960F}.Debug|ARM.Build.0 = Debug|Any CPU
		{198A7897-55A9-43DC-9455-84270A46960F}.Debug|ARM64.ActiveCfg = Debug|Any CPU
		{198A7897-55A9-43DC-9455-84270A46960F}.Debug|ARM64.Build.0 = Debug|Any CPU
		{198A7897-55A9-43DC-9455-84270A46960F}.Debug|iPhone.ActiveCfg = Debug|Any CPU
		{198A7897-55A9-43DC-9455-84270A46960F}.Debug|iPhone.Build.0 = Debug|Any CPU
		{198A7897-55A9-43DC-9455-84270A46960F}.Debug|iPhoneSimulator.ActiveCfg = Debug|Any CPU
		{198A7897-55A9-43DC-9455-84270A46960F}.Debug|iPhoneSimulator.Build.0 = Debug|Any CPU
		{198A7897-55A9-43DC-9455-84270A46960F}.Debug|x64.ActiveCfg = Debug|Any CPU
		{198A7897-55A9-43DC-9455-84270A46960F}.Debug|x64.Build.0 = Debug|Any CPU
		{198A7897-55A9-43DC-9455-84270A46960F}.Debug|x86.ActiveCfg = Debug|Any CPU
		{198A7897-55A9-43DC-9455-84270A46960F}.Debug|x86.Build.0 = Debug|Any CPU
		{198A7897-55A9-43DC-9455-84270A46960F}.Release|Any CPU.ActiveCfg = Release|Any CPU
		{198A7897-55A9-43DC-9455-84270A46960F}.Release|Any CPU.Build.0 = Release|Any CPU
		{198A7897-55A9-43DC-9455-84270A46960F}.Release|ARM.ActiveCfg = Release|Any CPU
		{198A7897-55A9-43DC-9455-84270A46960F}.Release|ARM.Build.0 = Release|Any CPU
		{198A7897-55A9-43DC-9455-84270A46960F}.Release|ARM64.ActiveCfg = Release|Any CPU
		{198A7897-55A9-43DC-9455-84270A46960F}.Release|ARM64.Build.0 = Release|Any CPU
		{198A7897-55A9-43DC-9455-84270A46960F}.Release|iPhone.ActiveCfg = Release|Any CPU
		{198A7897-55A9-43DC-9455-84270A46960F}.Release|iPhone.Build.0 = Release|Any CPU
		{198A7897-55A9-43DC-9455-84270A46960F}.Release|iPhoneSimulator.ActiveCfg = Release|Any CPU
		{198A7897-55A9-43DC-9455-84270A46960F}.Release|iPhoneSimulator.Build.0 = Release|Any CPU
		{198A7897-55A9-43DC-9455-84270A46960F}.Release|x64.ActiveCfg = Release|Any CPU
		{198A7897-55A9-43DC-9455-84270A46960F}.Release|x64.Build.0 = Release|Any CPU
		{198A7897-55A9-43DC-9455-84270A46960F}.Release|x86.ActiveCfg = Release|Any CPU
		{198A7897-55A9-43DC-9455-84270A46960F}.Release|x86.Build.0 = Release|Any CPU
		{DAED6770-EC0D-47B3-95B2-60FC9B559073}.Ad-Hoc|Any CPU.ActiveCfg = Release|Any CPU
		{DAED6770-EC0D-47B3-95B2-60FC9B559073}.Ad-Hoc|Any CPU.Build.0 = Release|Any CPU
		{DAED6770-EC0D-47B3-95B2-60FC9B559073}.Ad-Hoc|ARM.ActiveCfg = Release|Any CPU
		{DAED6770-EC0D-47B3-95B2-60FC9B559073}.Ad-Hoc|ARM.Build.0 = Release|Any CPU
		{DAED6770-EC0D-47B3-95B2-60FC9B559073}.Ad-Hoc|ARM64.ActiveCfg = Release|Any CPU
		{DAED6770-EC0D-47B3-95B2-60FC9B559073}.Ad-Hoc|ARM64.Build.0 = Release|Any CPU
		{DAED6770-EC0D-47B3-95B2-60FC9B559073}.Ad-Hoc|iPhone.ActiveCfg = Release|Any CPU
		{DAED6770-EC0D-47B3-95B2-60FC9B559073}.Ad-Hoc|iPhone.Build.0 = Release|Any CPU
		{DAED6770-EC0D-47B3-95B2-60FC9B559073}.Ad-Hoc|iPhoneSimulator.ActiveCfg = Release|Any CPU
		{DAED6770-EC0D-47B3-95B2-60FC9B559073}.Ad-Hoc|iPhoneSimulator.Build.0 = Release|Any CPU
		{DAED6770-EC0D-47B3-95B2-60FC9B559073}.Ad-Hoc|x64.ActiveCfg = Release|Any CPU
		{DAED6770-EC0D-47B3-95B2-60FC9B559073}.Ad-Hoc|x64.Build.0 = Release|Any CPU
		{DAED6770-EC0D-47B3-95B2-60FC9B559073}.Ad-Hoc|x86.ActiveCfg = Release|Any CPU
		{DAED6770-EC0D-47B3-95B2-60FC9B559073}.Ad-Hoc|x86.Build.0 = Release|Any CPU
		{DAED6770-EC0D-47B3-95B2-60FC9B559073}.AppStore|Any CPU.ActiveCfg = Release|Any CPU
		{DAED6770-EC0D-47B3-95B2-60FC9B559073}.AppStore|Any CPU.Build.0 = Release|Any CPU
		{DAED6770-EC0D-47B3-95B2-60FC9B559073}.AppStore|ARM.ActiveCfg = Release|Any CPU
		{DAED6770-EC0D-47B3-95B2-60FC9B559073}.AppStore|ARM.Build.0 = Release|Any CPU
		{DAED6770-EC0D-47B3-95B2-60FC9B559073}.AppStore|ARM64.ActiveCfg = Release|Any CPU
		{DAED6770-EC0D-47B3-95B2-60FC9B559073}.AppStore|ARM64.Build.0 = Release|Any CPU
		{DAED6770-EC0D-47B3-95B2-60FC9B559073}.AppStore|iPhone.ActiveCfg = Release|Any CPU
		{DAED6770-EC0D-47B3-95B2-60FC9B559073}.AppStore|iPhone.Build.0 = Release|Any CPU
		{DAED6770-EC0D-47B3-95B2-60FC9B559073}.AppStore|iPhoneSimulator.ActiveCfg = Release|Any CPU
		{DAED6770-EC0D-47B3-95B2-60FC9B559073}.AppStore|iPhoneSimulator.Build.0 = Release|Any CPU
		{DAED6770-EC0D-47B3-95B2-60FC9B559073}.AppStore|x64.ActiveCfg = Release|Any CPU
		{DAED6770-EC0D-47B3-95B2-60FC9B559073}.AppStore|x64.Build.0 = Release|Any CPU
		{DAED6770-EC0D-47B3-95B2-60FC9B559073}.AppStore|x86.ActiveCfg = Release|Any CPU
		{DAED6770-EC0D-47B3-95B2-60FC9B559073}.AppStore|x86.Build.0 = Release|Any CPU
		{DAED6770-EC0D-47B3-95B2-60FC9B559073}.Debug|Any CPU.ActiveCfg = Debug|Any CPU
		{DAED6770-EC0D-47B3-95B2-60FC9B559073}.Debug|Any CPU.Build.0 = Debug|Any CPU
		{DAED6770-EC0D-47B3-95B2-60FC9B559073}.Debug|ARM.ActiveCfg = Debug|Any CPU
		{DAED6770-EC0D-47B3-95B2-60FC9B559073}.Debug|ARM.Build.0 = Debug|Any CPU
		{DAED6770-EC0D-47B3-95B2-60FC9B559073}.Debug|ARM64.ActiveCfg = Debug|Any CPU
		{DAED6770-EC0D-47B3-95B2-60FC9B559073}.Debug|ARM64.Build.0 = Debug|Any CPU
		{DAED6770-EC0D-47B3-95B2-60FC9B559073}.Debug|iPhone.ActiveCfg = Debug|Any CPU
		{DAED6770-EC0D-47B3-95B2-60FC9B559073}.Debug|iPhone.Build.0 = Debug|Any CPU
		{DAED6770-EC0D-47B3-95B2-60FC9B559073}.Debug|iPhoneSimulator.ActiveCfg = Debug|Any CPU
		{DAED6770-EC0D-47B3-95B2-60FC9B559073}.Debug|iPhoneSimulator.Build.0 = Debug|Any CPU
		{DAED6770-EC0D-47B3-95B2-60FC9B559073}.Debug|x64.ActiveCfg = Debug|Any CPU
		{DAED6770-EC0D-47B3-95B2-60FC9B559073}.Debug|x64.Build.0 = Debug|Any CPU
		{DAED6770-EC0D-47B3-95B2-60FC9B559073}.Debug|x86.ActiveCfg = Debug|Any CPU
		{DAED6770-EC0D-47B3-95B2-60FC9B559073}.Debug|x86.Build.0 = Debug|Any CPU
		{DAED6770-EC0D-47B3-95B2-60FC9B559073}.Release|Any CPU.ActiveCfg = Release|Any CPU
		{DAED6770-EC0D-47B3-95B2-60FC9B559073}.Release|Any CPU.Build.0 = Release|Any CPU
		{DAED6770-EC0D-47B3-95B2-60FC9B559073}.Release|ARM.ActiveCfg = Release|Any CPU
		{DAED6770-EC0D-47B3-95B2-60FC9B559073}.Release|ARM.Build.0 = Release|Any CPU
		{DAED6770-EC0D-47B3-95B2-60FC9B559073}.Release|ARM64.ActiveCfg = Release|Any CPU
		{DAED6770-EC0D-47B3-95B2-60FC9B559073}.Release|ARM64.Build.0 = Release|Any CPU
		{DAED6770-EC0D-47B3-95B2-60FC9B559073}.Release|iPhone.ActiveCfg = Release|Any CPU
		{DAED6770-EC0D-47B3-95B2-60FC9B559073}.Release|iPhone.Build.0 = Release|Any CPU
		{DAED6770-EC0D-47B3-95B2-60FC9B559073}.Release|iPhoneSimulator.ActiveCfg = Release|Any CPU
		{DAED6770-EC0D-47B3-95B2-60FC9B559073}.Release|iPhoneSimulator.Build.0 = Release|Any CPU
		{DAED6770-EC0D-47B3-95B2-60FC9B559073}.Release|x64.ActiveCfg = Release|Any CPU
		{DAED6770-EC0D-47B3-95B2-60FC9B559073}.Release|x64.Build.0 = Release|Any CPU
		{DAED6770-EC0D-47B3-95B2-60FC9B559073}.Release|x86.ActiveCfg = Release|Any CPU
		{DAED6770-EC0D-47B3-95B2-60FC9B559073}.Release|x86.Build.0 = Release|Any CPU
		{BC2FC763-C2AD-4CF9-BDE0-71B9ABCCBD48}.Ad-Hoc|Any CPU.ActiveCfg = Release|Any CPU
		{BC2FC763-C2AD-4CF9-BDE0-71B9ABCCBD48}.Ad-Hoc|Any CPU.Build.0 = Release|Any CPU
		{BC2FC763-C2AD-4CF9-BDE0-71B9ABCCBD48}.Ad-Hoc|ARM.ActiveCfg = Release|Any CPU
		{BC2FC763-C2AD-4CF9-BDE0-71B9ABCCBD48}.Ad-Hoc|ARM.Build.0 = Release|Any CPU
		{BC2FC763-C2AD-4CF9-BDE0-71B9ABCCBD48}.Ad-Hoc|ARM64.ActiveCfg = Release|Any CPU
		{BC2FC763-C2AD-4CF9-BDE0-71B9ABCCBD48}.Ad-Hoc|ARM64.Build.0 = Release|Any CPU
		{BC2FC763-C2AD-4CF9-BDE0-71B9ABCCBD48}.Ad-Hoc|iPhone.ActiveCfg = Release|Any CPU
		{BC2FC763-C2AD-4CF9-BDE0-71B9ABCCBD48}.Ad-Hoc|iPhone.Build.0 = Release|Any CPU
		{BC2FC763-C2AD-4CF9-BDE0-71B9ABCCBD48}.Ad-Hoc|iPhoneSimulator.ActiveCfg = Release|Any CPU
		{BC2FC763-C2AD-4CF9-BDE0-71B9ABCCBD48}.Ad-Hoc|iPhoneSimulator.Build.0 = Release|Any CPU
		{BC2FC763-C2AD-4CF9-BDE0-71B9ABCCBD48}.Ad-Hoc|x64.ActiveCfg = Release|Any CPU
		{BC2FC763-C2AD-4CF9-BDE0-71B9ABCCBD48}.Ad-Hoc|x64.Build.0 = Release|Any CPU
		{BC2FC763-C2AD-4CF9-BDE0-71B9ABCCBD48}.Ad-Hoc|x86.ActiveCfg = Release|Any CPU
		{BC2FC763-C2AD-4CF9-BDE0-71B9ABCCBD48}.Ad-Hoc|x86.Build.0 = Release|Any CPU
		{BC2FC763-C2AD-4CF9-BDE0-71B9ABCCBD48}.AppStore|Any CPU.ActiveCfg = Release|Any CPU
		{BC2FC763-C2AD-4CF9-BDE0-71B9ABCCBD48}.AppStore|Any CPU.Build.0 = Release|Any CPU
		{BC2FC763-C2AD-4CF9-BDE0-71B9ABCCBD48}.AppStore|ARM.ActiveCfg = Release|Any CPU
		{BC2FC763-C2AD-4CF9-BDE0-71B9ABCCBD48}.AppStore|ARM.Build.0 = Release|Any CPU
		{BC2FC763-C2AD-4CF9-BDE0-71B9ABCCBD48}.AppStore|ARM64.ActiveCfg = Release|Any CPU
		{BC2FC763-C2AD-4CF9-BDE0-71B9ABCCBD48}.AppStore|ARM64.Build.0 = Release|Any CPU
		{BC2FC763-C2AD-4CF9-BDE0-71B9ABCCBD48}.AppStore|iPhone.ActiveCfg = Release|Any CPU
		{BC2FC763-C2AD-4CF9-BDE0-71B9ABCCBD48}.AppStore|iPhone.Build.0 = Release|Any CPU
		{BC2FC763-C2AD-4CF9-BDE0-71B9ABCCBD48}.AppStore|iPhoneSimulator.ActiveCfg = Release|Any CPU
		{BC2FC763-C2AD-4CF9-BDE0-71B9ABCCBD48}.AppStore|iPhoneSimulator.Build.0 = Release|Any CPU
		{BC2FC763-C2AD-4CF9-BDE0-71B9ABCCBD48}.AppStore|x64.ActiveCfg = Release|Any CPU
		{BC2FC763-C2AD-4CF9-BDE0-71B9ABCCBD48}.AppStore|x64.Build.0 = Release|Any CPU
		{BC2FC763-C2AD-4CF9-BDE0-71B9ABCCBD48}.AppStore|x86.ActiveCfg = Release|Any CPU
		{BC2FC763-C2AD-4CF9-BDE0-71B9ABCCBD48}.AppStore|x86.Build.0 = Release|Any CPU
		{BC2FC763-C2AD-4CF9-BDE0-71B9ABCCBD48}.Debug|Any CPU.ActiveCfg = Debug|Any CPU
		{BC2FC763-C2AD-4CF9-BDE0-71B9ABCCBD48}.Debug|Any CPU.Build.0 = Debug|Any CPU
		{BC2FC763-C2AD-4CF9-BDE0-71B9ABCCBD48}.Debug|ARM.ActiveCfg = Debug|Any CPU
		{BC2FC763-C2AD-4CF9-BDE0-71B9ABCCBD48}.Debug|ARM.Build.0 = Debug|Any CPU
		{BC2FC763-C2AD-4CF9-BDE0-71B9ABCCBD48}.Debug|ARM64.ActiveCfg = Debug|Any CPU
		{BC2FC763-C2AD-4CF9-BDE0-71B9ABCCBD48}.Debug|ARM64.Build.0 = Debug|Any CPU
		{BC2FC763-C2AD-4CF9-BDE0-71B9ABCCBD48}.Debug|iPhone.ActiveCfg = Debug|Any CPU
		{BC2FC763-C2AD-4CF9-BDE0-71B9ABCCBD48}.Debug|iPhone.Build.0 = Debug|Any CPU
		{BC2FC763-C2AD-4CF9-BDE0-71B9ABCCBD48}.Debug|iPhoneSimulator.ActiveCfg = Debug|Any CPU
		{BC2FC763-C2AD-4CF9-BDE0-71B9ABCCBD48}.Debug|iPhoneSimulator.Build.0 = Debug|Any CPU
		{BC2FC763-C2AD-4CF9-BDE0-71B9ABCCBD48}.Debug|x64.ActiveCfg = Debug|Any CPU
		{BC2FC763-C2AD-4CF9-BDE0-71B9ABCCBD48}.Debug|x64.Build.0 = Debug|Any CPU
		{BC2FC763-C2AD-4CF9-BDE0-71B9ABCCBD48}.Debug|x86.ActiveCfg = Debug|Any CPU
		{BC2FC763-C2AD-4CF9-BDE0-71B9ABCCBD48}.Debug|x86.Build.0 = Debug|Any CPU
		{BC2FC763-C2AD-4CF9-BDE0-71B9ABCCBD48}.Release|Any CPU.ActiveCfg = Release|Any CPU
		{BC2FC763-C2AD-4CF9-BDE0-71B9ABCCBD48}.Release|Any CPU.Build.0 = Release|Any CPU
		{BC2FC763-C2AD-4CF9-BDE0-71B9ABCCBD48}.Release|ARM.ActiveCfg = Release|Any CPU
		{BC2FC763-C2AD-4CF9-BDE0-71B9ABCCBD48}.Release|ARM.Build.0 = Release|Any CPU
		{BC2FC763-C2AD-4CF9-BDE0-71B9ABCCBD48}.Release|ARM64.ActiveCfg = Release|Any CPU
		{BC2FC763-C2AD-4CF9-BDE0-71B9ABCCBD48}.Release|ARM64.Build.0 = Release|Any CPU
		{BC2FC763-C2AD-4CF9-BDE0-71B9ABCCBD48}.Release|iPhone.ActiveCfg = Release|Any CPU
		{BC2FC763-C2AD-4CF9-BDE0-71B9ABCCBD48}.Release|iPhone.Build.0 = Release|Any CPU
		{BC2FC763-C2AD-4CF9-BDE0-71B9ABCCBD48}.Release|iPhoneSimulator.ActiveCfg = Release|Any CPU
		{BC2FC763-C2AD-4CF9-BDE0-71B9ABCCBD48}.Release|iPhoneSimulator.Build.0 = Release|Any CPU
		{BC2FC763-C2AD-4CF9-BDE0-71B9ABCCBD48}.Release|x64.ActiveCfg = Release|Any CPU
		{BC2FC763-C2AD-4CF9-BDE0-71B9ABCCBD48}.Release|x64.Build.0 = Release|Any CPU
		{BC2FC763-C2AD-4CF9-BDE0-71B9ABCCBD48}.Release|x86.ActiveCfg = Release|Any CPU
		{BC2FC763-C2AD-4CF9-BDE0-71B9ABCCBD48}.Release|x86.Build.0 = Release|Any CPU
		{DB7EC886-7FD0-4D7D-A7F1-C73172EBD877}.Ad-Hoc|Any CPU.ActiveCfg = Release|Any CPU
		{DB7EC886-7FD0-4D7D-A7F1-C73172EBD877}.Ad-Hoc|Any CPU.Build.0 = Release|Any CPU
		{DB7EC886-7FD0-4D7D-A7F1-C73172EBD877}.Ad-Hoc|ARM.ActiveCfg = Release|Any CPU
		{DB7EC886-7FD0-4D7D-A7F1-C73172EBD877}.Ad-Hoc|ARM.Build.0 = Release|Any CPU
		{DB7EC886-7FD0-4D7D-A7F1-C73172EBD877}.Ad-Hoc|ARM64.ActiveCfg = Release|Any CPU
		{DB7EC886-7FD0-4D7D-A7F1-C73172EBD877}.Ad-Hoc|ARM64.Build.0 = Release|Any CPU
		{DB7EC886-7FD0-4D7D-A7F1-C73172EBD877}.Ad-Hoc|iPhone.ActiveCfg = Release|Any CPU
		{DB7EC886-7FD0-4D7D-A7F1-C73172EBD877}.Ad-Hoc|iPhone.Build.0 = Release|Any CPU
		{DB7EC886-7FD0-4D7D-A7F1-C73172EBD877}.Ad-Hoc|iPhoneSimulator.ActiveCfg = Release|Any CPU
		{DB7EC886-7FD0-4D7D-A7F1-C73172EBD877}.Ad-Hoc|iPhoneSimulator.Build.0 = Release|Any CPU
		{DB7EC886-7FD0-4D7D-A7F1-C73172EBD877}.Ad-Hoc|x64.ActiveCfg = Release|Any CPU
		{DB7EC886-7FD0-4D7D-A7F1-C73172EBD877}.Ad-Hoc|x64.Build.0 = Release|Any CPU
		{DB7EC886-7FD0-4D7D-A7F1-C73172EBD877}.Ad-Hoc|x86.ActiveCfg = Release|Any CPU
		{DB7EC886-7FD0-4D7D-A7F1-C73172EBD877}.Ad-Hoc|x86.Build.0 = Release|Any CPU
		{DB7EC886-7FD0-4D7D-A7F1-C73172EBD877}.AppStore|Any CPU.ActiveCfg = Release|Any CPU
		{DB7EC886-7FD0-4D7D-A7F1-C73172EBD877}.AppStore|Any CPU.Build.0 = Release|Any CPU
		{DB7EC886-7FD0-4D7D-A7F1-C73172EBD877}.AppStore|ARM.ActiveCfg = Release|Any CPU
		{DB7EC886-7FD0-4D7D-A7F1-C73172EBD877}.AppStore|ARM.Build.0 = Release|Any CPU
		{DB7EC886-7FD0-4D7D-A7F1-C73172EBD877}.AppStore|ARM64.ActiveCfg = Release|Any CPU
		{DB7EC886-7FD0-4D7D-A7F1-C73172EBD877}.AppStore|ARM64.Build.0 = Release|Any CPU
		{DB7EC886-7FD0-4D7D-A7F1-C73172EBD877}.AppStore|iPhone.ActiveCfg = Release|Any CPU
		{DB7EC886-7FD0-4D7D-A7F1-C73172EBD877}.AppStore|iPhone.Build.0 = Release|Any CPU
		{DB7EC886-7FD0-4D7D-A7F1-C73172EBD877}.AppStore|iPhoneSimulator.ActiveCfg = Release|Any CPU
		{DB7EC886-7FD0-4D7D-A7F1-C73172EBD877}.AppStore|iPhoneSimulator.Build.0 = Release|Any CPU
		{DB7EC886-7FD0-4D7D-A7F1-C73172EBD877}.AppStore|x64.ActiveCfg = Release|Any CPU
		{DB7EC886-7FD0-4D7D-A7F1-C73172EBD877}.AppStore|x64.Build.0 = Release|Any CPU
		{DB7EC886-7FD0-4D7D-A7F1-C73172EBD877}.AppStore|x86.ActiveCfg = Release|Any CPU
		{DB7EC886-7FD0-4D7D-A7F1-C73172EBD877}.AppStore|x86.Build.0 = Release|Any CPU
		{DB7EC886-7FD0-4D7D-A7F1-C73172EBD877}.Debug|Any CPU.ActiveCfg = Debug|Any CPU
		{DB7EC886-7FD0-4D7D-A7F1-C73172EBD877}.Debug|Any CPU.Build.0 = Debug|Any CPU
		{DB7EC886-7FD0-4D7D-A7F1-C73172EBD877}.Debug|ARM.ActiveCfg = Debug|Any CPU
		{DB7EC886-7FD0-4D7D-A7F1-C73172EBD877}.Debug|ARM.Build.0 = Debug|Any CPU
		{DB7EC886-7FD0-4D7D-A7F1-C73172EBD877}.Debug|ARM64.ActiveCfg = Debug|Any CPU
		{DB7EC886-7FD0-4D7D-A7F1-C73172EBD877}.Debug|ARM64.Build.0 = Debug|Any CPU
		{DB7EC886-7FD0-4D7D-A7F1-C73172EBD877}.Debug|iPhone.ActiveCfg = Debug|Any CPU
		{DB7EC886-7FD0-4D7D-A7F1-C73172EBD877}.Debug|iPhone.Build.0 = Debug|Any CPU
		{DB7EC886-7FD0-4D7D-A7F1-C73172EBD877}.Debug|iPhoneSimulator.ActiveCfg = Debug|Any CPU
		{DB7EC886-7FD0-4D7D-A7F1-C73172EBD877}.Debug|iPhoneSimulator.Build.0 = Debug|Any CPU
		{DB7EC886-7FD0-4D7D-A7F1-C73172EBD877}.Debug|x64.ActiveCfg = Debug|Any CPU
		{DB7EC886-7FD0-4D7D-A7F1-C73172EBD877}.Debug|x64.Build.0 = Debug|Any CPU
		{DB7EC886-7FD0-4D7D-A7F1-C73172EBD877}.Debug|x86.ActiveCfg = Debug|Any CPU
		{DB7EC886-7FD0-4D7D-A7F1-C73172EBD877}.Debug|x86.Build.0 = Debug|Any CPU
		{DB7EC886-7FD0-4D7D-A7F1-C73172EBD877}.Release|Any CPU.ActiveCfg = Release|Any CPU
		{DB7EC886-7FD0-4D7D-A7F1-C73172EBD877}.Release|Any CPU.Build.0 = Release|Any CPU
		{DB7EC886-7FD0-4D7D-A7F1-C73172EBD877}.Release|ARM.ActiveCfg = Release|Any CPU
		{DB7EC886-7FD0-4D7D-A7F1-C73172EBD877}.Release|ARM.Build.0 = Release|Any CPU
		{DB7EC886-7FD0-4D7D-A7F1-C73172EBD877}.Release|ARM64.ActiveCfg = Release|Any CPU
		{DB7EC886-7FD0-4D7D-A7F1-C73172EBD877}.Release|ARM64.Build.0 = Release|Any CPU
		{DB7EC886-7FD0-4D7D-A7F1-C73172EBD877}.Release|iPhone.ActiveCfg = Release|Any CPU
		{DB7EC886-7FD0-4D7D-A7F1-C73172EBD877}.Release|iPhone.Build.0 = Release|Any CPU
		{DB7EC886-7FD0-4D7D-A7F1-C73172EBD877}.Release|iPhoneSimulator.ActiveCfg = Release|Any CPU
		{DB7EC886-7FD0-4D7D-A7F1-C73172EBD877}.Release|iPhoneSimulator.Build.0 = Release|Any CPU
		{DB7EC886-7FD0-4D7D-A7F1-C73172EBD877}.Release|x64.ActiveCfg = Release|Any CPU
		{DB7EC886-7FD0-4D7D-A7F1-C73172EBD877}.Release|x64.Build.0 = Release|Any CPU
		{DB7EC886-7FD0-4D7D-A7F1-C73172EBD877}.Release|x86.ActiveCfg = Release|Any CPU
		{DB7EC886-7FD0-4D7D-A7F1-C73172EBD877}.Release|x86.Build.0 = Release|Any CPU
		{9433D481-88B5-40C7-B5D9-5D8E62D4EFD3}.Ad-Hoc|Any CPU.ActiveCfg = Release|Any CPU
		{9433D481-88B5-40C7-B5D9-5D8E62D4EFD3}.Ad-Hoc|Any CPU.Build.0 = Release|Any CPU
		{9433D481-88B5-40C7-B5D9-5D8E62D4EFD3}.Ad-Hoc|ARM.ActiveCfg = Release|Any CPU
		{9433D481-88B5-40C7-B5D9-5D8E62D4EFD3}.Ad-Hoc|ARM.Build.0 = Release|Any CPU
		{9433D481-88B5-40C7-B5D9-5D8E62D4EFD3}.Ad-Hoc|ARM64.ActiveCfg = Release|Any CPU
		{9433D481-88B5-40C7-B5D9-5D8E62D4EFD3}.Ad-Hoc|ARM64.Build.0 = Release|Any CPU
		{9433D481-88B5-40C7-B5D9-5D8E62D4EFD3}.Ad-Hoc|iPhone.ActiveCfg = Release|Any CPU
		{9433D481-88B5-40C7-B5D9-5D8E62D4EFD3}.Ad-Hoc|iPhone.Build.0 = Release|Any CPU
		{9433D481-88B5-40C7-B5D9-5D8E62D4EFD3}.Ad-Hoc|iPhoneSimulator.ActiveCfg = Release|Any CPU
		{9433D481-88B5-40C7-B5D9-5D8E62D4EFD3}.Ad-Hoc|iPhoneSimulator.Build.0 = Release|Any CPU
		{9433D481-88B5-40C7-B5D9-5D8E62D4EFD3}.Ad-Hoc|x64.ActiveCfg = Release|Any CPU
		{9433D481-88B5-40C7-B5D9-5D8E62D4EFD3}.Ad-Hoc|x64.Build.0 = Release|Any CPU
		{9433D481-88B5-40C7-B5D9-5D8E62D4EFD3}.Ad-Hoc|x86.ActiveCfg = Release|Any CPU
		{9433D481-88B5-40C7-B5D9-5D8E62D4EFD3}.Ad-Hoc|x86.Build.0 = Release|Any CPU
		{9433D481-88B5-40C7-B5D9-5D8E62D4EFD3}.AppStore|Any CPU.ActiveCfg = Release|Any CPU
		{9433D481-88B5-40C7-B5D9-5D8E62D4EFD3}.AppStore|Any CPU.Build.0 = Release|Any CPU
		{9433D481-88B5-40C7-B5D9-5D8E62D4EFD3}.AppStore|ARM.ActiveCfg = Release|Any CPU
		{9433D481-88B5-40C7-B5D9-5D8E62D4EFD3}.AppStore|ARM.Build.0 = Release|Any CPU
		{9433D481-88B5-40C7-B5D9-5D8E62D4EFD3}.AppStore|ARM64.ActiveCfg = Release|Any CPU
		{9433D481-88B5-40C7-B5D9-5D8E62D4EFD3}.AppStore|ARM64.Build.0 = Release|Any CPU
		{9433D481-88B5-40C7-B5D9-5D8E62D4EFD3}.AppStore|iPhone.ActiveCfg = Release|Any CPU
		{9433D481-88B5-40C7-B5D9-5D8E62D4EFD3}.AppStore|iPhone.Build.0 = Release|Any CPU
		{9433D481-88B5-40C7-B5D9-5D8E62D4EFD3}.AppStore|iPhoneSimulator.ActiveCfg = Release|Any CPU
		{9433D481-88B5-40C7-B5D9-5D8E62D4EFD3}.AppStore|iPhoneSimulator.Build.0 = Release|Any CPU
		{9433D481-88B5-40C7-B5D9-5D8E62D4EFD3}.AppStore|x64.ActiveCfg = Release|Any CPU
		{9433D481-88B5-40C7-B5D9-5D8E62D4EFD3}.AppStore|x64.Build.0 = Release|Any CPU
		{9433D481-88B5-40C7-B5D9-5D8E62D4EFD3}.AppStore|x86.ActiveCfg = Release|Any CPU
		{9433D481-88B5-40C7-B5D9-5D8E62D4EFD3}.AppStore|x86.Build.0 = Release|Any CPU
		{9433D481-88B5-40C7-B5D9-5D8E62D4EFD3}.Debug|Any CPU.ActiveCfg = Debug|Any CPU
		{9433D481-88B5-40C7-B5D9-5D8E62D4EFD3}.Debug|Any CPU.Build.0 = Debug|Any CPU
		{9433D481-88B5-40C7-B5D9-5D8E62D4EFD3}.Debug|ARM.ActiveCfg = Debug|Any CPU
		{9433D481-88B5-40C7-B5D9-5D8E62D4EFD3}.Debug|ARM.Build.0 = Debug|Any CPU
		{9433D481-88B5-40C7-B5D9-5D8E62D4EFD3}.Debug|ARM64.ActiveCfg = Debug|Any CPU
		{9433D481-88B5-40C7-B5D9-5D8E62D4EFD3}.Debug|ARM64.Build.0 = Debug|Any CPU
		{9433D481-88B5-40C7-B5D9-5D8E62D4EFD3}.Debug|iPhone.ActiveCfg = Debug|Any CPU
		{9433D481-88B5-40C7-B5D9-5D8E62D4EFD3}.Debug|iPhone.Build.0 = Debug|Any CPU
		{9433D481-88B5-40C7-B5D9-5D8E62D4EFD3}.Debug|iPhoneSimulator.ActiveCfg = Debug|Any CPU
		{9433D481-88B5-40C7-B5D9-5D8E62D4EFD3}.Debug|iPhoneSimulator.Build.0 = Debug|Any CPU
		{9433D481-88B5-40C7-B5D9-5D8E62D4EFD3}.Debug|x64.ActiveCfg = Debug|Any CPU
		{9433D481-88B5-40C7-B5D9-5D8E62D4EFD3}.Debug|x64.Build.0 = Debug|Any CPU
		{9433D481-88B5-40C7-B5D9-5D8E62D4EFD3}.Debug|x86.ActiveCfg = Debug|Any CPU
		{9433D481-88B5-40C7-B5D9-5D8E62D4EFD3}.Debug|x86.Build.0 = Debug|Any CPU
		{9433D481-88B5-40C7-B5D9-5D8E62D4EFD3}.Release|Any CPU.ActiveCfg = Release|Any CPU
		{9433D481-88B5-40C7-B5D9-5D8E62D4EFD3}.Release|Any CPU.Build.0 = Release|Any CPU
		{9433D481-88B5-40C7-B5D9-5D8E62D4EFD3}.Release|ARM.ActiveCfg = Release|Any CPU
		{9433D481-88B5-40C7-B5D9-5D8E62D4EFD3}.Release|ARM.Build.0 = Release|Any CPU
		{9433D481-88B5-40C7-B5D9-5D8E62D4EFD3}.Release|ARM64.ActiveCfg = Release|Any CPU
		{9433D481-88B5-40C7-B5D9-5D8E62D4EFD3}.Release|ARM64.Build.0 = Release|Any CPU
		{9433D481-88B5-40C7-B5D9-5D8E62D4EFD3}.Release|iPhone.ActiveCfg = Release|Any CPU
		{9433D481-88B5-40C7-B5D9-5D8E62D4EFD3}.Release|iPhone.Build.0 = Release|Any CPU
		{9433D481-88B5-40C7-B5D9-5D8E62D4EFD3}.Release|iPhoneSimulator.ActiveCfg = Release|Any CPU
		{9433D481-88B5-40C7-B5D9-5D8E62D4EFD3}.Release|iPhoneSimulator.Build.0 = Release|Any CPU
		{9433D481-88B5-40C7-B5D9-5D8E62D4EFD3}.Release|x64.ActiveCfg = Release|Any CPU
		{9433D481-88B5-40C7-B5D9-5D8E62D4EFD3}.Release|x64.Build.0 = Release|Any CPU
		{9433D481-88B5-40C7-B5D9-5D8E62D4EFD3}.Release|x86.ActiveCfg = Release|Any CPU
		{9433D481-88B5-40C7-B5D9-5D8E62D4EFD3}.Release|x86.Build.0 = Release|Any CPU
		{CE0603F5-9864-45C4-8A8D-91D26ADA4AE8}.Ad-Hoc|Any CPU.ActiveCfg = Release|Any CPU
		{CE0603F5-9864-45C4-8A8D-91D26ADA4AE8}.Ad-Hoc|Any CPU.Build.0 = Release|Any CPU
		{CE0603F5-9864-45C4-8A8D-91D26ADA4AE8}.Ad-Hoc|ARM.ActiveCfg = Release|Any CPU
		{CE0603F5-9864-45C4-8A8D-91D26ADA4AE8}.Ad-Hoc|ARM.Build.0 = Release|Any CPU
		{CE0603F5-9864-45C4-8A8D-91D26ADA4AE8}.Ad-Hoc|ARM64.ActiveCfg = Release|Any CPU
		{CE0603F5-9864-45C4-8A8D-91D26ADA4AE8}.Ad-Hoc|ARM64.Build.0 = Release|Any CPU
		{CE0603F5-9864-45C4-8A8D-91D26ADA4AE8}.Ad-Hoc|iPhone.ActiveCfg = Release|Any CPU
		{CE0603F5-9864-45C4-8A8D-91D26ADA4AE8}.Ad-Hoc|iPhone.Build.0 = Release|Any CPU
		{CE0603F5-9864-45C4-8A8D-91D26ADA4AE8}.Ad-Hoc|iPhoneSimulator.ActiveCfg = Release|Any CPU
		{CE0603F5-9864-45C4-8A8D-91D26ADA4AE8}.Ad-Hoc|iPhoneSimulator.Build.0 = Release|Any CPU
		{CE0603F5-9864-45C4-8A8D-91D26ADA4AE8}.Ad-Hoc|x64.ActiveCfg = Release|Any CPU
		{CE0603F5-9864-45C4-8A8D-91D26ADA4AE8}.Ad-Hoc|x64.Build.0 = Release|Any CPU
		{CE0603F5-9864-45C4-8A8D-91D26ADA4AE8}.Ad-Hoc|x86.ActiveCfg = Release|Any CPU
		{CE0603F5-9864-45C4-8A8D-91D26ADA4AE8}.Ad-Hoc|x86.Build.0 = Release|Any CPU
		{CE0603F5-9864-45C4-8A8D-91D26ADA4AE8}.AppStore|Any CPU.ActiveCfg = Release|Any CPU
		{CE0603F5-9864-45C4-8A8D-91D26ADA4AE8}.AppStore|Any CPU.Build.0 = Release|Any CPU
		{CE0603F5-9864-45C4-8A8D-91D26ADA4AE8}.AppStore|ARM.ActiveCfg = Release|Any CPU
		{CE0603F5-9864-45C4-8A8D-91D26ADA4AE8}.AppStore|ARM.Build.0 = Release|Any CPU
		{CE0603F5-9864-45C4-8A8D-91D26ADA4AE8}.AppStore|ARM64.ActiveCfg = Release|Any CPU
		{CE0603F5-9864-45C4-8A8D-91D26ADA4AE8}.AppStore|ARM64.Build.0 = Release|Any CPU
		{CE0603F5-9864-45C4-8A8D-91D26ADA4AE8}.AppStore|iPhone.ActiveCfg = Release|Any CPU
		{CE0603F5-9864-45C4-8A8D-91D26ADA4AE8}.AppStore|iPhone.Build.0 = Release|Any CPU
		{CE0603F5-9864-45C4-8A8D-91D26ADA4AE8}.AppStore|iPhoneSimulator.ActiveCfg = Release|Any CPU
		{CE0603F5-9864-45C4-8A8D-91D26ADA4AE8}.AppStore|iPhoneSimulator.Build.0 = Release|Any CPU
		{CE0603F5-9864-45C4-8A8D-91D26ADA4AE8}.AppStore|x64.ActiveCfg = Release|Any CPU
		{CE0603F5-9864-45C4-8A8D-91D26ADA4AE8}.AppStore|x64.Build.0 = Release|Any CPU
		{CE0603F5-9864-45C4-8A8D-91D26ADA4AE8}.AppStore|x86.ActiveCfg = Release|Any CPU
		{CE0603F5-9864-45C4-8A8D-91D26ADA4AE8}.AppStore|x86.Build.0 = Release|Any CPU
		{CE0603F5-9864-45C4-8A8D-91D26ADA4AE8}.Debug|Any CPU.ActiveCfg = Debug|Any CPU
		{CE0603F5-9864-45C4-8A8D-91D26ADA4AE8}.Debug|Any CPU.Build.0 = Debug|Any CPU
		{CE0603F5-9864-45C4-8A8D-91D26ADA4AE8}.Debug|ARM.ActiveCfg = Debug|Any CPU
		{CE0603F5-9864-45C4-8A8D-91D26ADA4AE8}.Debug|ARM.Build.0 = Debug|Any CPU
		{CE0603F5-9864-45C4-8A8D-91D26ADA4AE8}.Debug|ARM64.ActiveCfg = Debug|Any CPU
		{CE0603F5-9864-45C4-8A8D-91D26ADA4AE8}.Debug|ARM64.Build.0 = Debug|Any CPU
		{CE0603F5-9864-45C4-8A8D-91D26ADA4AE8}.Debug|iPhone.ActiveCfg = Debug|Any CPU
		{CE0603F5-9864-45C4-8A8D-91D26ADA4AE8}.Debug|iPhone.Build.0 = Debug|Any CPU
		{CE0603F5-9864-45C4-8A8D-91D26ADA4AE8}.Debug|iPhoneSimulator.ActiveCfg = Debug|Any CPU
		{CE0603F5-9864-45C4-8A8D-91D26ADA4AE8}.Debug|iPhoneSimulator.Build.0 = Debug|Any CPU
		{CE0603F5-9864-45C4-8A8D-91D26ADA4AE8}.Debug|x64.ActiveCfg = Debug|Any CPU
		{CE0603F5-9864-45C4-8A8D-91D26ADA4AE8}.Debug|x64.Build.0 = Debug|Any CPU
		{CE0603F5-9864-45C4-8A8D-91D26ADA4AE8}.Debug|x86.ActiveCfg = Debug|Any CPU
		{CE0603F5-9864-45C4-8A8D-91D26ADA4AE8}.Debug|x86.Build.0 = Debug|Any CPU
		{CE0603F5-9864-45C4-8A8D-91D26ADA4AE8}.Release|Any CPU.ActiveCfg = Release|Any CPU
		{CE0603F5-9864-45C4-8A8D-91D26ADA4AE8}.Release|Any CPU.Build.0 = Release|Any CPU
		{CE0603F5-9864-45C4-8A8D-91D26ADA4AE8}.Release|ARM.ActiveCfg = Release|Any CPU
		{CE0603F5-9864-45C4-8A8D-91D26ADA4AE8}.Release|ARM.Build.0 = Release|Any CPU
		{CE0603F5-9864-45C4-8A8D-91D26ADA4AE8}.Release|ARM64.ActiveCfg = Release|Any CPU
		{CE0603F5-9864-45C4-8A8D-91D26ADA4AE8}.Release|ARM64.Build.0 = Release|Any CPU
		{CE0603F5-9864-45C4-8A8D-91D26ADA4AE8}.Release|iPhone.ActiveCfg = Release|Any CPU
		{CE0603F5-9864-45C4-8A8D-91D26ADA4AE8}.Release|iPhone.Build.0 = Release|Any CPU
		{CE0603F5-9864-45C4-8A8D-91D26ADA4AE8}.Release|iPhoneSimulator.ActiveCfg = Release|Any CPU
		{CE0603F5-9864-45C4-8A8D-91D26ADA4AE8}.Release|iPhoneSimulator.Build.0 = Release|Any CPU
		{CE0603F5-9864-45C4-8A8D-91D26ADA4AE8}.Release|x64.ActiveCfg = Release|Any CPU
		{CE0603F5-9864-45C4-8A8D-91D26ADA4AE8}.Release|x64.Build.0 = Release|Any CPU
		{CE0603F5-9864-45C4-8A8D-91D26ADA4AE8}.Release|x86.ActiveCfg = Release|Any CPU
		{CE0603F5-9864-45C4-8A8D-91D26ADA4AE8}.Release|x86.Build.0 = Release|Any CPU
		{48E1A83C-4F0D-4EB8-A370-12E50110E3BE}.Ad-Hoc|Any CPU.ActiveCfg = Release|Any CPU
		{48E1A83C-4F0D-4EB8-A370-12E50110E3BE}.Ad-Hoc|Any CPU.Build.0 = Release|Any CPU
		{48E1A83C-4F0D-4EB8-A370-12E50110E3BE}.Ad-Hoc|Any CPU.Deploy.0 = Release|Any CPU
		{48E1A83C-4F0D-4EB8-A370-12E50110E3BE}.Ad-Hoc|ARM.ActiveCfg = Release|Any CPU
		{48E1A83C-4F0D-4EB8-A370-12E50110E3BE}.Ad-Hoc|ARM.Build.0 = Release|Any CPU
		{48E1A83C-4F0D-4EB8-A370-12E50110E3BE}.Ad-Hoc|ARM.Deploy.0 = Release|Any CPU
		{48E1A83C-4F0D-4EB8-A370-12E50110E3BE}.Ad-Hoc|ARM64.ActiveCfg = Release|Any CPU
		{48E1A83C-4F0D-4EB8-A370-12E50110E3BE}.Ad-Hoc|ARM64.Build.0 = Release|Any CPU
		{48E1A83C-4F0D-4EB8-A370-12E50110E3BE}.Ad-Hoc|ARM64.Deploy.0 = Release|Any CPU
		{48E1A83C-4F0D-4EB8-A370-12E50110E3BE}.Ad-Hoc|iPhone.ActiveCfg = Release|Any CPU
		{48E1A83C-4F0D-4EB8-A370-12E50110E3BE}.Ad-Hoc|iPhone.Build.0 = Release|Any CPU
		{48E1A83C-4F0D-4EB8-A370-12E50110E3BE}.Ad-Hoc|iPhone.Deploy.0 = Release|Any CPU
		{48E1A83C-4F0D-4EB8-A370-12E50110E3BE}.Ad-Hoc|iPhoneSimulator.ActiveCfg = Release|Any CPU
		{48E1A83C-4F0D-4EB8-A370-12E50110E3BE}.Ad-Hoc|iPhoneSimulator.Build.0 = Release|Any CPU
		{48E1A83C-4F0D-4EB8-A370-12E50110E3BE}.Ad-Hoc|iPhoneSimulator.Deploy.0 = Release|Any CPU
		{48E1A83C-4F0D-4EB8-A370-12E50110E3BE}.Ad-Hoc|x64.ActiveCfg = Release|Any CPU
		{48E1A83C-4F0D-4EB8-A370-12E50110E3BE}.Ad-Hoc|x64.Build.0 = Release|Any CPU
		{48E1A83C-4F0D-4EB8-A370-12E50110E3BE}.Ad-Hoc|x64.Deploy.0 = Release|Any CPU
		{48E1A83C-4F0D-4EB8-A370-12E50110E3BE}.Ad-Hoc|x86.ActiveCfg = Release|Any CPU
		{48E1A83C-4F0D-4EB8-A370-12E50110E3BE}.Ad-Hoc|x86.Build.0 = Release|Any CPU
		{48E1A83C-4F0D-4EB8-A370-12E50110E3BE}.Ad-Hoc|x86.Deploy.0 = Release|Any CPU
		{48E1A83C-4F0D-4EB8-A370-12E50110E3BE}.AppStore|Any CPU.ActiveCfg = Release|Any CPU
		{48E1A83C-4F0D-4EB8-A370-12E50110E3BE}.AppStore|Any CPU.Build.0 = Release|Any CPU
		{48E1A83C-4F0D-4EB8-A370-12E50110E3BE}.AppStore|Any CPU.Deploy.0 = Release|Any CPU
		{48E1A83C-4F0D-4EB8-A370-12E50110E3BE}.AppStore|ARM.ActiveCfg = Release|Any CPU
		{48E1A83C-4F0D-4EB8-A370-12E50110E3BE}.AppStore|ARM.Build.0 = Release|Any CPU
		{48E1A83C-4F0D-4EB8-A370-12E50110E3BE}.AppStore|ARM.Deploy.0 = Release|Any CPU
		{48E1A83C-4F0D-4EB8-A370-12E50110E3BE}.AppStore|ARM64.ActiveCfg = Release|Any CPU
		{48E1A83C-4F0D-4EB8-A370-12E50110E3BE}.AppStore|ARM64.Build.0 = Release|Any CPU
		{48E1A83C-4F0D-4EB8-A370-12E50110E3BE}.AppStore|ARM64.Deploy.0 = Release|Any CPU
		{48E1A83C-4F0D-4EB8-A370-12E50110E3BE}.AppStore|iPhone.ActiveCfg = Release|Any CPU
		{48E1A83C-4F0D-4EB8-A370-12E50110E3BE}.AppStore|iPhone.Build.0 = Release|Any CPU
		{48E1A83C-4F0D-4EB8-A370-12E50110E3BE}.AppStore|iPhone.Deploy.0 = Release|Any CPU
		{48E1A83C-4F0D-4EB8-A370-12E50110E3BE}.AppStore|iPhoneSimulator.ActiveCfg = Release|Any CPU
		{48E1A83C-4F0D-4EB8-A370-12E50110E3BE}.AppStore|iPhoneSimulator.Build.0 = Release|Any CPU
		{48E1A83C-4F0D-4EB8-A370-12E50110E3BE}.AppStore|iPhoneSimulator.Deploy.0 = Release|Any CPU
		{48E1A83C-4F0D-4EB8-A370-12E50110E3BE}.AppStore|x64.ActiveCfg = Release|Any CPU
		{48E1A83C-4F0D-4EB8-A370-12E50110E3BE}.AppStore|x64.Build.0 = Release|Any CPU
		{48E1A83C-4F0D-4EB8-A370-12E50110E3BE}.AppStore|x64.Deploy.0 = Release|Any CPU
		{48E1A83C-4F0D-4EB8-A370-12E50110E3BE}.AppStore|x86.ActiveCfg = Release|Any CPU
		{48E1A83C-4F0D-4EB8-A370-12E50110E3BE}.AppStore|x86.Build.0 = Release|Any CPU
		{48E1A83C-4F0D-4EB8-A370-12E50110E3BE}.AppStore|x86.Deploy.0 = Release|Any CPU
		{48E1A83C-4F0D-4EB8-A370-12E50110E3BE}.Debug|Any CPU.ActiveCfg = Debug|Any CPU
		{48E1A83C-4F0D-4EB8-A370-12E50110E3BE}.Debug|Any CPU.Build.0 = Debug|Any CPU
		{48E1A83C-4F0D-4EB8-A370-12E50110E3BE}.Debug|Any CPU.Deploy.0 = Debug|Any CPU
		{48E1A83C-4F0D-4EB8-A370-12E50110E3BE}.Debug|ARM.ActiveCfg = Debug|Any CPU
		{48E1A83C-4F0D-4EB8-A370-12E50110E3BE}.Debug|ARM.Build.0 = Debug|Any CPU
		{48E1A83C-4F0D-4EB8-A370-12E50110E3BE}.Debug|ARM.Deploy.0 = Debug|Any CPU
		{48E1A83C-4F0D-4EB8-A370-12E50110E3BE}.Debug|ARM64.ActiveCfg = Debug|Any CPU
		{48E1A83C-4F0D-4EB8-A370-12E50110E3BE}.Debug|ARM64.Build.0 = Debug|Any CPU
		{48E1A83C-4F0D-4EB8-A370-12E50110E3BE}.Debug|ARM64.Deploy.0 = Debug|Any CPU
		{48E1A83C-4F0D-4EB8-A370-12E50110E3BE}.Debug|iPhone.ActiveCfg = Debug|Any CPU
		{48E1A83C-4F0D-4EB8-A370-12E50110E3BE}.Debug|iPhone.Build.0 = Debug|Any CPU
		{48E1A83C-4F0D-4EB8-A370-12E50110E3BE}.Debug|iPhone.Deploy.0 = Debug|Any CPU
		{48E1A83C-4F0D-4EB8-A370-12E50110E3BE}.Debug|iPhoneSimulator.ActiveCfg = Debug|Any CPU
		{48E1A83C-4F0D-4EB8-A370-12E50110E3BE}.Debug|iPhoneSimulator.Build.0 = Debug|Any CPU
		{48E1A83C-4F0D-4EB8-A370-12E50110E3BE}.Debug|iPhoneSimulator.Deploy.0 = Debug|Any CPU
		{48E1A83C-4F0D-4EB8-A370-12E50110E3BE}.Debug|x64.ActiveCfg = Debug|Any CPU
		{48E1A83C-4F0D-4EB8-A370-12E50110E3BE}.Debug|x64.Build.0 = Debug|Any CPU
		{48E1A83C-4F0D-4EB8-A370-12E50110E3BE}.Debug|x64.Deploy.0 = Debug|Any CPU
		{48E1A83C-4F0D-4EB8-A370-12E50110E3BE}.Debug|x86.ActiveCfg = Debug|Any CPU
		{48E1A83C-4F0D-4EB8-A370-12E50110E3BE}.Debug|x86.Build.0 = Debug|Any CPU
		{48E1A83C-4F0D-4EB8-A370-12E50110E3BE}.Debug|x86.Deploy.0 = Debug|Any CPU
		{48E1A83C-4F0D-4EB8-A370-12E50110E3BE}.Release|Any CPU.ActiveCfg = Release|Any CPU
		{48E1A83C-4F0D-4EB8-A370-12E50110E3BE}.Release|Any CPU.Build.0 = Release|Any CPU
		{48E1A83C-4F0D-4EB8-A370-12E50110E3BE}.Release|Any CPU.Deploy.0 = Release|Any CPU
		{48E1A83C-4F0D-4EB8-A370-12E50110E3BE}.Release|ARM.ActiveCfg = Release|Any CPU
		{48E1A83C-4F0D-4EB8-A370-12E50110E3BE}.Release|ARM.Build.0 = Release|Any CPU
		{48E1A83C-4F0D-4EB8-A370-12E50110E3BE}.Release|ARM.Deploy.0 = Release|Any CPU
		{48E1A83C-4F0D-4EB8-A370-12E50110E3BE}.Release|ARM64.ActiveCfg = Release|Any CPU
		{48E1A83C-4F0D-4EB8-A370-12E50110E3BE}.Release|ARM64.Build.0 = Release|Any CPU
		{48E1A83C-4F0D-4EB8-A370-12E50110E3BE}.Release|ARM64.Deploy.0 = Release|Any CPU
		{48E1A83C-4F0D-4EB8-A370-12E50110E3BE}.Release|iPhone.ActiveCfg = Release|Any CPU
		{48E1A83C-4F0D-4EB8-A370-12E50110E3BE}.Release|iPhone.Build.0 = Release|Any CPU
		{48E1A83C-4F0D-4EB8-A370-12E50110E3BE}.Release|iPhone.Deploy.0 = Release|Any CPU
		{48E1A83C-4F0D-4EB8-A370-12E50110E3BE}.Release|iPhoneSimulator.ActiveCfg = Release|Any CPU
		{48E1A83C-4F0D-4EB8-A370-12E50110E3BE}.Release|iPhoneSimulator.Build.0 = Release|Any CPU
		{48E1A83C-4F0D-4EB8-A370-12E50110E3BE}.Release|iPhoneSimulator.Deploy.0 = Release|Any CPU
		{48E1A83C-4F0D-4EB8-A370-12E50110E3BE}.Release|x64.ActiveCfg = Release|Any CPU
		{48E1A83C-4F0D-4EB8-A370-12E50110E3BE}.Release|x64.Build.0 = Release|Any CPU
		{48E1A83C-4F0D-4EB8-A370-12E50110E3BE}.Release|x64.Deploy.0 = Release|Any CPU
		{48E1A83C-4F0D-4EB8-A370-12E50110E3BE}.Release|x86.ActiveCfg = Release|Any CPU
		{48E1A83C-4F0D-4EB8-A370-12E50110E3BE}.Release|x86.Build.0 = Release|Any CPU
		{48E1A83C-4F0D-4EB8-A370-12E50110E3BE}.Release|x86.Deploy.0 = Release|Any CPU
		{BEF9993C-CB56-4AB7-9CA3-13EC6A3E2F35}.Ad-Hoc|Any CPU.ActiveCfg = Ad-Hoc|iPhone
		{BEF9993C-CB56-4AB7-9CA3-13EC6A3E2F35}.Ad-Hoc|ARM.ActiveCfg = Ad-Hoc|iPhone
		{BEF9993C-CB56-4AB7-9CA3-13EC6A3E2F35}.Ad-Hoc|ARM64.ActiveCfg = Ad-Hoc|iPhone
		{BEF9993C-CB56-4AB7-9CA3-13EC6A3E2F35}.Ad-Hoc|iPhone.ActiveCfg = Ad-Hoc|iPhone
		{BEF9993C-CB56-4AB7-9CA3-13EC6A3E2F35}.Ad-Hoc|iPhone.Build.0 = Ad-Hoc|iPhone
		{BEF9993C-CB56-4AB7-9CA3-13EC6A3E2F35}.Ad-Hoc|iPhoneSimulator.ActiveCfg = Ad-Hoc|iPhoneSimulator
		{BEF9993C-CB56-4AB7-9CA3-13EC6A3E2F35}.Ad-Hoc|iPhoneSimulator.Build.0 = Ad-Hoc|iPhoneSimulator
		{BEF9993C-CB56-4AB7-9CA3-13EC6A3E2F35}.Ad-Hoc|x64.ActiveCfg = Ad-Hoc|iPhone
		{BEF9993C-CB56-4AB7-9CA3-13EC6A3E2F35}.Ad-Hoc|x86.ActiveCfg = Ad-Hoc|iPhone
		{BEF9993C-CB56-4AB7-9CA3-13EC6A3E2F35}.AppStore|Any CPU.ActiveCfg = AppStore|iPhone
		{BEF9993C-CB56-4AB7-9CA3-13EC6A3E2F35}.AppStore|ARM.ActiveCfg = AppStore|iPhone
		{BEF9993C-CB56-4AB7-9CA3-13EC6A3E2F35}.AppStore|ARM64.ActiveCfg = AppStore|iPhone
		{BEF9993C-CB56-4AB7-9CA3-13EC6A3E2F35}.AppStore|iPhone.ActiveCfg = AppStore|iPhone
		{BEF9993C-CB56-4AB7-9CA3-13EC6A3E2F35}.AppStore|iPhone.Build.0 = AppStore|iPhone
		{BEF9993C-CB56-4AB7-9CA3-13EC6A3E2F35}.AppStore|iPhoneSimulator.ActiveCfg = AppStore|iPhoneSimulator
		{BEF9993C-CB56-4AB7-9CA3-13EC6A3E2F35}.AppStore|iPhoneSimulator.Build.0 = AppStore|iPhoneSimulator
		{BEF9993C-CB56-4AB7-9CA3-13EC6A3E2F35}.AppStore|x64.ActiveCfg = AppStore|iPhone
		{BEF9993C-CB56-4AB7-9CA3-13EC6A3E2F35}.AppStore|x86.ActiveCfg = AppStore|iPhone
		{BEF9993C-CB56-4AB7-9CA3-13EC6A3E2F35}.Debug|Any CPU.ActiveCfg = Debug|iPhone
		{BEF9993C-CB56-4AB7-9CA3-13EC6A3E2F35}.Debug|ARM.ActiveCfg = Debug|iPhone
		{BEF9993C-CB56-4AB7-9CA3-13EC6A3E2F35}.Debug|ARM64.ActiveCfg = Debug|iPhone
		{BEF9993C-CB56-4AB7-9CA3-13EC6A3E2F35}.Debug|iPhone.ActiveCfg = Debug|iPhone
		{BEF9993C-CB56-4AB7-9CA3-13EC6A3E2F35}.Debug|iPhone.Build.0 = Debug|iPhone
		{BEF9993C-CB56-4AB7-9CA3-13EC6A3E2F35}.Debug|iPhoneSimulator.ActiveCfg = Debug|iPhoneSimulator
		{BEF9993C-CB56-4AB7-9CA3-13EC6A3E2F35}.Debug|iPhoneSimulator.Build.0 = Debug|iPhoneSimulator
		{BEF9993C-CB56-4AB7-9CA3-13EC6A3E2F35}.Debug|x64.ActiveCfg = Debug|iPhone
		{BEF9993C-CB56-4AB7-9CA3-13EC6A3E2F35}.Debug|x86.ActiveCfg = Debug|iPhone
		{BEF9993C-CB56-4AB7-9CA3-13EC6A3E2F35}.Release|Any CPU.ActiveCfg = Release|iPhone
		{BEF9993C-CB56-4AB7-9CA3-13EC6A3E2F35}.Release|ARM.ActiveCfg = Release|iPhone
		{BEF9993C-CB56-4AB7-9CA3-13EC6A3E2F35}.Release|ARM64.ActiveCfg = Release|iPhone
		{BEF9993C-CB56-4AB7-9CA3-13EC6A3E2F35}.Release|iPhone.ActiveCfg = Release|iPhone
		{BEF9993C-CB56-4AB7-9CA3-13EC6A3E2F35}.Release|iPhone.Build.0 = Release|iPhone
		{BEF9993C-CB56-4AB7-9CA3-13EC6A3E2F35}.Release|iPhoneSimulator.ActiveCfg = Release|iPhoneSimulator
		{BEF9993C-CB56-4AB7-9CA3-13EC6A3E2F35}.Release|iPhoneSimulator.Build.0 = Release|iPhoneSimulator
		{BEF9993C-CB56-4AB7-9CA3-13EC6A3E2F35}.Release|x64.ActiveCfg = Release|iPhone
		{BEF9993C-CB56-4AB7-9CA3-13EC6A3E2F35}.Release|x86.ActiveCfg = Release|iPhone
		{6BAE1C32-631C-4587-8492-DF95C2E101F5}.Ad-Hoc|Any CPU.ActiveCfg = Release|x64
		{6BAE1C32-631C-4587-8492-DF95C2E101F5}.Ad-Hoc|Any CPU.Build.0 = Release|x64
		{6BAE1C32-631C-4587-8492-DF95C2E101F5}.Ad-Hoc|Any CPU.Deploy.0 = Release|x64
		{6BAE1C32-631C-4587-8492-DF95C2E101F5}.Ad-Hoc|ARM.ActiveCfg = Release|ARM
		{6BAE1C32-631C-4587-8492-DF95C2E101F5}.Ad-Hoc|ARM.Build.0 = Release|ARM
		{6BAE1C32-631C-4587-8492-DF95C2E101F5}.Ad-Hoc|ARM.Deploy.0 = Release|ARM
		{6BAE1C32-631C-4587-8492-DF95C2E101F5}.Ad-Hoc|ARM64.ActiveCfg = Release|x64
		{6BAE1C32-631C-4587-8492-DF95C2E101F5}.Ad-Hoc|ARM64.Build.0 = Release|x64
		{6BAE1C32-631C-4587-8492-DF95C2E101F5}.Ad-Hoc|ARM64.Deploy.0 = Release|x64
		{6BAE1C32-631C-4587-8492-DF95C2E101F5}.Ad-Hoc|iPhone.ActiveCfg = Release|x64
		{6BAE1C32-631C-4587-8492-DF95C2E101F5}.Ad-Hoc|iPhone.Build.0 = Release|x64
		{6BAE1C32-631C-4587-8492-DF95C2E101F5}.Ad-Hoc|iPhone.Deploy.0 = Release|x64
		{6BAE1C32-631C-4587-8492-DF95C2E101F5}.Ad-Hoc|iPhoneSimulator.ActiveCfg = Release|x64
		{6BAE1C32-631C-4587-8492-DF95C2E101F5}.Ad-Hoc|iPhoneSimulator.Build.0 = Release|x64
		{6BAE1C32-631C-4587-8492-DF95C2E101F5}.Ad-Hoc|iPhoneSimulator.Deploy.0 = Release|x64
		{6BAE1C32-631C-4587-8492-DF95C2E101F5}.Ad-Hoc|x64.ActiveCfg = Release|x64
		{6BAE1C32-631C-4587-8492-DF95C2E101F5}.Ad-Hoc|x64.Build.0 = Release|x64
		{6BAE1C32-631C-4587-8492-DF95C2E101F5}.Ad-Hoc|x64.Deploy.0 = Release|x64
		{6BAE1C32-631C-4587-8492-DF95C2E101F5}.Ad-Hoc|x86.ActiveCfg = Release|x86
		{6BAE1C32-631C-4587-8492-DF95C2E101F5}.Ad-Hoc|x86.Build.0 = Release|x86
		{6BAE1C32-631C-4587-8492-DF95C2E101F5}.Ad-Hoc|x86.Deploy.0 = Release|x86
		{6BAE1C32-631C-4587-8492-DF95C2E101F5}.AppStore|Any CPU.ActiveCfg = Release|x64
		{6BAE1C32-631C-4587-8492-DF95C2E101F5}.AppStore|Any CPU.Build.0 = Release|x64
		{6BAE1C32-631C-4587-8492-DF95C2E101F5}.AppStore|Any CPU.Deploy.0 = Release|x64
		{6BAE1C32-631C-4587-8492-DF95C2E101F5}.AppStore|ARM.ActiveCfg = Release|ARM
		{6BAE1C32-631C-4587-8492-DF95C2E101F5}.AppStore|ARM.Build.0 = Release|ARM
		{6BAE1C32-631C-4587-8492-DF95C2E101F5}.AppStore|ARM.Deploy.0 = Release|ARM
		{6BAE1C32-631C-4587-8492-DF95C2E101F5}.AppStore|ARM64.ActiveCfg = Release|x64
		{6BAE1C32-631C-4587-8492-DF95C2E101F5}.AppStore|ARM64.Build.0 = Release|x64
		{6BAE1C32-631C-4587-8492-DF95C2E101F5}.AppStore|ARM64.Deploy.0 = Release|x64
		{6BAE1C32-631C-4587-8492-DF95C2E101F5}.AppStore|iPhone.ActiveCfg = Release|x64
		{6BAE1C32-631C-4587-8492-DF95C2E101F5}.AppStore|iPhone.Build.0 = Release|x64
		{6BAE1C32-631C-4587-8492-DF95C2E101F5}.AppStore|iPhone.Deploy.0 = Release|x64
		{6BAE1C32-631C-4587-8492-DF95C2E101F5}.AppStore|iPhoneSimulator.ActiveCfg = Release|x64
		{6BAE1C32-631C-4587-8492-DF95C2E101F5}.AppStore|iPhoneSimulator.Build.0 = Release|x64
		{6BAE1C32-631C-4587-8492-DF95C2E101F5}.AppStore|iPhoneSimulator.Deploy.0 = Release|x64
		{6BAE1C32-631C-4587-8492-DF95C2E101F5}.AppStore|x64.ActiveCfg = Release|x64
		{6BAE1C32-631C-4587-8492-DF95C2E101F5}.AppStore|x64.Build.0 = Release|x64
		{6BAE1C32-631C-4587-8492-DF95C2E101F5}.AppStore|x64.Deploy.0 = Release|x64
		{6BAE1C32-631C-4587-8492-DF95C2E101F5}.AppStore|x86.ActiveCfg = Release|x86
		{6BAE1C32-631C-4587-8492-DF95C2E101F5}.AppStore|x86.Build.0 = Release|x86
		{6BAE1C32-631C-4587-8492-DF95C2E101F5}.AppStore|x86.Deploy.0 = Release|x86
		{6BAE1C32-631C-4587-8492-DF95C2E101F5}.Debug|Any CPU.ActiveCfg = Debug|x64
		{6BAE1C32-631C-4587-8492-DF95C2E101F5}.Debug|ARM.ActiveCfg = Debug|ARM
		{6BAE1C32-631C-4587-8492-DF95C2E101F5}.Debug|ARM.Build.0 = Debug|ARM
		{6BAE1C32-631C-4587-8492-DF95C2E101F5}.Debug|ARM.Deploy.0 = Debug|ARM
		{6BAE1C32-631C-4587-8492-DF95C2E101F5}.Debug|ARM64.ActiveCfg = Debug|x86
		{6BAE1C32-631C-4587-8492-DF95C2E101F5}.Debug|iPhone.ActiveCfg = Debug|x86
		{6BAE1C32-631C-4587-8492-DF95C2E101F5}.Debug|iPhoneSimulator.ActiveCfg = Debug|x86
		{6BAE1C32-631C-4587-8492-DF95C2E101F5}.Debug|x64.ActiveCfg = Debug|x64
		{6BAE1C32-631C-4587-8492-DF95C2E101F5}.Debug|x64.Build.0 = Debug|x64
		{6BAE1C32-631C-4587-8492-DF95C2E101F5}.Debug|x64.Deploy.0 = Debug|x64
		{6BAE1C32-631C-4587-8492-DF95C2E101F5}.Debug|x86.ActiveCfg = Debug|x86
		{6BAE1C32-631C-4587-8492-DF95C2E101F5}.Debug|x86.Build.0 = Debug|x86
		{6BAE1C32-631C-4587-8492-DF95C2E101F5}.Debug|x86.Deploy.0 = Debug|x86
		{6BAE1C32-631C-4587-8492-DF95C2E101F5}.Release|Any CPU.ActiveCfg = Release|x86
		{6BAE1C32-631C-4587-8492-DF95C2E101F5}.Release|ARM.ActiveCfg = Release|ARM
		{6BAE1C32-631C-4587-8492-DF95C2E101F5}.Release|ARM.Build.0 = Release|ARM
		{6BAE1C32-631C-4587-8492-DF95C2E101F5}.Release|ARM.Deploy.0 = Release|ARM
		{6BAE1C32-631C-4587-8492-DF95C2E101F5}.Release|ARM64.ActiveCfg = Release|x86
		{6BAE1C32-631C-4587-8492-DF95C2E101F5}.Release|iPhone.ActiveCfg = Release|x86
		{6BAE1C32-631C-4587-8492-DF95C2E101F5}.Release|iPhoneSimulator.ActiveCfg = Release|x86
		{6BAE1C32-631C-4587-8492-DF95C2E101F5}.Release|x64.ActiveCfg = Release|x64
		{6BAE1C32-631C-4587-8492-DF95C2E101F5}.Release|x64.Build.0 = Release|x64
		{6BAE1C32-631C-4587-8492-DF95C2E101F5}.Release|x64.Deploy.0 = Release|x64
		{6BAE1C32-631C-4587-8492-DF95C2E101F5}.Release|x86.ActiveCfg = Release|x86
		{6BAE1C32-631C-4587-8492-DF95C2E101F5}.Release|x86.Build.0 = Release|x86
		{6BAE1C32-631C-4587-8492-DF95C2E101F5}.Release|x86.Deploy.0 = Release|x86
		{EEA62454-4150-40DE-8BDD-271B38C1C8C2}.Ad-Hoc|Any CPU.ActiveCfg = Release|Any CPU
		{EEA62454-4150-40DE-8BDD-271B38C1C8C2}.Ad-Hoc|Any CPU.Build.0 = Release|Any CPU
		{EEA62454-4150-40DE-8BDD-271B38C1C8C2}.Ad-Hoc|ARM.ActiveCfg = Release|ARM
		{EEA62454-4150-40DE-8BDD-271B38C1C8C2}.Ad-Hoc|ARM.Build.0 = Release|ARM
		{EEA62454-4150-40DE-8BDD-271B38C1C8C2}.Ad-Hoc|ARM64.ActiveCfg = Release|ARM64
		{EEA62454-4150-40DE-8BDD-271B38C1C8C2}.Ad-Hoc|ARM64.Build.0 = Release|ARM64
		{EEA62454-4150-40DE-8BDD-271B38C1C8C2}.Ad-Hoc|iPhone.ActiveCfg = Release|Any CPU
		{EEA62454-4150-40DE-8BDD-271B38C1C8C2}.Ad-Hoc|iPhone.Build.0 = Release|Any CPU
		{EEA62454-4150-40DE-8BDD-271B38C1C8C2}.Ad-Hoc|iPhoneSimulator.ActiveCfg = Release|Any CPU
		{EEA62454-4150-40DE-8BDD-271B38C1C8C2}.Ad-Hoc|iPhoneSimulator.Build.0 = Release|Any CPU
		{EEA62454-4150-40DE-8BDD-271B38C1C8C2}.Ad-Hoc|x64.ActiveCfg = Release|x64
		{EEA62454-4150-40DE-8BDD-271B38C1C8C2}.Ad-Hoc|x64.Build.0 = Release|x64
		{EEA62454-4150-40DE-8BDD-271B38C1C8C2}.Ad-Hoc|x86.ActiveCfg = Release|x86
		{EEA62454-4150-40DE-8BDD-271B38C1C8C2}.Ad-Hoc|x86.Build.0 = Release|x86
		{EEA62454-4150-40DE-8BDD-271B38C1C8C2}.AppStore|Any CPU.ActiveCfg = Release|Any CPU
		{EEA62454-4150-40DE-8BDD-271B38C1C8C2}.AppStore|Any CPU.Build.0 = Release|Any CPU
		{EEA62454-4150-40DE-8BDD-271B38C1C8C2}.AppStore|ARM.ActiveCfg = Release|ARM
		{EEA62454-4150-40DE-8BDD-271B38C1C8C2}.AppStore|ARM.Build.0 = Release|ARM
		{EEA62454-4150-40DE-8BDD-271B38C1C8C2}.AppStore|ARM64.ActiveCfg = Release|ARM64
		{EEA62454-4150-40DE-8BDD-271B38C1C8C2}.AppStore|ARM64.Build.0 = Release|ARM64
		{EEA62454-4150-40DE-8BDD-271B38C1C8C2}.AppStore|iPhone.ActiveCfg = Release|Any CPU
		{EEA62454-4150-40DE-8BDD-271B38C1C8C2}.AppStore|iPhone.Build.0 = Release|Any CPU
		{EEA62454-4150-40DE-8BDD-271B38C1C8C2}.AppStore|iPhoneSimulator.ActiveCfg = Release|Any CPU
		{EEA62454-4150-40DE-8BDD-271B38C1C8C2}.AppStore|iPhoneSimulator.Build.0 = Release|Any CPU
		{EEA62454-4150-40DE-8BDD-271B38C1C8C2}.AppStore|x64.ActiveCfg = Release|x64
		{EEA62454-4150-40DE-8BDD-271B38C1C8C2}.AppStore|x64.Build.0 = Release|x64
		{EEA62454-4150-40DE-8BDD-271B38C1C8C2}.AppStore|x86.ActiveCfg = Release|x86
		{EEA62454-4150-40DE-8BDD-271B38C1C8C2}.AppStore|x86.Build.0 = Release|x86
		{EEA62454-4150-40DE-8BDD-271B38C1C8C2}.Debug|Any CPU.ActiveCfg = Debug|Any CPU
		{EEA62454-4150-40DE-8BDD-271B38C1C8C2}.Debug|Any CPU.Build.0 = Debug|Any CPU
		{EEA62454-4150-40DE-8BDD-271B38C1C8C2}.Debug|ARM.ActiveCfg = Debug|ARM
		{EEA62454-4150-40DE-8BDD-271B38C1C8C2}.Debug|ARM.Build.0 = Debug|ARM
		{EEA62454-4150-40DE-8BDD-271B38C1C8C2}.Debug|ARM64.ActiveCfg = Debug|ARM64
		{EEA62454-4150-40DE-8BDD-271B38C1C8C2}.Debug|ARM64.Build.0 = Debug|ARM64
		{EEA62454-4150-40DE-8BDD-271B38C1C8C2}.Debug|iPhone.ActiveCfg = Debug|Any CPU
		{EEA62454-4150-40DE-8BDD-271B38C1C8C2}.Debug|iPhone.Build.0 = Debug|Any CPU
		{EEA62454-4150-40DE-8BDD-271B38C1C8C2}.Debug|iPhoneSimulator.ActiveCfg = Debug|Any CPU
		{EEA62454-4150-40DE-8BDD-271B38C1C8C2}.Debug|iPhoneSimulator.Build.0 = Debug|Any CPU
		{EEA62454-4150-40DE-8BDD-271B38C1C8C2}.Debug|x64.ActiveCfg = Debug|x64
		{EEA62454-4150-40DE-8BDD-271B38C1C8C2}.Debug|x64.Build.0 = Debug|x64
		{EEA62454-4150-40DE-8BDD-271B38C1C8C2}.Debug|x86.ActiveCfg = Debug|x86
		{EEA62454-4150-40DE-8BDD-271B38C1C8C2}.Debug|x86.Build.0 = Debug|x86
		{EEA62454-4150-40DE-8BDD-271B38C1C8C2}.Release|Any CPU.ActiveCfg = Release|Any CPU
		{EEA62454-4150-40DE-8BDD-271B38C1C8C2}.Release|Any CPU.Build.0 = Release|Any CPU
		{EEA62454-4150-40DE-8BDD-271B38C1C8C2}.Release|ARM.ActiveCfg = Release|ARM
		{EEA62454-4150-40DE-8BDD-271B38C1C8C2}.Release|ARM.Build.0 = Release|ARM
		{EEA62454-4150-40DE-8BDD-271B38C1C8C2}.Release|ARM64.ActiveCfg = Release|ARM64
		{EEA62454-4150-40DE-8BDD-271B38C1C8C2}.Release|ARM64.Build.0 = Release|ARM64
		{EEA62454-4150-40DE-8BDD-271B38C1C8C2}.Release|iPhone.ActiveCfg = Release|Any CPU
		{EEA62454-4150-40DE-8BDD-271B38C1C8C2}.Release|iPhone.Build.0 = Release|Any CPU
		{EEA62454-4150-40DE-8BDD-271B38C1C8C2}.Release|iPhoneSimulator.ActiveCfg = Release|Any CPU
		{EEA62454-4150-40DE-8BDD-271B38C1C8C2}.Release|iPhoneSimulator.Build.0 = Release|Any CPU
		{EEA62454-4150-40DE-8BDD-271B38C1C8C2}.Release|x64.ActiveCfg = Release|x64
		{EEA62454-4150-40DE-8BDD-271B38C1C8C2}.Release|x64.Build.0 = Release|x64
		{EEA62454-4150-40DE-8BDD-271B38C1C8C2}.Release|x86.ActiveCfg = Release|x86
		{EEA62454-4150-40DE-8BDD-271B38C1C8C2}.Release|x86.Build.0 = Release|x86
	EndGlobalSection
	GlobalSection(SolutionProperties) = preSolution
		HideSolutionNode = FALSE
	EndGlobalSection
	GlobalSection(ExtensibilityGlobals) = postSolution
		SolutionGuid = {4B7D9EEC-41DE-46CC-89D2-AF8D0941880A}
	EndGlobalSection
EndGlobal
