<?xml version="1.0" encoding="utf-8"?>
<Project ToolsVersion="15.0" xmlns="http://schemas.microsoft.com/developer/msbuild/2003">
  <ItemGroup>
    <ClCompile Include="pch.cpp" />
    <ClCompile Include="$(GeneratedFilesDir)module.g.cpp" />
    <ClCompile Include="AuthHelper.cpp">
      <Filter>NetHelper</Filter>
    </ClCompile>
    <ClCompile Include="FluxUser.cpp">
      <Filter>NetHelper</Filter>
    </ClCompile>
    <ClCompile Include="NetHelper.cpp">
      <Filter>NetHelper</Filter>
    </ClCompile>
    <ClCompile Include="NetHelperBase.cpp">
      <Filter>NetHelper</Filter>
    </ClCompile>
    <ClCompile Include="NetHelper.cpp">
      <Filter>NetHelper</Filter>
    </ClCompile>
    <ClCompile Include="UseregHelper.cpp">
      <Filter>NetHelper</Filter>
    </ClCompile>
    <ClCompile Include="NotificationHelper.cpp">
      <Filter>NotificationHelper</Filter>
    </ClCompile>
    <ClCompile Include="UserHelper.cpp">
      <Filter>NotificationHelper</Filter>
    </ClCompile>
  </ItemGroup>
  <ItemGroup>
    <ClInclude Include="pch.h" />
    <ClInclude Include="Auth4Helper.h">
      <Filter>NetHelper</Filter>
    </ClInclude>
    <ClInclude Include="Auth6Helper.h">
      <Filter>NetHelper</Filter>
    </ClInclude>
    <ClInclude Include="AuthHelper.h">
      <Filter>NetHelper</Filter>
    </ClInclude>
    <ClInclude Include="FluxUser.h">
      <Filter>NetHelper</Filter>
    </ClInclude>
    <ClInclude Include="NetHelper.h">
      <Filter>NetHelper</Filter>
    </ClInclude>
    <ClInclude Include="NetHelperBase.h">
      <Filter>NetHelper</Filter>
    </ClInclude>
    <ClInclude Include="NetUser.h">
      <Filter>NetHelper</Filter>
    </ClInclude>
    <ClInclude Include="NetHelper.h">
      <Filter>NetHelper</Filter>
    </ClInclude>
    <ClInclude Include="Utility.h" />
    <ClInclude Include="UseregHelper.h">
      <Filter>NetHelper</Filter>
    </ClInclude>
    <ClInclude Include="NotificationHelper.h">
      <Filter>NotificationHelper</Filter>
    </ClInclude>
    <ClInclude Include="UserHelper.h">
      <Filter>NotificationHelper</Filter>
    </ClInclude>
  </ItemGroup>
  <ItemGroup>
    <None Include="TsinghuaNetHelper.def" />
    <None Include="packages.config" />
    <None Include=".clang-format" />
  </ItemGroup>
  <ItemGroup>
    <Filter Include="NetHelper">
      <UniqueIdentifier>{d9d90c3b-9622-4d36-972c-16e387486235}</UniqueIdentifier>
    </Filter>
    <Filter Include="NotificationHelper">
      <UniqueIdentifier>{c1e0acdf-607c-4a46-aee0-99f8c1082448}</UniqueIdentifier>
    </Filter>
  </ItemGroup>
  <ItemGroup>
    <Midl Include="NetHelper.idl">
      <Filter>NetHelper</Filter>
    </Midl>
    <Midl Include="NotificationHelper.idl">
      <Filter>NotificationHelper</Filter>
    </Midl>
  </ItemGroup>
  <ItemGroup>
    <Xml Include="tile.xml">
      <Filter>NotificationHelper</Filter>
    </Xml>
    <Xml Include="toast.xml">
      <Filter>NotificationHelper</Filter>
    </Xml>
  </ItemGroup>
</Project>