<?xml version="1.0" encoding="utf-8"?>
<Project ToolsVersion="15.0" xmlns="http://schemas.microsoft.com/developer/msbuild/2003">
  <ItemGroup>
    <ClCompile Include="pch.cpp" />
    <ClCompile Include="$(GeneratedFilesDir)module.g.cpp" />
    <ClCompile Include="LiveTileTask.cpp" />
    <ClCompile Include="ConnectHelper.cpp" />
    <ClCompile Include="LoginTask.cpp" />
  </ItemGroup>
  <ItemGroup>
    <ClInclude Include="pch.h" />
    <ClInclude Include="LiveTileTask.h" />
    <ClInclude Include="ConnectHelper.h" />
    <ClInclude Include="LoginTask.h" />
  </ItemGroup>
  <ItemGroup>
    <None Include="TsinghuaNetBackground.def" />
    <None Include="packages.config" />
    <None Include=".clang-format" />
  </ItemGroup>
  <ItemGroup>
    <Midl Include="LiveTileTask.idl" />
    <Midl Include="LoginTask.idl" />
  </ItemGroup>
</Project>