<?xml version="1.0" encoding="utf-8"?>
<Project ToolsVersion="4.0" xmlns="http://schemas.microsoft.com/developer/msbuild/2003">
  <ItemGroup>
    <Page Include="ChangeUserDialog.xaml">
      <Filter>Views</Filter>
    </Page>
    <Page Include="MainPage.xaml">
      <Filter>Views</Filter>
    </Page>
    <Page Include="Arc.xaml">
      <Filter>Views</Filter>
    </Page>
    <Page Include="EditSuggestionDialog.xaml">
      <Filter>Views</Filter>
    </Page>
    <Page Include="SsidSuggestion.xaml">
      <Filter>Views</Filter>
    </Page>
  </ItemGroup>
  <ItemGroup>
    <Midl Include="MainPage.idl" />
    <Midl Include="MainViewModel.idl">
      <Filter>ViewModels</Filter>
    </Midl>
    <Midl Include="ChangeUserDialog.idl" />
    <Midl Include="Arc.idl" />
    <Midl Include="EditSuggestionDialog.idl" />
    <Midl Include="NetStateBox.idl">
      <Filter>ViewModels</Filter>
    </Midl>
    <Midl Include="NetStateSsidBox.idl">
      <Filter>ViewModels</Filter>
    </Midl>
    <Midl Include="SsidSuggestion.idl" />
    <Midl Include="Converters.idl">
      <Filter>Converters</Filter>
    </Midl>
  </ItemGroup>
  <ItemGroup>
    <ClCompile Include="pch.cpp" />
    <ClCompile Include="App.cpp" />
    <ClCompile Include="MainPage.cpp" />
    <ClCompile Include="Generated Files\module.g.cpp" />
    <ClCompile Include="Arc.cpp" />
    <ClCompile Include="MainViewModel.cpp" />
    <ClCompile Include="ChangeUserDialog.cpp" />
    <ClCompile Include="EditSuggestionDialog.cpp" />
    <ClCompile Include="SsidSuggestion.cpp" />
    <ClCompile Include="NetStateCheckedConverter.cpp">
      <Filter>Converters</Filter>
    </ClCompile>
  </ItemGroup>
  <ItemGroup>
    <ClInclude Include="pch.h" />
    <ClInclude Include="App.h" />
    <ClInclude Include="MainPage.h" />
    <ClInclude Include="Arc.h" />
    <ClInclude Include="MainViewModel.h" />
    <ClInclude Include="ChangeUserDialog.h" />
    <ClInclude Include="EditSuggestionDialog.h" />
    <ClInclude Include="DependencyHelper.h" />
    <ClInclude Include="NetStateBox.h" />
    <ClInclude Include="NetStateSsidBox.h" />
    <ClInclude Include="SsidSuggestion.h" />
    <ClInclude Include="NetStateCheckedConverter.h">
      <Filter>Converters</Filter>
    </ClInclude>
  </ItemGroup>
  <ItemGroup>
    <Image Include="Assets\Wide310x150Logo.scale-200.png">
      <Filter>Assets</Filter>
    </Image>
    <Image Include="Assets\StoreLogo.png">
      <Filter>Assets</Filter>
    </Image>
    <Image Include="Assets\Square150x150Logo.scale-200.png">
      <Filter>Assets</Filter>
    </Image>
    <Image Include="Assets\Square44x44Logo.targetsize-24_altform-unplated.png">
      <Filter>Assets</Filter>
    </Image>
    <Image Include="Assets\Square44x44Logo.scale-200.png">
      <Filter>Assets</Filter>
    </Image>
    <Image Include="Assets\SplashScreen.scale-200.png">
      <Filter>Assets</Filter>
    </Image>
    <Image Include="Assets\LockScreenLogo.scale-200.png">
      <Filter>Assets</Filter>
    </Image>
    <Image Include="Assets\LargeTile.scale-200.png">
      <Filter>Assets</Filter>
    </Image>
    <Image Include="Assets\Square44x44Logo.targetsize-24_altform-lightunplated.png">
      <Filter>Assets</Filter>
    </Image>
  </ItemGroup>
  <ItemGroup>
    <AppxManifest Include="Package.appxmanifest" />
  </ItemGroup>
  <ItemGroup>
    <None Include="TsinghuaNetUWP_TemporaryKey.pfx" />
    <None Include=".clang-format" />
    <None Include="packages.config" />
  </ItemGroup>
  <ItemGroup>
    <Filter Include="Assets">
      <UniqueIdentifier>{e48dc53e-40b1-40cb-970a-f89935452892}</UniqueIdentifier>
    </Filter>
    <Filter Include="Views">
      <UniqueIdentifier>{a8cc31b0-3572-4e7a-b870-3d35b4e2c1ae}</UniqueIdentifier>
    </Filter>
    <Filter Include="ViewModels">
      <UniqueIdentifier>{ba0d3a8a-6e4f-4e96-83be-02127306f167}</UniqueIdentifier>
    </Filter>
    <Filter Include="Converters">
      <UniqueIdentifier>{c2592250-f7f6-4b5a-8a6d-c4f67f4157e9}</UniqueIdentifier>
    </Filter>
  </ItemGroup>
  <ItemGroup>
    <ApplicationDefinition Include="App.xaml">
      <Filter>Views</Filter>
    </ApplicationDefinition>
  </ItemGroup>
</Project>